PODS:
  - DirectoryWatcher (2.3.0)
  - Mantle (2.1.0):
    - Mantle/extobjc (= 2.1.0)
  - Mantle/extobjc (2.1.0)
  - SaneSwift (1.0.0)
  - SnapKit (4.2.0)
  - SpinKit (1.2.0)
  - SVProgressHUD (2.2.5)
  - SYEmailHelper (2.0)
  - SYKit (0.0.58)
  - SYOperationQueue (1.0.3)
  - SYPictureMetadata (1.4.3):
    - Mantle

DEPENDENCIES:
  - DirectoryWatcher
  - SaneSwift (from `./`)
  - SnapKit
  - SpinKit
  - SVProgressHUD
  - SYEmailHelper
  - SYKit
  - SYOperationQueue
  - SYPictureMetadata

SPEC REPOS:
  https://github.com/cocoapods/specs.git:
    - DirectoryWatcher
    - Mantle
    - SnapKit
    - SpinKit
    - SVProgressHUD
    - SYEmailHelper
    - SYKit
    - SYOperationQueue
    - SYPictureMetadata

EXTERNAL SOURCES:
  SaneSwift:
    :path: "./"

SPEC CHECKSUMS:
  DirectoryWatcher: fb5c49d9038880830ab00e4c44ccb335398c809a
  Mantle: 2fa750afa478cd625a94230fbf1c13462f29395b
  SaneSwift: c044e52e59fb7299e806703e8bba7bfae09b27f8
  SnapKit: fe8a619752f3f27075cc9a90244d75c6c3f27e2a
  SpinKit: 65906a8b534a4e14cbfd3f8b0b6c329131faef4a
  SVProgressHUD: 1428aafac632c1f86f62aa4243ec12008d7a51d6
  SYEmailHelper: 6a57d238232331bc5c7128645d69c67d487db3b4
  SYKit: d73bfc4354944b63cbe6e4c5e082bdf728e93068
  SYOperationQueue: d4ddc74419eb67a2d3b68d3933ab818a13867e16
  SYPictureMetadata: fa35cbfdd9089241dfe5c798a11504546c5255e9

PODFILE CHECKSUM: 94629d4102007cc447736ba58d95078305409291

COCOAPODS: 1.6.0
