PODS:
  - DirectoryWatcher (2.7.1)
  - SaneSwift (1.0.0)
  - SnapKit (5.0.1)
  - SpinKit (1.2.0)
  - SVProgressHUD (2.2.5)
  - SYEmailHelper (2.0.2)
  - SYKit (0.1.16)
  - SYOperationQueue (1.0.3)
  - SYPictureMetadata (2.0)

DEPENDENCIES:
  - DirectoryWatcher
  - SaneSwift (from `./`)
  - SnapKit
  - SpinKit
  - SVProgressHUD
  - SYEmailHelper
  - SYKit (~> 0.1.16)
  - SYOperationQueue
  - SYPictureMetadata (~> 2.0)

SPEC REPOS:
  trunk:
    - DirectoryWatcher
    - SnapKit
    - SpinKit
    - SVProgressHUD
    - SYEmailHelper
    - SYKit
    - SYOperationQueue
    - SYPictureMetadata

EXTERNAL SOURCES:
  SaneSwift:
    :path: "./"

SPEC CHECKSUMS:
  DirectoryWatcher: 493f7a86318070e46bb7b8d6a296b2bf139e3880
  SaneSwift: 1655e71de028a6485c077a05f3d92aba680b7056
  SnapKit: 97b92857e3df3a0c71833cce143274bf6ef8e5eb
  SpinKit: 65906a8b534a4e14cbfd3f8b0b6c329131faef4a
  SVProgressHUD: 1428aafac632c1f86f62aa4243ec12008d7a51d6
  SYEmailHelper: 43846cfc9ae21123657e84e66458714346d2bd5f
  SYKit: 2eaf235862d8de406af61a66c73bb7b58887f4af
  SYOperationQueue: d4ddc74419eb67a2d3b68d3933ab818a13867e16
  SYPictureMetadata: 7cfe4319a1e6e21454c4691117c7fb3599c7480a

PODFILE CHECKSUM: 831f72e8e418e00e4e148ceb6cbb0356b09ce6a8

COCOAPODS: 1.10.1
