// !$*UTF8*$!
{
	archiveVersion = 1;
	classes = {
	};
	objectVersion = 56;
	objects = {

/* Begin PBXBuildFile section */
		97044903220875D300E13C6A /* DeviceVC.swift in Sources */ = {isa = PBXBuildFile; fileRef = 97044901220875D300E13C6A /* DeviceVC.swift */; };
		9704490C2208900700E13C6A /* AppDelegate.swift in Sources */ = {isa = PBXBuildFile; fileRef = 9704490B2208900700E13C6A /* AppDelegate.swift */; };
		971584CE222F36C100DC46CA /* SYPictureMetdata+SY.swift in Sources */ = {isa = PBXBuildFile; fileRef = 971584CD222F36C100DC46CA /* SYPictureMetdata+SY.swift */; };
		971584D0222F445200DC46CA /* UIImage+SY.swift in Sources */ = {isa = PBXBuildFile; fileRef = 971584CF222F445200DC46CA /* UIImage+SY.swift */; };
		971ABFDF1CCFA0150086F600 /* SYLaunchScreen.storyboard in Resources */ = {isa = PBXBuildFile; fileRef = 971ABFDE1CCFA0150086F600 /* SYLaunchScreen.storyboard */; };
		971B894229C8793C0005785A /* GalleryImageView.swift in Sources */ = {isa = PBXBuildFile; fileRef = 971B894129C8793C0005785A /* GalleryImageView.swift */; };
		9724378E2A0AF2C8002C5F6B /* InfoPlist.strings in Resources */ = {isa = PBXBuildFile; fileRef = 972437902A0AF2C8002C5F6B /* InfoPlist.strings */; };
		972437952A0AF830002C5F6B /* silent.mp3 in Resources */ = {isa = PBXBuildFile; fileRef = 972437942A0AF830002C5F6B /* silent.mp3 */; };
		972B584729A8F302003A9403 /* SaneBonjour.swift in Sources */ = {isa = PBXBuildFile; fileRef = 972B584629A8F302003A9403 /* SaneBonjour.swift */; };
		972B78BF29E417A7004FA923 /* Logger.swift in Sources */ = {isa = PBXBuildFile; fileRef = 977EA2CF29DEEF6100CBD092 /* Logger.swift */; };
		972B78C129E417C9004FA923 /* Logger+Sane.swift in Sources */ = {isa = PBXBuildFile; fileRef = 972B78C029E417C9004FA923 /* Logger+Sane.swift */; };
		972DD21B2ABDAB440029E916 /* URL+SY.swift in Sources */ = {isa = PBXBuildFile; fileRef = 972DD21A2ABDAB440029E916 /* URL+SY.swift */; };
		973066B3220C55000068E8C7 /* GalleryThumbsView.swift in Sources */ = {isa = PBXBuildFile; fileRef = 973066B2220C55000068E8C7 /* GalleryThumbsView.swift */; };
		973066B5220C5CD90068E8C7 /* CropMaskView.swift in Sources */ = {isa = PBXBuildFile; fileRef = 973066B4220C5CD90068E8C7 /* CropMaskView.swift */; };
		973066BB220C82110068E8C7 /* GalleryThumbnailCell.swift in Sources */ = {isa = PBXBuildFile; fileRef = 973066BA220C82110068E8C7 /* GalleryThumbnailCell.swift */; };
		973066C1220C898E0068E8C7 /* GalleryGridLayout.swift in Sources */ = {isa = PBXBuildFile; fileRef = 973066C0220C898E0068E8C7 /* GalleryGridLayout.swift */; };
		973066C3220C8C740068E8C7 /* FileManager+SY.swift in Sources */ = {isa = PBXBuildFile; fileRef = 973066C2220C8C740068E8C7 /* FileManager+SY.swift */; };
		973066C7220C951B0068E8C7 /* UIActivityViewController+SY.swift in Sources */ = {isa = PBXBuildFile; fileRef = 973066C6220C951B0068E8C7 /* UIActivityViewController+SY.swift */; };
		9730FD9225CF6365009ABCBC /* SaneSwift+SY.swift in Sources */ = {isa = PBXBuildFile; fileRef = 9730FD9125CF6365009ABCBC /* SaneSwift+SY.swift */; };
		9731D89122C548CE008D7525 /* TapInsetsView.swift in Sources */ = {isa = PBXBuildFile; fileRef = 9731D89022C548CE008D7525 /* TapInsetsView.swift */; };
		973646FC29E6DA400089458A /* BouncyLayout.swift in Sources */ = {isa = PBXBuildFile; fileRef = 973646FB29E6DA400089458A /* BouncyLayout.swift */; };
		9736470529E743700089458A /* ConditionallyDismissible.swift in Sources */ = {isa = PBXBuildFile; fileRef = 9736470429E743700089458A /* ConditionallyDismissible.swift */; };
		97367D6F2A0ADA2F009670AB /* BackgroundKeepAlive.swift in Sources */ = {isa = PBXBuildFile; fileRef = 97367D6E2A0ADA2F009670AB /* BackgroundKeepAlive.swift */; };
		9740C16F2638DC8B00CAC543 /* ScanButton.swift in Sources */ = {isa = PBXBuildFile; fileRef = 9740C16E2638DC8B00CAC543 /* ScanButton.swift */; };
		9749579D29EF50D400B8F496 /* SnapshotConfig.swift in Sources */ = {isa = PBXBuildFile; fileRef = 9749579C29EF50D400B8F496 /* SnapshotConfig.swift */; };
		97499E5B220862FE006DED20 /* ScanNC.swift in Sources */ = {isa = PBXBuildFile; fileRef = 97499E5A220862FE006DED20 /* ScanNC.swift */; };
		97499E5D220872F5006DED20 /* Toolbar.swift in Sources */ = {isa = PBXBuildFile; fileRef = 97499E5C220872F5006DED20 /* Toolbar.swift */; };
		97499E5F220874B3006DED20 /* SplitVC.swift in Sources */ = {isa = PBXBuildFile; fileRef = 97499E5E220874B3006DED20 /* SplitVC.swift */; };
		974E0D5F2A3906C00080D563 /* scanner.caf in Resources */ = {isa = PBXBuildFile; fileRef = 974E0D5E2A3906C00080D563 /* scanner.caf */; };
		975277C8264D48AB00FFAAF4 /* ProgressMaskView.swift in Sources */ = {isa = PBXBuildFile; fileRef = 975277C7264D48AB00FFAAF4 /* ProgressMaskView.swift */; };
		975277CA264D5C1A00FFAAF4 /* RefreshView.swift in Sources */ = {isa = PBXBuildFile; fileRef = 975277C9264D5C1A00FFAAF4 /* RefreshView.swift */; };
		975277CC264D5D4400FFAAF4 /* UIBarButtonItem+SY.swift in Sources */ = {isa = PBXBuildFile; fileRef = 975277CB264D5D4400FFAAF4 /* UIBarButtonItem+SY.swift */; };
		9757FCF12207112D00AB59F1 /* DevicesVC.swift in Sources */ = {isa = PBXBuildFile; fileRef = 9757FCEF2207112D00AB59F1 /* DevicesVC.swift */; };
		9771598129C0812C00F61EA9 /* TableView.swift in Sources */ = {isa = PBXBuildFile; fileRef = 9771598029C0812C00F61EA9 /* TableView.swift */; };
		977712D225CCB2F1009EC50D /* SceneDelegate.swift in Sources */ = {isa = PBXBuildFile; fileRef = 977712D125CCB2F1009EC50D /* SceneDelegate.swift */; };
		977712D625CCB376009EC50D /* Context.swift in Sources */ = {isa = PBXBuildFile; fileRef = 977712D525CCB376009EC50D /* Context.swift */; };
		977C4F5B264739AF00856E0E /* Slider.swift in Sources */ = {isa = PBXBuildFile; fileRef = 977C4F5A264739AF00856E0E /* Slider.swift */; };
		977C4F5F2648105200856E0E /* TableViewCell.swift in Sources */ = {isa = PBXBuildFile; fileRef = 977C4F5E2648105200856E0E /* TableViewCell.swift */; };
		977C4F612648109D00856E0E /* TableViewHeader.swift in Sources */ = {isa = PBXBuildFile; fileRef = 977C4F602648109D00856E0E /* TableViewHeader.swift */; };
		977C4F6526484F1500856E0E /* UIAlertController+SY.swift in Sources */ = {isa = PBXBuildFile; fileRef = 977C4F6426484F1500856E0E /* UIAlertController+SY.swift */; };
		977EA2D029DEEF6100CBD092 /* Logger.swift in Sources */ = {isa = PBXBuildFile; fileRef = 977EA2CF29DEEF6100CBD092 /* Logger.swift */; };
		977EA2D729E02F1D00CBD092 /* GalleryImagePreviewVC.swift in Sources */ = {isa = PBXBuildFile; fileRef = 977EA2D629E02F1D00CBD092 /* GalleryImagePreviewVC.swift */; };
		977EA2D929E0331500CBD092 /* UIContextMenuConfiguration+SY.swift in Sources */ = {isa = PBXBuildFile; fileRef = 977EA2D829E0331500CBD092 /* UIContextMenuConfiguration+SY.swift */; };
		977F42132A07FE28008D039C /* UITableViewCell+SY.swift in Sources */ = {isa = PBXBuildFile; fileRef = 977F42122A07FE28008D039C /* UITableViewCell+SY.swift */; };
		978263CB221E253D0095E6ED /* DotsRefreshControl.swift in Sources */ = {isa = PBXBuildFile; fileRef = 978263CA221E253D0095E6ED /* DotsRefreshControl.swift */; };
		9785C5661E3D247A006CD4F1 /* Localizable.strings in Resources */ = {isa = PBXBuildFile; fileRef = 9785C5681E3D247A006CD4F1 /* Localizable.strings */; };
		9786507D220B5E6400F52DE6 /* PDFGenerator.swift in Sources */ = {isa = PBXBuildFile; fileRef = 9786507C220B5E6400F52DE6 /* PDFGenerator.swift */; };
		9786507F220B645500F52DE6 /* PDFActivity.swift in Sources */ = {isa = PBXBuildFile; fileRef = 9786507E220B645500F52DE6 /* PDFActivity.swift */; };
		97865081220B69AC00F52DE6 /* GalleryManager.swift in Sources */ = {isa = PBXBuildFile; fileRef = 97865080220B69AC00F52DE6 /* GalleryManager.swift */; };
		9796632229F991FF00E28486 /* GalleryItem+UI.swift in Sources */ = {isa = PBXBuildFile; fileRef = 9796632129F991FF00E28486 /* GalleryItem+UI.swift */; };
		979D4BA41E4A797C00F90EFB /* Settings.bundle in Resources */ = {isa = PBXBuildFile; fileRef = 979D4BA31E4A797C00F90EFB /* Settings.bundle */; };
		97A3AC2429A7F4CB00F31207 /* UIButton+SY.swift in Sources */ = {isa = PBXBuildFile; fileRef = 97A3AC2329A7F4CB00F31207 /* UIButton+SY.swift */; };
		97A602762ABCE25E000B1F1B /* Switch.swift in Sources */ = {isa = PBXBuildFile; fileRef = 97A602752ABCE25E000B1F1B /* Switch.swift */; };
		97A602782ABCE562000B1F1B /* Collection+SY.swift in Sources */ = {isa = PBXBuildFile; fileRef = 97A602772ABCE562000B1F1B /* Collection+SY.swift */; };
		97A660AE2AC2F2320062A79D /* BacklitUITests.swift in Sources */ = {isa = PBXBuildFile; fileRef = 97A660952AC2F2310062A79D /* BacklitUITests.swift */; };
		97A660AF2AC2F2320062A79D /* gallery-D1.jpg in Resources */ = {isa = PBXBuildFile; fileRef = 97A660972AC2F2310062A79D /* gallery-D1.jpg */; };
		97A660B02AC2F2320062A79D /* gallery-H2.jpg in Resources */ = {isa = PBXBuildFile; fileRef = 97A660982AC2F2310062A79D /* gallery-H2.jpg */; };
		97A660B12AC2F2320062A79D /* gallery-D2.jpg in Resources */ = {isa = PBXBuildFile; fileRef = 97A660992AC2F2310062A79D /* gallery-D2.jpg */; };
		97A660B22AC2F2320062A79D /* gallery-H1.jpg in Resources */ = {isa = PBXBuildFile; fileRef = 97A6609A2AC2F2310062A79D /* gallery-H1.jpg */; };
		97A660B32AC2F2320062A79D /* preview_image.jpg in Resources */ = {isa = PBXBuildFile; fileRef = 97A6609B2AC2F2310062A79D /* preview_image.jpg */; };
		97A660B42AC2F2320062A79D /* gallery-I1.jpg in Resources */ = {isa = PBXBuildFile; fileRef = 97A6609C2AC2F2310062A79D /* gallery-I1.jpg */; };
		97A660B52AC2F2320062A79D /* gallery-I3.jpg in Resources */ = {isa = PBXBuildFile; fileRef = 97A6609D2AC2F2310062A79D /* gallery-I3.jpg */; };
		97A660B62AC2F2320062A79D /* gallery-I2.jpg in Resources */ = {isa = PBXBuildFile; fileRef = 97A6609E2AC2F2310062A79D /* gallery-I2.jpg */; };
		97A660B72AC2F2320062A79D /* gallery-E1.jpg in Resources */ = {isa = PBXBuildFile; fileRef = 97A6609F2AC2F2310062A79D /* gallery-E1.jpg */; };
		97A660B82AC2F2320062A79D /* gallery-B2.jpg in Resources */ = {isa = PBXBuildFile; fileRef = 97A660A02AC2F2310062A79D /* gallery-B2.jpg */; };
		97A660B92AC2F2320062A79D /* gallery-B3.jpg in Resources */ = {isa = PBXBuildFile; fileRef = 97A660A12AC2F2310062A79D /* gallery-B3.jpg */; };
		97A660BA2AC2F2320062A79D /* gallery-B1.jpg in Resources */ = {isa = PBXBuildFile; fileRef = 97A660A22AC2F2310062A79D /* gallery-B1.jpg */; };
		97A660BB2AC2F2320062A79D /* gallery-C1.jpg in Resources */ = {isa = PBXBuildFile; fileRef = 97A660A32AC2F2310062A79D /* gallery-C1.jpg */; };
		97A660BC2AC2F2320062A79D /* gallery-A1.jpg in Resources */ = {isa = PBXBuildFile; fileRef = 97A660A42AC2F2310062A79D /* gallery-A1.jpg */; };
		97A660BD2AC2F2320062A79D /* gallery-A2.jpg in Resources */ = {isa = PBXBuildFile; fileRef = 97A660A52AC2F2310062A79D /* gallery-A2.jpg */; };
		97A660BE2AC2F2320062A79D /* gallery-A3.jpg in Resources */ = {isa = PBXBuildFile; fileRef = 97A660A62AC2F2310062A79D /* gallery-A3.jpg */; };
		97A660BF2AC2F2320062A79D /* gallery-F1.jpg in Resources */ = {isa = PBXBuildFile; fileRef = 97A660A72AC2F2310062A79D /* gallery-F1.jpg */; };
		97A660C02AC2F2320062A79D /* gallery-F2.jpg in Resources */ = {isa = PBXBuildFile; fileRef = 97A660A82AC2F2310062A79D /* gallery-F2.jpg */; };
		97A660C12AC2F2320062A79D /* gallery-G2.jpg in Resources */ = {isa = PBXBuildFile; fileRef = 97A660A92AC2F2310062A79D /* gallery-G2.jpg */; };
		97A660C22AC2F2320062A79D /* gallery-G1.jpg in Resources */ = {isa = PBXBuildFile; fileRef = 97A660AA2AC2F2310062A79D /* gallery-G1.jpg */; };
		97A660C32AC2F2320062A79D /* Info.plist in Resources */ = {isa = PBXBuildFile; fileRef = 97A660AB2AC2F2310062A79D /* Info.plist */; };
		97A660C42AC2F2320062A79D /* XCTestCase+SY.swift in Sources */ = {isa = PBXBuildFile; fileRef = 97A660AC2AC2F2320062A79D /* XCTestCase+SY.swift */; };
		97A660C52AC2F2320062A79D /* XCUIElement+SY.swift in Sources */ = {isa = PBXBuildFile; fileRef = 97A660AD2AC2F2320062A79D /* XCUIElement+SY.swift */; };
		97A660C82AC2F2630062A79D /* SnapshotConfig.swift in Sources */ = {isa = PBXBuildFile; fileRef = 9749579C29EF50D400B8F496 /* SnapshotConfig.swift */; };
		97A660C92AC2F2690062A79D /* Localizable.strings in Resources */ = {isa = PBXBuildFile; fileRef = 9785C5681E3D247A006CD4F1 /* Localizable.strings */; };
		97A660CB2AC2F30B0062A79D /* SnapshotHelper.swift in Sources */ = {isa = PBXBuildFile; fileRef = 97A660CA2AC2F30B0062A79D /* SnapshotHelper.swift */; };
		97A9FCEA2640906F0027F462 /* CatalystPlugin.swift in Sources */ = {isa = PBXBuildFile; fileRef = 97A9FCE92640906F0027F462 /* CatalystPlugin.swift */; };
		97A9FCEC264090960027F462 /* CatalystPluginImplementation.swift in Sources */ = {isa = PBXBuildFile; fileRef = 97A9FCEB264090960027F462 /* CatalystPluginImplementation.swift */; };
		97A9FCED264091500027F462 /* CatalystPlugin.swift in Sources */ = {isa = PBXBuildFile; fileRef = 97A9FCE92640906F0027F462 /* CatalystPlugin.swift */; };
		97A9FCF0264093920027F462 /* BacklitCatalystPlugin.bundle in Embed PlugIns */ = {isa = PBXBuildFile; fileRef = 97A9FCE3264090500027F462 /* BacklitCatalystPlugin.bundle */; platformFilter = maccatalyst; settings = {ATTRIBUTES = (CodeSignOnCopy, RemoveHeadersOnCopy, ); }; };
		97BE129B220BC0AC006A2AE8 /* UIColor+SY.swift in Sources */ = {isa = PBXBuildFile; fileRef = 97BE129A220BC0AC006A2AE8 /* UIColor+SY.swift */; };
		97BE12A1220BC493006A2AE8 /* UIScrollView+SY.swift in Sources */ = {isa = PBXBuildFile; fileRef = 97BE12A0220BC493006A2AE8 /* UIScrollView+SY.swift */; };
		97C11149265C497900794994 /* Analytics.swift in Sources */ = {isa = PBXBuildFile; fileRef = 97C11148265C497900794994 /* Analytics.swift */; };
		97C11179265C5C8600794994 /* FileProviderExtension.swift in Sources */ = {isa = PBXBuildFile; fileRef = 97C11178265C5C8600794994 /* FileProviderExtension.swift */; };
		97C1117B265C5C8600794994 /* FileProviderItem.swift in Sources */ = {isa = PBXBuildFile; fileRef = 97C1117A265C5C8600794994 /* FileProviderItem.swift */; };
		97C1117D265C5C8600794994 /* FileProviderEnumerator.swift in Sources */ = {isa = PBXBuildFile; fileRef = 97C1117C265C5C8600794994 /* FileProviderEnumerator.swift */; };
		97C11182265C5C8600794994 /* BacklitFileProvider.appex in Embed PlugIns */ = {isa = PBXBuildFile; fileRef = 97C11176265C5C8500794994 /* BacklitFileProvider.appex */; platformFilter = ios; settings = {ATTRIBUTES = (RemoveHeadersOnCopy, ); }; };
		97C11189265C5E1600794994 /* FileManager+SY.swift in Sources */ = {isa = PBXBuildFile; fileRef = 973066C2220C8C740068E8C7 /* FileManager+SY.swift */; };
		97C5B2B929DA4D1300C82735 /* GalleryImageViewTiledLayer.swift in Sources */ = {isa = PBXBuildFile; fileRef = 97C5B2B829DA4D1300C82735 /* GalleryImageViewTiledLayer.swift */; };
		97C5B2BB29DB0E9000C82735 /* GalleryImageViewImageLayer.swift in Sources */ = {isa = PBXBuildFile; fileRef = 97C5B2BA29DB0E9000C82735 /* GalleryImageViewImageLayer.swift */; };
		97CC34E32205F48B00304345 /* OptionCell.swift in Sources */ = {isa = PBXBuildFile; fileRef = 97CC34E12205F48B00304345 /* OptionCell.swift */; };
		97CC34E42205F48B00304345 /* OptionCell.xib in Resources */ = {isa = PBXBuildFile; fileRef = 97CC34E22205F48B00304345 /* OptionCell.xib */; };
		97CCA362264F14BD0042F790 /* UIKeyCommand+SY.swift in Sources */ = {isa = PBXBuildFile; fileRef = 97CCA361264F14BD0042F790 /* UIKeyCommand+SY.swift */; };
		97D0E041220607E500AC74D0 /* DeviceCell.swift in Sources */ = {isa = PBXBuildFile; fileRef = 97D0E03F220607E500AC74D0 /* DeviceCell.swift */; };
		97D0E042220607E500AC74D0 /* DeviceCell.xib in Resources */ = {isa = PBXBuildFile; fileRef = 97D0E040220607E500AC74D0 /* DeviceCell.xib */; };
		97D0E04522060C5700AC74D0 /* PreviewCell.swift in Sources */ = {isa = PBXBuildFile; fileRef = 97D0E04322060C5700AC74D0 /* PreviewCell.swift */; };
		97D0E04622060C5700AC74D0 /* PreviewCell.xib in Resources */ = {isa = PBXBuildFile; fileRef = 97D0E04422060C5700AC74D0 /* PreviewCell.xib */; };
		97D4CE8A2636EB7800F84150 /* Snapshot.swift in Sources */ = {isa = PBXBuildFile; fileRef = 97D4CE892636EB7800F84150 /* Snapshot.swift */; };
		97D590142637565800E84198 /* DevicePreviewVC.swift in Sources */ = {isa = PBXBuildFile; fileRef = 97D590122637565800E84198 /* DevicePreviewVC.swift */; };
		97D590152637565800E84198 /* DevicePreviewVC.xib in Resources */ = {isa = PBXBuildFile; fileRef = 97D590132637565800E84198 /* DevicePreviewVC.xib */; };
		97D5902526377CBE00E84198 /* TooltipView.swift in Sources */ = {isa = PBXBuildFile; fileRef = 97D5902426377CBE00E84198 /* TooltipView.swift */; };
		97DC2CB229E610E400BAF1AC /* GalleryGridHeader.swift in Sources */ = {isa = PBXBuildFile; fileRef = 97DC2CB129E610E400BAF1AC /* GalleryGridHeader.swift */; };
		97DEA1AB29C692AA0088AC71 /* Acknowledgement.swift in Sources */ = {isa = PBXBuildFile; fileRef = 97DEA1AA29C692AA0088AC71 /* Acknowledgement.swift */; };
		97DEA1AD29C74C5F0088AC71 /* AcknowledgementsVC.swift in Sources */ = {isa = PBXBuildFile; fileRef = 97DEA1AC29C74C5F0088AC71 /* AcknowledgementsVC.swift */; };
		97DEA1B029C7537C0088AC71 /* AcknowledgementCell.swift in Sources */ = {isa = PBXBuildFile; fileRef = 97DEA1AE29C7537C0088AC71 /* AcknowledgementCell.swift */; };
		97DEA1B129C7537C0088AC71 /* AcknowledgementCell.xib in Resources */ = {isa = PBXBuildFile; fileRef = 97DEA1AF29C7537C0088AC71 /* AcknowledgementCell.xib */; };
		97EAF238220B54A700435DE6 /* PreviewView.swift in Sources */ = {isa = PBXBuildFile; fileRef = 97EAF237220B54A700435DE6 /* PreviewView.swift */; };
		97EB32B222071F880027CCAE /* PreferencesVC.swift in Sources */ = {isa = PBXBuildFile; fileRef = 97EB32B022071F880027CCAE /* PreferencesVC.swift */; };
		97EB32B322071F880027CCAE /* PreferencesVC.xib in Resources */ = {isa = PBXBuildFile; fileRef = 97EB32B122071F880027CCAE /* PreferencesVC.xib */; };
		97EB32B52207BB740027CCAE /* Preferences.swift in Sources */ = {isa = PBXBuildFile; fileRef = 97EB32B42207BB740027CCAE /* Preferences.swift */; };
		97EF42262205FF7900D45FC8 /* HostCell.swift in Sources */ = {isa = PBXBuildFile; fileRef = 97EF42242205FF7900D45FC8 /* HostCell.swift */; };
		97EF42272205FF7900D45FC8 /* HostCell.xib in Resources */ = {isa = PBXBuildFile; fileRef = 97EF42252205FF7900D45FC8 /* HostCell.xib */; };
		97F0A2651E52687F008C4690 /* Assets.xcassets in Resources */ = {isa = PBXBuildFile; fileRef = F8CBD21D1AF9A58C00B4C221 /* Assets.xcassets */; };
		97F2FB4B222302DE006BD617 /* GalleryGridVC.swift in Sources */ = {isa = PBXBuildFile; fileRef = 97F2FB4A222302DE006BD617 /* GalleryGridVC.swift */; };
		97F2FB4D22230325006BD617 /* GalleryGridVC.xib in Resources */ = {isa = PBXBuildFile; fileRef = 97F2FB4C22230325006BD617 /* GalleryGridVC.xib */; };
		97F2FB4F2223084B006BD617 /* GalleryNC.swift in Sources */ = {isa = PBXBuildFile; fileRef = 97F2FB4E2223084B006BD617 /* GalleryNC.swift */; };
		97F2FB5122230A6B006BD617 /* GalleryImagesVC.swift in Sources */ = {isa = PBXBuildFile; fileRef = 97F2FB5022230A6B006BD617 /* GalleryImagesVC.swift */; };
		97F2FB5322230A81006BD617 /* GalleryImageVC.swift in Sources */ = {isa = PBXBuildFile; fileRef = 97F2FB5222230A81006BD617 /* GalleryImageVC.swift */; };
		97F2FB55222318D5006BD617 /* GalleryItem.swift in Sources */ = {isa = PBXBuildFile; fileRef = 97F2FB54222318D5006BD617 /* GalleryItem.swift */; };
		97F90D952A05C7AD00578F06 /* SaneMockable.swift in Sources */ = {isa = PBXBuildFile; fileRef = 97F90D942A05C7AD00578F06 /* SaneMockable.swift */; };
		97FDF403222C55EE00B71E4C /* DeviceOptionVC.swift in Sources */ = {isa = PBXBuildFile; fileRef = 97FDF401222C55EE00B71E4C /* DeviceOptionVC.swift */; };
		97FE556F264556D60036357E /* DeviceOptionControllable.swift in Sources */ = {isa = PBXBuildFile; fileRef = 97FE556E264556D60036357E /* DeviceOptionControllable.swift */; };
		97FF2A9129EC9CD30096ACFC /* DiffableDataSources+SY.swift in Sources */ = {isa = PBXBuildFile; fileRef = 97FF2A9029EC9CD30096ACFC /* DiffableDataSources+SY.swift */; };
		97FF2A9329EC9F0B0096ACFC /* GalleryGroup.swift in Sources */ = {isa = PBXBuildFile; fileRef = 97FF2A9229EC9F0B0096ACFC /* GalleryGroup.swift */; };
		A82C63C2DD51AD9BF284086A /* Pods_Backlit.framework in Frameworks */ = {isa = PBXBuildFile; fileRef = 83F9FBF5D177FED3EF5258BB /* Pods_Backlit.framework */; };
/* End PBXBuildFile section */

/* Begin PBXContainerItemProxy section */
		97A660902AC2F20C0062A79D /* PBXContainerItemProxy */ = {
			isa = PBXContainerItemProxy;
			containerPortal = F8CBD2051AF9A58C00B4C221 /* Project object */;
			proxyType = 1;
			remoteGlobalIDString = F8CBD20C1AF9A58C00B4C221;
			remoteInfo = Backlit;
		};
		97A9FCF1264093920027F462 /* PBXContainerItemProxy */ = {
			isa = PBXContainerItemProxy;
			containerPortal = F8CBD2051AF9A58C00B4C221 /* Project object */;
			proxyType = 1;
			remoteGlobalIDString = 97A9FCE2264090500027F462;
			remoteInfo = BacklitCatalystPlugin;
		};
		97C11180265C5C8600794994 /* PBXContainerItemProxy */ = {
			isa = PBXContainerItemProxy;
			containerPortal = F8CBD2051AF9A58C00B4C221 /* Project object */;
			proxyType = 1;
			remoteGlobalIDString = 97C11175265C5C8500794994;
			remoteInfo = BacklitFileProvider;
		};
/* End PBXContainerItemProxy section */

/* Begin PBXCopyFilesBuildPhase section */
		97A9FCF3264093920027F462 /* Embed PlugIns */ = {
			isa = PBXCopyFilesBuildPhase;
			buildActionMask = 2147483647;
			dstPath = "";
			dstSubfolderSpec = 13;
			files = (
				97A9FCF0264093920027F462 /* BacklitCatalystPlugin.bundle in Embed PlugIns */,
				97C11182265C5C8600794994 /* BacklitFileProvider.appex in Embed PlugIns */,
			);
			name = "Embed PlugIns";
			runOnlyForDeploymentPostprocessing = 0;
		};
/* End PBXCopyFilesBuildPhase section */

/* Begin PBXFileReference section */
		83F9FBF5D177FED3EF5258BB /* Pods_Backlit.framework */ = {isa = PBXFileReference; explicitFileType = wrapper.framework; includeInIndex = 0; path = Pods_Backlit.framework; sourceTree = BUILT_PRODUCTS_DIR; };
		8C055B2580BBAA99264E93A6 /* Pods-Backlit.release.xcconfig */ = {isa = PBXFileReference; includeInIndex = 1; lastKnownFileType = text.xcconfig; name = "Pods-Backlit.release.xcconfig"; path = "Target Support Files/Pods-Backlit/Pods-Backlit.release.xcconfig"; sourceTree = "<group>"; };
		97044901220875D300E13C6A /* DeviceVC.swift */ = {isa = PBXFileReference; lastKnownFileType = sourcecode.swift; path = DeviceVC.swift; sourceTree = "<group>"; };
		9704490B2208900700E13C6A /* AppDelegate.swift */ = {isa = PBXFileReference; lastKnownFileType = sourcecode.swift; path = AppDelegate.swift; sourceTree = "<group>"; };
		970A587F1E41665C0033A116 /* fr */ = {isa = PBXFileReference; lastKnownFileType = text.plist.strings; name = fr; path = fr.lproj/Localizable.strings; sourceTree = "<group>"; };
		971584CD222F36C100DC46CA /* SYPictureMetdata+SY.swift */ = {isa = PBXFileReference; lastKnownFileType = sourcecode.swift; path = "SYPictureMetdata+SY.swift"; sourceTree = "<group>"; };
		971584CF222F445200DC46CA /* UIImage+SY.swift */ = {isa = PBXFileReference; lastKnownFileType = sourcecode.swift; path = "UIImage+SY.swift"; sourceTree = "<group>"; };
		971ABFDE1CCFA0150086F600 /* SYLaunchScreen.storyboard */ = {isa = PBXFileReference; fileEncoding = 4; lastKnownFileType = file.storyboard; path = SYLaunchScreen.storyboard; sourceTree = "<group>"; };
		971B894129C8793C0005785A /* GalleryImageView.swift */ = {isa = PBXFileReference; lastKnownFileType = sourcecode.swift; path = GalleryImageView.swift; sourceTree = "<group>"; };
		9724378F2A0AF2C8002C5F6B /* en */ = {isa = PBXFileReference; lastKnownFileType = text.plist.strings; name = en; path = en.lproj/InfoPlist.strings; sourceTree = "<group>"; };
		972437912A0AF2C9002C5F6B /* fr */ = {isa = PBXFileReference; lastKnownFileType = text.plist.strings; name = fr; path = fr.lproj/InfoPlist.strings; sourceTree = "<group>"; };
		972437942A0AF830002C5F6B /* silent.mp3 */ = {isa = PBXFileReference; lastKnownFileType = audio.mp3; path = silent.mp3; sourceTree = "<group>"; };
		972B584629A8F302003A9403 /* SaneBonjour.swift */ = {isa = PBXFileReference; lastKnownFileType = sourcecode.swift; path = SaneBonjour.swift; sourceTree = "<group>"; };
		972B78C029E417C9004FA923 /* Logger+Sane.swift */ = {isa = PBXFileReference; lastKnownFileType = sourcecode.swift; path = "Logger+Sane.swift"; sourceTree = "<group>"; };
		972DD21A2ABDAB440029E916 /* URL+SY.swift */ = {isa = PBXFileReference; lastKnownFileType = sourcecode.swift; path = "URL+SY.swift"; sourceTree = "<group>"; };
		973066B2220C55000068E8C7 /* GalleryThumbsView.swift */ = {isa = PBXFileReference; lastKnownFileType = sourcecode.swift; path = GalleryThumbsView.swift; sourceTree = "<group>"; };
		973066B4220C5CD90068E8C7 /* CropMaskView.swift */ = {isa = PBXFileReference; lastKnownFileType = sourcecode.swift; path = CropMaskView.swift; sourceTree = "<group>"; };
		973066BA220C82110068E8C7 /* GalleryThumbnailCell.swift */ = {isa = PBXFileReference; lastKnownFileType = sourcecode.swift; path = GalleryThumbnailCell.swift; sourceTree = "<group>"; };
		973066C0220C898E0068E8C7 /* GalleryGridLayout.swift */ = {isa = PBXFileReference; lastKnownFileType = sourcecode.swift; path = GalleryGridLayout.swift; sourceTree = "<group>"; };
		973066C2220C8C740068E8C7 /* FileManager+SY.swift */ = {isa = PBXFileReference; lastKnownFileType = sourcecode.swift; path = "FileManager+SY.swift"; sourceTree = "<group>"; };
		973066C6220C951B0068E8C7 /* UIActivityViewController+SY.swift */ = {isa = PBXFileReference; lastKnownFileType = sourcecode.swift; path = "UIActivityViewController+SY.swift"; sourceTree = "<group>"; };
		9730FD9125CF6365009ABCBC /* SaneSwift+SY.swift */ = {isa = PBXFileReference; lastKnownFileType = sourcecode.swift; path = "SaneSwift+SY.swift"; sourceTree = "<group>"; };
		9731D89022C548CE008D7525 /* TapInsetsView.swift */ = {isa = PBXFileReference; lastKnownFileType = sourcecode.swift; path = TapInsetsView.swift; sourceTree = "<group>"; };
		973646FB29E6DA400089458A /* BouncyLayout.swift */ = {isa = PBXFileReference; lastKnownFileType = sourcecode.swift; path = BouncyLayout.swift; sourceTree = "<group>"; };
		9736470429E743700089458A /* ConditionallyDismissible.swift */ = {isa = PBXFileReference; lastKnownFileType = sourcecode.swift; path = ConditionallyDismissible.swift; sourceTree = "<group>"; };
		97367D6E2A0ADA2F009670AB /* BackgroundKeepAlive.swift */ = {isa = PBXFileReference; lastKnownFileType = sourcecode.swift; path = BackgroundKeepAlive.swift; sourceTree = "<group>"; };
		9740C16E2638DC8B00CAC543 /* ScanButton.swift */ = {isa = PBXFileReference; lastKnownFileType = sourcecode.swift; path = ScanButton.swift; sourceTree = "<group>"; };
		9749579C29EF50D400B8F496 /* SnapshotConfig.swift */ = {isa = PBXFileReference; lastKnownFileType = sourcecode.swift; path = SnapshotConfig.swift; sourceTree = "<group>"; };
		97499E5A220862FE006DED20 /* ScanNC.swift */ = {isa = PBXFileReference; lastKnownFileType = sourcecode.swift; path = ScanNC.swift; sourceTree = "<group>"; };
		97499E5C220872F5006DED20 /* Toolbar.swift */ = {isa = PBXFileReference; lastKnownFileType = sourcecode.swift; path = Toolbar.swift; sourceTree = "<group>"; };
		97499E5E220874B3006DED20 /* SplitVC.swift */ = {isa = PBXFileReference; lastKnownFileType = sourcecode.swift; path = SplitVC.swift; sourceTree = "<group>"; };
		974E0D5E2A3906C00080D563 /* scanner.caf */ = {isa = PBXFileReference; lastKnownFileType = file; path = scanner.caf; sourceTree = "<group>"; };
		975277C7264D48AB00FFAAF4 /* ProgressMaskView.swift */ = {isa = PBXFileReference; lastKnownFileType = sourcecode.swift; path = ProgressMaskView.swift; sourceTree = "<group>"; };
		975277C9264D5C1A00FFAAF4 /* RefreshView.swift */ = {isa = PBXFileReference; lastKnownFileType = sourcecode.swift; path = RefreshView.swift; sourceTree = "<group>"; };
		975277CB264D5D4400FFAAF4 /* UIBarButtonItem+SY.swift */ = {isa = PBXFileReference; lastKnownFileType = sourcecode.swift; path = "UIBarButtonItem+SY.swift"; sourceTree = "<group>"; };
		9757FCEF2207112D00AB59F1 /* DevicesVC.swift */ = {isa = PBXFileReference; lastKnownFileType = sourcecode.swift; path = DevicesVC.swift; sourceTree = "<group>"; };
		976E423D23D2158100FFEFD0 /* Backlit.entitlements */ = {isa = PBXFileReference; lastKnownFileType = text.plist.entitlements; path = Backlit.entitlements; sourceTree = "<group>"; };
		9771598029C0812C00F61EA9 /* TableView.swift */ = {isa = PBXFileReference; lastKnownFileType = sourcecode.swift; path = TableView.swift; sourceTree = "<group>"; };
		977712D125CCB2F1009EC50D /* SceneDelegate.swift */ = {isa = PBXFileReference; lastKnownFileType = sourcecode.swift; path = SceneDelegate.swift; sourceTree = "<group>"; };
		977712D525CCB376009EC50D /* Context.swift */ = {isa = PBXFileReference; lastKnownFileType = sourcecode.swift; path = Context.swift; sourceTree = "<group>"; };
		977C4F5A264739AF00856E0E /* Slider.swift */ = {isa = PBXFileReference; lastKnownFileType = sourcecode.swift; path = Slider.swift; sourceTree = "<group>"; };
		977C4F5E2648105200856E0E /* TableViewCell.swift */ = {isa = PBXFileReference; lastKnownFileType = sourcecode.swift; path = TableViewCell.swift; sourceTree = "<group>"; };
		977C4F602648109D00856E0E /* TableViewHeader.swift */ = {isa = PBXFileReference; lastKnownFileType = sourcecode.swift; path = TableViewHeader.swift; sourceTree = "<group>"; };
		977C4F6426484F1500856E0E /* UIAlertController+SY.swift */ = {isa = PBXFileReference; lastKnownFileType = sourcecode.swift; path = "UIAlertController+SY.swift"; sourceTree = "<group>"; };
		977EA2CF29DEEF6100CBD092 /* Logger.swift */ = {isa = PBXFileReference; lastKnownFileType = sourcecode.swift; path = Logger.swift; sourceTree = "<group>"; };
		977EA2D629E02F1D00CBD092 /* GalleryImagePreviewVC.swift */ = {isa = PBXFileReference; lastKnownFileType = sourcecode.swift; path = GalleryImagePreviewVC.swift; sourceTree = "<group>"; };
		977EA2D829E0331500CBD092 /* UIContextMenuConfiguration+SY.swift */ = {isa = PBXFileReference; lastKnownFileType = sourcecode.swift; path = "UIContextMenuConfiguration+SY.swift"; sourceTree = "<group>"; };
		977F42122A07FE28008D039C /* UITableViewCell+SY.swift */ = {isa = PBXFileReference; fileEncoding = 4; lastKnownFileType = sourcecode.swift; path = "UITableViewCell+SY.swift"; sourceTree = "<group>"; };
		978263CA221E253D0095E6ED /* DotsRefreshControl.swift */ = {isa = PBXFileReference; lastKnownFileType = sourcecode.swift; path = DotsRefreshControl.swift; sourceTree = "<group>"; };
		9785C5671E3D247A006CD4F1 /* en */ = {isa = PBXFileReference; lastKnownFileType = text.plist.strings; name = en; path = en.lproj/Localizable.strings; sourceTree = "<group>"; };
		9786507C220B5E6400F52DE6 /* PDFGenerator.swift */ = {isa = PBXFileReference; lastKnownFileType = sourcecode.swift; path = PDFGenerator.swift; sourceTree = "<group>"; };
		9786507E220B645500F52DE6 /* PDFActivity.swift */ = {isa = PBXFileReference; lastKnownFileType = sourcecode.swift; path = PDFActivity.swift; sourceTree = "<group>"; };
		97865080220B69AC00F52DE6 /* GalleryManager.swift */ = {isa = PBXFileReference; lastKnownFileType = sourcecode.swift; path = GalleryManager.swift; sourceTree = "<group>"; };
		9796632129F991FF00E28486 /* GalleryItem+UI.swift */ = {isa = PBXFileReference; lastKnownFileType = sourcecode.swift; path = "GalleryItem+UI.swift"; sourceTree = "<group>"; };
		979D4BA31E4A797C00F90EFB /* Settings.bundle */ = {isa = PBXFileReference; lastKnownFileType = "wrapper.plug-in"; path = Settings.bundle; sourceTree = "<group>"; };
		97A3AC2329A7F4CB00F31207 /* UIButton+SY.swift */ = {isa = PBXFileReference; lastKnownFileType = sourcecode.swift; path = "UIButton+SY.swift"; sourceTree = "<group>"; };
		97A602752ABCE25E000B1F1B /* Switch.swift */ = {isa = PBXFileReference; lastKnownFileType = sourcecode.swift; path = Switch.swift; sourceTree = "<group>"; };
		97A602772ABCE562000B1F1B /* Collection+SY.swift */ = {isa = PBXFileReference; lastKnownFileType = sourcecode.swift; path = "Collection+SY.swift"; sourceTree = "<group>"; };
		97A6608A2AC2F20C0062A79D /* BacklitUITests.xctest */ = {isa = PBXFileReference; explicitFileType = wrapper.cfbundle; includeInIndex = 0; path = BacklitUITests.xctest; sourceTree = BUILT_PRODUCTS_DIR; };
		97A660952AC2F2310062A79D /* BacklitUITests.swift */ = {isa = PBXFileReference; fileEncoding = 4; lastKnownFileType = sourcecode.swift; path = BacklitUITests.swift; sourceTree = "<group>"; };
		97A660972AC2F2310062A79D /* gallery-D1.jpg */ = {isa = PBXFileReference; lastKnownFileType = image.jpeg; path = "gallery-D1.jpg"; sourceTree = "<group>"; };
		97A660982AC2F2310062A79D /* gallery-H2.jpg */ = {isa = PBXFileReference; lastKnownFileType = image.jpeg; path = "gallery-H2.jpg"; sourceTree = "<group>"; };
		97A660992AC2F2310062A79D /* gallery-D2.jpg */ = {isa = PBXFileReference; lastKnownFileType = image.jpeg; path = "gallery-D2.jpg"; sourceTree = "<group>"; };
		97A6609A2AC2F2310062A79D /* gallery-H1.jpg */ = {isa = PBXFileReference; lastKnownFileType = image.jpeg; path = "gallery-H1.jpg"; sourceTree = "<group>"; };
		97A6609B2AC2F2310062A79D /* preview_image.jpg */ = {isa = PBXFileReference; lastKnownFileType = image.jpeg; path = preview_image.jpg; sourceTree = "<group>"; };
		97A6609C2AC2F2310062A79D /* gallery-I1.jpg */ = {isa = PBXFileReference; lastKnownFileType = image.jpeg; path = "gallery-I1.jpg"; sourceTree = "<group>"; };
		97A6609D2AC2F2310062A79D /* gallery-I3.jpg */ = {isa = PBXFileReference; lastKnownFileType = image.jpeg; path = "gallery-I3.jpg"; sourceTree = "<group>"; };
		97A6609E2AC2F2310062A79D /* gallery-I2.jpg */ = {isa = PBXFileReference; lastKnownFileType = image.jpeg; path = "gallery-I2.jpg"; sourceTree = "<group>"; };
		97A6609F2AC2F2310062A79D /* gallery-E1.jpg */ = {isa = PBXFileReference; lastKnownFileType = image.jpeg; path = "gallery-E1.jpg"; sourceTree = "<group>"; };
		97A660A02AC2F2310062A79D /* gallery-B2.jpg */ = {isa = PBXFileReference; lastKnownFileType = image.jpeg; path = "gallery-B2.jpg"; sourceTree = "<group>"; };
		97A660A12AC2F2310062A79D /* gallery-B3.jpg */ = {isa = PBXFileReference; lastKnownFileType = image.jpeg; path = "gallery-B3.jpg"; sourceTree = "<group>"; };
		97A660A22AC2F2310062A79D /* gallery-B1.jpg */ = {isa = PBXFileReference; lastKnownFileType = image.jpeg; path = "gallery-B1.jpg"; sourceTree = "<group>"; };
		97A660A32AC2F2310062A79D /* gallery-C1.jpg */ = {isa = PBXFileReference; lastKnownFileType = image.jpeg; path = "gallery-C1.jpg"; sourceTree = "<group>"; };
		97A660A42AC2F2310062A79D /* gallery-A1.jpg */ = {isa = PBXFileReference; lastKnownFileType = image.jpeg; path = "gallery-A1.jpg"; sourceTree = "<group>"; };
		97A660A52AC2F2310062A79D /* gallery-A2.jpg */ = {isa = PBXFileReference; lastKnownFileType = image.jpeg; path = "gallery-A2.jpg"; sourceTree = "<group>"; };
		97A660A62AC2F2310062A79D /* gallery-A3.jpg */ = {isa = PBXFileReference; lastKnownFileType = image.jpeg; path = "gallery-A3.jpg"; sourceTree = "<group>"; };
		97A660A72AC2F2310062A79D /* gallery-F1.jpg */ = {isa = PBXFileReference; lastKnownFileType = image.jpeg; path = "gallery-F1.jpg"; sourceTree = "<group>"; };
		97A660A82AC2F2310062A79D /* gallery-F2.jpg */ = {isa = PBXFileReference; lastKnownFileType = image.jpeg; path = "gallery-F2.jpg"; sourceTree = "<group>"; };
		97A660A92AC2F2310062A79D /* gallery-G2.jpg */ = {isa = PBXFileReference; lastKnownFileType = image.jpeg; path = "gallery-G2.jpg"; sourceTree = "<group>"; };
		97A660AA2AC2F2310062A79D /* gallery-G1.jpg */ = {isa = PBXFileReference; lastKnownFileType = image.jpeg; path = "gallery-G1.jpg"; sourceTree = "<group>"; };
		97A660AB2AC2F2310062A79D /* Info.plist */ = {isa = PBXFileReference; fileEncoding = 4; lastKnownFileType = text.plist.xml; path = Info.plist; sourceTree = "<group>"; };
		97A660AC2AC2F2320062A79D /* XCTestCase+SY.swift */ = {isa = PBXFileReference; fileEncoding = 4; lastKnownFileType = sourcecode.swift; path = "XCTestCase+SY.swift"; sourceTree = "<group>"; };
		97A660AD2AC2F2320062A79D /* XCUIElement+SY.swift */ = {isa = PBXFileReference; fileEncoding = 4; lastKnownFileType = sourcecode.swift; path = "XCUIElement+SY.swift"; sourceTree = "<group>"; };
		97A660CA2AC2F30B0062A79D /* SnapshotHelper.swift */ = {isa = PBXFileReference; fileEncoding = 4; lastKnownFileType = sourcecode.swift; name = SnapshotHelper.swift; path = fastlane/SnapshotHelper.swift; sourceTree = SOURCE_ROOT; };
		97A9FCE3264090500027F462 /* BacklitCatalystPlugin.bundle */ = {isa = PBXFileReference; explicitFileType = wrapper.cfbundle; includeInIndex = 0; path = BacklitCatalystPlugin.bundle; sourceTree = BUILT_PRODUCTS_DIR; };
		97A9FCE5264090500027F462 /* Info.plist */ = {isa = PBXFileReference; lastKnownFileType = text.plist.xml; path = Info.plist; sourceTree = "<group>"; };
		97A9FCE92640906F0027F462 /* CatalystPlugin.swift */ = {isa = PBXFileReference; lastKnownFileType = sourcecode.swift; path = CatalystPlugin.swift; sourceTree = "<group>"; };
		97A9FCEB264090960027F462 /* CatalystPluginImplementation.swift */ = {isa = PBXFileReference; lastKnownFileType = sourcecode.swift; path = CatalystPluginImplementation.swift; sourceTree = "<group>"; };
		97BE129A220BC0AC006A2AE8 /* UIColor+SY.swift */ = {isa = PBXFileReference; lastKnownFileType = sourcecode.swift; path = "UIColor+SY.swift"; sourceTree = "<group>"; };
		97BE12A0220BC493006A2AE8 /* UIScrollView+SY.swift */ = {isa = PBXFileReference; lastKnownFileType = sourcecode.swift; path = "UIScrollView+SY.swift"; sourceTree = "<group>"; };
		97C11148265C497900794994 /* Analytics.swift */ = {isa = PBXFileReference; lastKnownFileType = sourcecode.swift; path = Analytics.swift; sourceTree = "<group>"; };
		97C11176265C5C8500794994 /* BacklitFileProvider.appex */ = {isa = PBXFileReference; explicitFileType = "wrapper.app-extension"; includeInIndex = 0; path = BacklitFileProvider.appex; sourceTree = BUILT_PRODUCTS_DIR; };
		97C11178265C5C8600794994 /* FileProviderExtension.swift */ = {isa = PBXFileReference; lastKnownFileType = sourcecode.swift; path = FileProviderExtension.swift; sourceTree = "<group>"; };
		97C1117A265C5C8600794994 /* FileProviderItem.swift */ = {isa = PBXFileReference; lastKnownFileType = sourcecode.swift; path = FileProviderItem.swift; sourceTree = "<group>"; };
		97C1117C265C5C8600794994 /* FileProviderEnumerator.swift */ = {isa = PBXFileReference; lastKnownFileType = sourcecode.swift; path = FileProviderEnumerator.swift; sourceTree = "<group>"; };
		97C1117E265C5C8600794994 /* Info.plist */ = {isa = PBXFileReference; lastKnownFileType = text.plist.xml; path = Info.plist; sourceTree = "<group>"; };
		97C1117F265C5C8600794994 /* BacklitFileProvider.entitlements */ = {isa = PBXFileReference; lastKnownFileType = text.plist.entitlements; path = BacklitFileProvider.entitlements; sourceTree = "<group>"; };
		97C5B2B829DA4D1300C82735 /* GalleryImageViewTiledLayer.swift */ = {isa = PBXFileReference; lastKnownFileType = sourcecode.swift; path = GalleryImageViewTiledLayer.swift; sourceTree = "<group>"; };
		97C5B2BA29DB0E9000C82735 /* GalleryImageViewImageLayer.swift */ = {isa = PBXFileReference; lastKnownFileType = sourcecode.swift; path = GalleryImageViewImageLayer.swift; sourceTree = "<group>"; };
		97CC34E02205F48B00304345 /* Backlit-Bridging-Header.h */ = {isa = PBXFileReference; lastKnownFileType = sourcecode.c.h; path = "Backlit-Bridging-Header.h"; sourceTree = "<group>"; };
		97CC34E12205F48B00304345 /* OptionCell.swift */ = {isa = PBXFileReference; lastKnownFileType = sourcecode.swift; path = OptionCell.swift; sourceTree = "<group>"; };
		97CC34E22205F48B00304345 /* OptionCell.xib */ = {isa = PBXFileReference; lastKnownFileType = file.xib; path = OptionCell.xib; sourceTree = "<group>"; };
		97CCA361264F14BD0042F790 /* UIKeyCommand+SY.swift */ = {isa = PBXFileReference; lastKnownFileType = sourcecode.swift; path = "UIKeyCommand+SY.swift"; sourceTree = "<group>"; };
		97D0E03F220607E500AC74D0 /* DeviceCell.swift */ = {isa = PBXFileReference; lastKnownFileType = sourcecode.swift; path = DeviceCell.swift; sourceTree = "<group>"; };
		97D0E040220607E500AC74D0 /* DeviceCell.xib */ = {isa = PBXFileReference; lastKnownFileType = file.xib; path = DeviceCell.xib; sourceTree = "<group>"; };
		97D0E04322060C5700AC74D0 /* PreviewCell.swift */ = {isa = PBXFileReference; lastKnownFileType = sourcecode.swift; path = PreviewCell.swift; sourceTree = "<group>"; };
		97D0E04422060C5700AC74D0 /* PreviewCell.xib */ = {isa = PBXFileReference; lastKnownFileType = file.xib; path = PreviewCell.xib; sourceTree = "<group>"; };
		97D4CE892636EB7800F84150 /* Snapshot.swift */ = {isa = PBXFileReference; lastKnownFileType = sourcecode.swift; path = Snapshot.swift; sourceTree = "<group>"; };
		97D590122637565800E84198 /* DevicePreviewVC.swift */ = {isa = PBXFileReference; lastKnownFileType = sourcecode.swift; path = DevicePreviewVC.swift; sourceTree = "<group>"; };
		97D590132637565800E84198 /* DevicePreviewVC.xib */ = {isa = PBXFileReference; lastKnownFileType = file.xib; path = DevicePreviewVC.xib; sourceTree = "<group>"; };
		97D5902426377CBE00E84198 /* TooltipView.swift */ = {isa = PBXFileReference; lastKnownFileType = sourcecode.swift; path = TooltipView.swift; sourceTree = "<group>"; };
		97DC2CB129E610E400BAF1AC /* GalleryGridHeader.swift */ = {isa = PBXFileReference; lastKnownFileType = sourcecode.swift; path = GalleryGridHeader.swift; sourceTree = "<group>"; };
		97DEA1AA29C692AA0088AC71 /* Acknowledgement.swift */ = {isa = PBXFileReference; lastKnownFileType = sourcecode.swift; path = Acknowledgement.swift; sourceTree = "<group>"; };
		97DEA1AC29C74C5F0088AC71 /* AcknowledgementsVC.swift */ = {isa = PBXFileReference; lastKnownFileType = sourcecode.swift; path = AcknowledgementsVC.swift; sourceTree = "<group>"; };
		97DEA1AE29C7537C0088AC71 /* AcknowledgementCell.swift */ = {isa = PBXFileReference; lastKnownFileType = sourcecode.swift; path = AcknowledgementCell.swift; sourceTree = "<group>"; };
		97DEA1AF29C7537C0088AC71 /* AcknowledgementCell.xib */ = {isa = PBXFileReference; lastKnownFileType = file.xib; path = AcknowledgementCell.xib; sourceTree = "<group>"; };
		97EAF237220B54A700435DE6 /* PreviewView.swift */ = {isa = PBXFileReference; lastKnownFileType = sourcecode.swift; path = PreviewView.swift; sourceTree = "<group>"; };
		97EB32B022071F880027CCAE /* PreferencesVC.swift */ = {isa = PBXFileReference; lastKnownFileType = sourcecode.swift; path = PreferencesVC.swift; sourceTree = "<group>"; };
		97EB32B122071F880027CCAE /* PreferencesVC.xib */ = {isa = PBXFileReference; lastKnownFileType = file.xib; path = PreferencesVC.xib; sourceTree = "<group>"; };
		97EB32B42207BB740027CCAE /* Preferences.swift */ = {isa = PBXFileReference; lastKnownFileType = sourcecode.swift; path = Preferences.swift; sourceTree = "<group>"; };
		97EF42242205FF7900D45FC8 /* HostCell.swift */ = {isa = PBXFileReference; lastKnownFileType = sourcecode.swift; path = HostCell.swift; sourceTree = "<group>"; };
		97EF42252205FF7900D45FC8 /* HostCell.xib */ = {isa = PBXFileReference; lastKnownFileType = file.xib; path = HostCell.xib; sourceTree = "<group>"; };
		97F2FB4A222302DE006BD617 /* GalleryGridVC.swift */ = {isa = PBXFileReference; lastKnownFileType = sourcecode.swift; path = GalleryGridVC.swift; sourceTree = "<group>"; };
		97F2FB4C22230325006BD617 /* GalleryGridVC.xib */ = {isa = PBXFileReference; lastKnownFileType = file.xib; path = GalleryGridVC.xib; sourceTree = "<group>"; };
		97F2FB4E2223084B006BD617 /* GalleryNC.swift */ = {isa = PBXFileReference; lastKnownFileType = sourcecode.swift; path = GalleryNC.swift; sourceTree = "<group>"; };
		97F2FB5022230A6B006BD617 /* GalleryImagesVC.swift */ = {isa = PBXFileReference; lastKnownFileType = sourcecode.swift; path = GalleryImagesVC.swift; sourceTree = "<group>"; };
		97F2FB5222230A81006BD617 /* GalleryImageVC.swift */ = {isa = PBXFileReference; lastKnownFileType = sourcecode.swift; path = GalleryImageVC.swift; sourceTree = "<group>"; };
		97F2FB54222318D5006BD617 /* GalleryItem.swift */ = {isa = PBXFileReference; lastKnownFileType = sourcecode.swift; path = GalleryItem.swift; sourceTree = "<group>"; };
		97F90D942A05C7AD00578F06 /* SaneMockable.swift */ = {isa = PBXFileReference; lastKnownFileType = sourcecode.swift; path = SaneMockable.swift; sourceTree = "<group>"; };
		97FDF401222C55EE00B71E4C /* DeviceOptionVC.swift */ = {isa = PBXFileReference; lastKnownFileType = sourcecode.swift; path = DeviceOptionVC.swift; sourceTree = "<group>"; };
		97FE556E264556D60036357E /* DeviceOptionControllable.swift */ = {isa = PBXFileReference; lastKnownFileType = sourcecode.swift; path = DeviceOptionControllable.swift; sourceTree = "<group>"; };
		97FF2A9029EC9CD30096ACFC /* DiffableDataSources+SY.swift */ = {isa = PBXFileReference; lastKnownFileType = sourcecode.swift; path = "DiffableDataSources+SY.swift"; sourceTree = "<group>"; };
		97FF2A9229EC9F0B0096ACFC /* GalleryGroup.swift */ = {isa = PBXFileReference; lastKnownFileType = sourcecode.swift; path = GalleryGroup.swift; sourceTree = "<group>"; };
		D517A84372CDD37AC1E6D5BD /* Pods-Backlit.debug.xcconfig */ = {isa = PBXFileReference; includeInIndex = 1; lastKnownFileType = text.xcconfig; name = "Pods-Backlit.debug.xcconfig"; path = "Target Support Files/Pods-Backlit/Pods-Backlit.debug.xcconfig"; sourceTree = "<group>"; };
		F8CBD20D1AF9A58C00B4C221 /* Backlit.app */ = {isa = PBXFileReference; explicitFileType = wrapper.application; includeInIndex = 0; path = Backlit.app; sourceTree = BUILT_PRODUCTS_DIR; };
		F8CBD2111AF9A58C00B4C221 /* Info.plist */ = {isa = PBXFileReference; lastKnownFileType = text.plist.xml; path = Info.plist; sourceTree = "<group>"; };
		F8CBD21D1AF9A58C00B4C221 /* Assets.xcassets */ = {isa = PBXFileReference; lastKnownFileType = folder.assetcatalog; path = Assets.xcassets; sourceTree = "<group>"; };
/* End PBXFileReference section */

/* Begin PBXFrameworksBuildPhase section */
		97A660872AC2F20C0062A79D /* Frameworks */ = {
			isa = PBXFrameworksBuildPhase;
			buildActionMask = 2147483647;
			files = (
			);
			runOnlyForDeploymentPostprocessing = 0;
		};
		97A9FCE0264090500027F462 /* Frameworks */ = {
			isa = PBXFrameworksBuildPhase;
			buildActionMask = 2147483647;
			files = (
			);
			runOnlyForDeploymentPostprocessing = 0;
		};
		97C11173265C5C8500794994 /* Frameworks */ = {
			isa = PBXFrameworksBuildPhase;
			buildActionMask = 2147483647;
			files = (
			);
			runOnlyForDeploymentPostprocessing = 0;
		};
		F8CBD20A1AF9A58C00B4C221 /* Frameworks */ = {
			isa = PBXFrameworksBuildPhase;
			buildActionMask = 2147483647;
			files = (
				A82C63C2DD51AD9BF284086A /* Pods_Backlit.framework in Frameworks */,
			);
			runOnlyForDeploymentPostprocessing = 0;
		};
/* End PBXFrameworksBuildPhase section */

/* Begin PBXGroup section */
		4B2FEBCC61DA763130F7883B /* Frameworks */ = {
			isa = PBXGroup;
			children = (
				83F9FBF5D177FED3EF5258BB /* Pods_Backlit.framework */,
			);
			name = Frameworks;
			sourceTree = "<group>";
		};
		972437962A0AFA54002C5F6B /* Resources */ = {
			isa = PBXGroup;
			children = (
				F8CBD21D1AF9A58C00B4C221 /* Assets.xcassets */,
				9785C5681E3D247A006CD4F1 /* Localizable.strings */,
				974E0D5E2A3906C00080D563 /* scanner.caf */,
				972437942A0AF830002C5F6B /* silent.mp3 */,
				971ABFDE1CCFA0150086F600 /* SYLaunchScreen.storyboard */,
			);
			path = Resources;
			sourceTree = "<group>";
		};
		97A6608B2AC2F20C0062A79D /* BacklitUITests */ = {
			isa = PBXGroup;
			children = (
				97A660952AC2F2310062A79D /* BacklitUITests.swift */,
				97A660AB2AC2F2310062A79D /* Info.plist */,
				97A660962AC2F2310062A79D /* Resources */,
				97A660CA2AC2F30B0062A79D /* SnapshotHelper.swift */,
				97A660AC2AC2F2320062A79D /* XCTestCase+SY.swift */,
				97A660AD2AC2F2320062A79D /* XCUIElement+SY.swift */,
			);
			path = BacklitUITests;
			sourceTree = "<group>";
		};
		97A660962AC2F2310062A79D /* Resources */ = {
			isa = PBXGroup;
			children = (
				97A660972AC2F2310062A79D /* gallery-D1.jpg */,
				97A660982AC2F2310062A79D /* gallery-H2.jpg */,
				97A660992AC2F2310062A79D /* gallery-D2.jpg */,
				97A6609A2AC2F2310062A79D /* gallery-H1.jpg */,
				97A6609B2AC2F2310062A79D /* preview_image.jpg */,
				97A6609C2AC2F2310062A79D /* gallery-I1.jpg */,
				97A6609D2AC2F2310062A79D /* gallery-I3.jpg */,
				97A6609E2AC2F2310062A79D /* gallery-I2.jpg */,
				97A6609F2AC2F2310062A79D /* gallery-E1.jpg */,
				97A660A02AC2F2310062A79D /* gallery-B2.jpg */,
				97A660A12AC2F2310062A79D /* gallery-B3.jpg */,
				97A660A22AC2F2310062A79D /* gallery-B1.jpg */,
				97A660A32AC2F2310062A79D /* gallery-C1.jpg */,
				97A660A42AC2F2310062A79D /* gallery-A1.jpg */,
				97A660A52AC2F2310062A79D /* gallery-A2.jpg */,
				97A660A62AC2F2310062A79D /* gallery-A3.jpg */,
				97A660A72AC2F2310062A79D /* gallery-F1.jpg */,
				97A660A82AC2F2310062A79D /* gallery-F2.jpg */,
				97A660A92AC2F2310062A79D /* gallery-G2.jpg */,
				97A660AA2AC2F2310062A79D /* gallery-G1.jpg */,
			);
			path = Resources;
			sourceTree = "<group>";
		};
		97A9FCE4264090500027F462 /* BacklitCatalystPlugin */ = {
			isa = PBXGroup;
			children = (
				97A9FCE5264090500027F462 /* Info.plist */,
				97A9FCEB264090960027F462 /* CatalystPluginImplementation.swift */,
			);
			path = BacklitCatalystPlugin;
			sourceTree = "<group>";
		};
		97B8C7752643EA2600C06617 /* BacklitShared */ = {
			isa = PBXGroup;
			children = (
				97A9FCE92640906F0027F462 /* CatalystPlugin.swift */,
			);
			path = BacklitShared;
			sourceTree = "<group>";
		};
		97C11177265C5C8600794994 /* BacklitFileProvider */ = {
			isa = PBXGroup;
			children = (
				97C11178265C5C8600794994 /* FileProviderExtension.swift */,
				97C1117A265C5C8600794994 /* FileProviderItem.swift */,
				97C1117C265C5C8600794994 /* FileProviderEnumerator.swift */,
				97C1117E265C5C8600794994 /* Info.plist */,
				97C1117F265C5C8600794994 /* BacklitFileProvider.entitlements */,
			);
			path = BacklitFileProvider;
			sourceTree = "<group>";
		};
		97CD8488263AC581006DD44B /* Views */ = {
			isa = PBXGroup;
			children = (
				973066B4220C5CD90068E8C7 /* CropMaskView.swift */,
				978263CA221E253D0095E6ED /* DotsRefreshControl.swift */,
				973066B2220C55000068E8C7 /* GalleryThumbsView.swift */,
				97EAF237220B54A700435DE6 /* PreviewView.swift */,
				975277C7264D48AB00FFAAF4 /* ProgressMaskView.swift */,
				975277C9264D5C1A00FFAAF4 /* RefreshView.swift */,
				9740C16E2638DC8B00CAC543 /* ScanButton.swift */,
				977C4F5A264739AF00856E0E /* Slider.swift */,
				97A602752ABCE25E000B1F1B /* Switch.swift */,
				9771598029C0812C00F61EA9 /* TableView.swift */,
				9731D89022C548CE008D7525 /* TapInsetsView.swift */,
				97499E5C220872F5006DED20 /* Toolbar.swift */,
				97D5902426377CBE00E84198 /* TooltipView.swift */,
			);
			path = Views;
			sourceTree = "<group>";
		};
		97CD8489263AC599006DD44B /* Cells */ = {
			isa = PBXGroup;
			children = (
				97DEA1AE29C7537C0088AC71 /* AcknowledgementCell.swift */,
				97DEA1AF29C7537C0088AC71 /* AcknowledgementCell.xib */,
				97D0E03F220607E500AC74D0 /* DeviceCell.swift */,
				97D0E040220607E500AC74D0 /* DeviceCell.xib */,
				97EF42242205FF7900D45FC8 /* HostCell.swift */,
				97EF42252205FF7900D45FC8 /* HostCell.xib */,
				97CC34E12205F48B00304345 /* OptionCell.swift */,
				97CC34E22205F48B00304345 /* OptionCell.xib */,
				97D0E04322060C5700AC74D0 /* PreviewCell.swift */,
				97D0E04422060C5700AC74D0 /* PreviewCell.xib */,
				977C4F5E2648105200856E0E /* TableViewCell.swift */,
				977C4F602648109D00856E0E /* TableViewHeader.swift */,
			);
			path = Cells;
			sourceTree = "<group>";
		};
		97CD848A263AC5B4006DD44B /* Gallery */ = {
			isa = PBXGroup;
			children = (
				973646FB29E6DA400089458A /* BouncyLayout.swift */,
				97DC2CB129E610E400BAF1AC /* GalleryGridHeader.swift */,
				973066C0220C898E0068E8C7 /* GalleryGridLayout.swift */,
				97F2FB4A222302DE006BD617 /* GalleryGridVC.swift */,
				97F2FB4C22230325006BD617 /* GalleryGridVC.xib */,
				977EA2D629E02F1D00CBD092 /* GalleryImagePreviewVC.swift */,
				97F2FB5022230A6B006BD617 /* GalleryImagesVC.swift */,
				97F2FB5222230A81006BD617 /* GalleryImageVC.swift */,
				971B894129C8793C0005785A /* GalleryImageView.swift */,
				97C5B2BA29DB0E9000C82735 /* GalleryImageViewImageLayer.swift */,
				97C5B2B829DA4D1300C82735 /* GalleryImageViewTiledLayer.swift */,
				97F2FB4E2223084B006BD617 /* GalleryNC.swift */,
				973066BA220C82110068E8C7 /* GalleryThumbnailCell.swift */,
			);
			path = Gallery;
			sourceTree = "<group>";
		};
		97CD848B263AC5CA006DD44B /* Controllers */ = {
			isa = PBXGroup;
			children = (
				97C11148265C497900794994 /* Analytics.swift */,
				97367D6E2A0ADA2F009670AB /* BackgroundKeepAlive.swift */,
				97865080220B69AC00F52DE6 /* GalleryManager.swift */,
				977EA2CF29DEEF6100CBD092 /* Logger.swift */,
				972B78C029E417C9004FA923 /* Logger+Sane.swift */,
				9786507E220B645500F52DE6 /* PDFActivity.swift */,
				9786507C220B5E6400F52DE6 /* PDFGenerator.swift */,
				97EB32B42207BB740027CCAE /* Preferences.swift */,
				972B584629A8F302003A9403 /* SaneBonjour.swift */,
				97F90D942A05C7AD00578F06 /* SaneMockable.swift */,
			);
			path = Controllers;
			sourceTree = "<group>";
		};
		97CD848C263AC5DE006DD44B /* Models */ = {
			isa = PBXGroup;
			children = (
				97DEA1AA29C692AA0088AC71 /* Acknowledgement.swift */,
				9736470429E743700089458A /* ConditionallyDismissible.swift */,
				97FE556E264556D60036357E /* DeviceOptionControllable.swift */,
				97FF2A9229EC9F0B0096ACFC /* GalleryGroup.swift */,
				97F2FB54222318D5006BD617 /* GalleryItem.swift */,
				9796632129F991FF00E28486 /* GalleryItem+UI.swift */,
				97D4CE892636EB7800F84150 /* Snapshot.swift */,
				9749579C29EF50D400B8F496 /* SnapshotConfig.swift */,
			);
			path = Models;
			sourceTree = "<group>";
		};
		97CD848D263AC5ED006DD44B /* Extensions */ = {
			isa = PBXGroup;
			children = (
				97A602772ABCE562000B1F1B /* Collection+SY.swift */,
				97FF2A9029EC9CD30096ACFC /* DiffableDataSources+SY.swift */,
				973066C2220C8C740068E8C7 /* FileManager+SY.swift */,
				9730FD9125CF6365009ABCBC /* SaneSwift+SY.swift */,
				971584CD222F36C100DC46CA /* SYPictureMetdata+SY.swift */,
				973066C6220C951B0068E8C7 /* UIActivityViewController+SY.swift */,
				977C4F6426484F1500856E0E /* UIAlertController+SY.swift */,
				975277CB264D5D4400FFAAF4 /* UIBarButtonItem+SY.swift */,
				97A3AC2329A7F4CB00F31207 /* UIButton+SY.swift */,
				97BE129A220BC0AC006A2AE8 /* UIColor+SY.swift */,
				977EA2D829E0331500CBD092 /* UIContextMenuConfiguration+SY.swift */,
				971584CF222F445200DC46CA /* UIImage+SY.swift */,
				97CCA361264F14BD0042F790 /* UIKeyCommand+SY.swift */,
				97BE12A0220BC493006A2AE8 /* UIScrollView+SY.swift */,
				977F42122A07FE28008D039C /* UITableViewCell+SY.swift */,
				972DD21A2ABDAB440029E916 /* URL+SY.swift */,
			);
			path = Extensions;
			sourceTree = "<group>";
		};
		97CD848E263AC606006DD44B /* VCs */ = {
			isa = PBXGroup;
			children = (
				97499E5E220874B3006DED20 /* SplitVC.swift */,
				97499E5A220862FE006DED20 /* ScanNC.swift */,
				9757FCEF2207112D00AB59F1 /* DevicesVC.swift */,
				97044901220875D300E13C6A /* DeviceVC.swift */,
				97D590122637565800E84198 /* DevicePreviewVC.swift */,
				97D590132637565800E84198 /* DevicePreviewVC.xib */,
				97FDF401222C55EE00B71E4C /* DeviceOptionVC.swift */,
				97EB32B022071F880027CCAE /* PreferencesVC.swift */,
				97EB32B122071F880027CCAE /* PreferencesVC.xib */,
				97DEA1AC29C74C5F0088AC71 /* AcknowledgementsVC.swift */,
			);
			path = VCs;
			sourceTree = "<group>";
		};
		F8CBD2041AF9A58C00B4C221 = {
			isa = PBXGroup;
			children = (
				F8CBD20F1AF9A58C00B4C221 /* Backlit */,
				97B8C7752643EA2600C06617 /* BacklitShared */,
				97A9FCE4264090500027F462 /* BacklitCatalystPlugin */,
				97C11177265C5C8600794994 /* BacklitFileProvider */,
				97A6608B2AC2F20C0062A79D /* BacklitUITests */,
				F8CBD20E1AF9A58C00B4C221 /* Products */,
				FAEBABDA90387CC5C84B4AA3 /* Pods */,
				4B2FEBCC61DA763130F7883B /* Frameworks */,
			);
			sourceTree = "<group>";
		};
		F8CBD20E1AF9A58C00B4C221 /* Products */ = {
			isa = PBXGroup;
			children = (
				F8CBD20D1AF9A58C00B4C221 /* Backlit.app */,
				97A9FCE3264090500027F462 /* BacklitCatalystPlugin.bundle */,
				97C11176265C5C8500794994 /* BacklitFileProvider.appex */,
				97A6608A2AC2F20C0062A79D /* BacklitUITests.xctest */,
			);
			name = Products;
			sourceTree = "<group>";
		};
		F8CBD20F1AF9A58C00B4C221 /* Backlit */ = {
			isa = PBXGroup;
			children = (
				976E423D23D2158100FFEFD0 /* Backlit.entitlements */,
				972437962A0AFA54002C5F6B /* Resources */,
				97CD848D263AC5ED006DD44B /* Extensions */,
				97CD848C263AC5DE006DD44B /* Models */,
				97CD848B263AC5CA006DD44B /* Controllers */,
				97CD848A263AC5B4006DD44B /* Gallery */,
				97CD8489263AC599006DD44B /* Cells */,
				97CD8488263AC581006DD44B /* Views */,
				97CD848E263AC606006DD44B /* VCs */,
				9704490B2208900700E13C6A /* AppDelegate.swift */,
				977712D125CCB2F1009EC50D /* SceneDelegate.swift */,
				977712D525CCB376009EC50D /* Context.swift */,
				97CC34E02205F48B00304345 /* Backlit-Bridging-Header.h */,
				F8CBD2101AF9A58C00B4C221 /* Supporting Files */,
			);
			path = Backlit;
			sourceTree = "<group>";
		};
		F8CBD2101AF9A58C00B4C221 /* Supporting Files */ = {
			isa = PBXGroup;
			children = (
				F8CBD2111AF9A58C00B4C221 /* Info.plist */,
				972437902A0AF2C8002C5F6B /* InfoPlist.strings */,
				979D4BA31E4A797C00F90EFB /* Settings.bundle */,
			);
			name = "Supporting Files";
			sourceTree = "<group>";
		};
		FAEBABDA90387CC5C84B4AA3 /* Pods */ = {
			isa = PBXGroup;
			children = (
				D517A84372CDD37AC1E6D5BD /* Pods-Backlit.debug.xcconfig */,
				8C055B2580BBAA99264E93A6 /* Pods-Backlit.release.xcconfig */,
			);
			path = Pods;
			sourceTree = "<group>";
		};
/* End PBXGroup section */

/* Begin PBXNativeTarget section */
		97A660892AC2F20C0062A79D /* BacklitUITests */ = {
			isa = PBXNativeTarget;
			buildConfigurationList = 97A660922AC2F20C0062A79D /* Build configuration list for PBXNativeTarget "BacklitUITests" */;
			buildPhases = (
				97A660862AC2F20C0062A79D /* Sources */,
				97A660872AC2F20C0062A79D /* Frameworks */,
				97A660882AC2F20C0062A79D /* Resources */,
			);
			buildRules = (
			);
			dependencies = (
				97A660912AC2F20C0062A79D /* PBXTargetDependency */,
			);
			name = BacklitUITests;
			productName = BacklitUITests;
			productReference = 97A6608A2AC2F20C0062A79D /* BacklitUITests.xctest */;
			productType = "com.apple.product-type.bundle.ui-testing";
		};
		97A9FCE2264090500027F462 /* BacklitCatalystPlugin */ = {
			isa = PBXNativeTarget;
			buildConfigurationList = 97A9FCE6264090500027F462 /* Build configuration list for PBXNativeTarget "BacklitCatalystPlugin" */;
			buildPhases = (
				97A9FCDF264090500027F462 /* Sources */,
				97A9FCE0264090500027F462 /* Frameworks */,
				97A9FCE1264090500027F462 /* Resources */,
			);
			buildRules = (
			);
			dependencies = (
			);
			name = BacklitCatalystPlugin;
			productName = BacklitCatalystPlugin;
			productReference = 97A9FCE3264090500027F462 /* BacklitCatalystPlugin.bundle */;
			productType = "com.apple.product-type.bundle";
		};
		97C11175265C5C8500794994 /* BacklitFileProvider */ = {
			isa = PBXNativeTarget;
			buildConfigurationList = 97C11185265C5C8600794994 /* Build configuration list for PBXNativeTarget "BacklitFileProvider" */;
			buildPhases = (
				97C11172265C5C8500794994 /* Sources */,
				97C11173265C5C8500794994 /* Frameworks */,
				97C11174265C5C8500794994 /* Resources */,
			);
			buildRules = (
			);
			dependencies = (
			);
			name = BacklitFileProvider;
			productName = BacklitFileProvider;
			productReference = 97C11176265C5C8500794994 /* BacklitFileProvider.appex */;
			productType = "com.apple.product-type.app-extension";
		};
		F8CBD20C1AF9A58C00B4C221 /* Backlit */ = {
			isa = PBXNativeTarget;
			buildConfigurationList = F8CBD2301AF9A58C00B4C221 /* Build configuration list for PBXNativeTarget "Backlit" */;
			buildPhases = (
				96AE0F9FA96BA65CE29FA0D6 /* [CP] Check Pods Manifest.lock */,
				97DF1B511E3BA42A00AD8A92 /* TODOs etc */,
				976E5BAC1E3BA4630057B599 /* TRANSLATE */,
				F8CBD2091AF9A58C00B4C221 /* Sources */,
				F8CBD20A1AF9A58C00B4C221 /* Frameworks */,
				F8CBD20B1AF9A58C00B4C221 /* Resources */,
				97A9FCF3264093920027F462 /* Embed PlugIns */,
				0CC6C4053412002472A7F1FB /* [CP] Embed Pods Frameworks */,
				B832791A4E4D5DD89AB18A23 /* [CP] Copy Pods Resources */,
			);
			buildRules = (
			);
			dependencies = (
				97A9FCF2264093920027F462 /* PBXTargetDependency */,
				97C11181265C5C8600794994 /* PBXTargetDependency */,
			);
			name = Backlit;
			productName = Backlit;
			productReference = F8CBD20D1AF9A58C00B4C221 /* Backlit.app */;
			productType = "com.apple.product-type.application";
		};
/* End PBXNativeTarget section */

/* Begin PBXProject section */
		F8CBD2051AF9A58C00B4C221 /* Project object */ = {
			isa = PBXProject;
			attributes = {
				BuildIndependentTargetsInParallel = YES;
				CLASSPREFIX = SY;
				LastSwiftUpdateCheck = 1500;
				LastUpgradeCheck = 1500;
				ORGANIZATIONNAME = Syan;
				TargetAttributes = {
					97A660892AC2F20C0062A79D = {
						CreatedOnToolsVersion = 15.0;
						TestTargetID = F8CBD20C1AF9A58C00B4C221;
					};
					97A9FCE2264090500027F462 = {
						CreatedOnToolsVersion = 12.5;
						LastSwiftMigration = 1250;
					};
					97C11175265C5C8500794994 = {
						CreatedOnToolsVersion = 12.5;
					};
					F8CBD20C1AF9A58C00B4C221 = {
						CreatedOnToolsVersion = 6.3.1;
						DevelopmentTeam = 79RY8264V4;
						LastSwiftMigration = 1010;
						ProvisioningStyle = Manual;
					};
				};
			};
			buildConfigurationList = F8CBD2081AF9A58C00B4C221 /* Build configuration list for PBXProject "Backlit" */;
			compatibilityVersion = "Xcode 14.0";
			developmentRegion = en;
			hasScannedForEncodings = 0;
			knownRegions = (
				en,
				fr,
				Base,
			);
			mainGroup = F8CBD2041AF9A58C00B4C221;
			productRefGroup = F8CBD20E1AF9A58C00B4C221 /* Products */;
			projectDirPath = "";
			projectRoot = "";
			targets = (
				F8CBD20C1AF9A58C00B4C221 /* Backlit */,
				97A9FCE2264090500027F462 /* BacklitCatalystPlugin */,
				97C11175265C5C8500794994 /* BacklitFileProvider */,
				97A660892AC2F20C0062A79D /* BacklitUITests */,
			);
		};
/* End PBXProject section */

/* Begin PBXResourcesBuildPhase section */
		97A660882AC2F20C0062A79D /* Resources */ = {
			isa = PBXResourcesBuildPhase;
			buildActionMask = 2147483647;
			files = (
				97A660B72AC2F2320062A79D /* gallery-E1.jpg in Resources */,
				97A660B32AC2F2320062A79D /* preview_image.jpg in Resources */,
				97A660C22AC2F2320062A79D /* gallery-G1.jpg in Resources */,
				97A660B82AC2F2320062A79D /* gallery-B2.jpg in Resources */,
				97A660B02AC2F2320062A79D /* gallery-H2.jpg in Resources */,
				97A660B12AC2F2320062A79D /* gallery-D2.jpg in Resources */,
				97A660BF2AC2F2320062A79D /* gallery-F1.jpg in Resources */,
				97A660AF2AC2F2320062A79D /* gallery-D1.jpg in Resources */,
				97A660B92AC2F2320062A79D /* gallery-B3.jpg in Resources */,
				97A660BD2AC2F2320062A79D /* gallery-A2.jpg in Resources */,
				97A660B42AC2F2320062A79D /* gallery-I1.jpg in Resources */,
				97A660BB2AC2F2320062A79D /* gallery-C1.jpg in Resources */,
				97A660B62AC2F2320062A79D /* gallery-I2.jpg in Resources */,
				97A660C92AC2F2690062A79D /* Localizable.strings in Resources */,
				97A660C02AC2F2320062A79D /* gallery-F2.jpg in Resources */,
				97A660BA2AC2F2320062A79D /* gallery-B1.jpg in Resources */,
				97A660B52AC2F2320062A79D /* gallery-I3.jpg in Resources */,
				97A660BC2AC2F2320062A79D /* gallery-A1.jpg in Resources */,
				97A660C12AC2F2320062A79D /* gallery-G2.jpg in Resources */,
				97A660BE2AC2F2320062A79D /* gallery-A3.jpg in Resources */,
				97A660B22AC2F2320062A79D /* gallery-H1.jpg in Resources */,
				97A660C32AC2F2320062A79D /* Info.plist in Resources */,
			);
			runOnlyForDeploymentPostprocessing = 0;
		};
		97A9FCE1264090500027F462 /* Resources */ = {
			isa = PBXResourcesBuildPhase;
			buildActionMask = 2147483647;
			files = (
			);
			runOnlyForDeploymentPostprocessing = 0;
		};
		97C11174265C5C8500794994 /* Resources */ = {
			isa = PBXResourcesBuildPhase;
			buildActionMask = 2147483647;
			files = (
			);
			runOnlyForDeploymentPostprocessing = 0;
		};
		F8CBD20B1AF9A58C00B4C221 /* Resources */ = {
			isa = PBXResourcesBuildPhase;
			buildActionMask = 2147483647;
			files = (
				97D590152637565800E84198 /* DevicePreviewVC.xib in Resources */,
				972437952A0AF830002C5F6B /* silent.mp3 in Resources */,
				9724378E2A0AF2C8002C5F6B /* InfoPlist.strings in Resources */,
				9785C5661E3D247A006CD4F1 /* Localizable.strings in Resources */,
				974E0D5F2A3906C00080D563 /* scanner.caf in Resources */,
				97EF42272205FF7900D45FC8 /* HostCell.xib in Resources */,
				97D0E04622060C5700AC74D0 /* PreviewCell.xib in Resources */,
				97F0A2651E52687F008C4690 /* Assets.xcassets in Resources */,
				97F2FB4D22230325006BD617 /* GalleryGridVC.xib in Resources */,
				97CC34E42205F48B00304345 /* OptionCell.xib in Resources */,
				97EB32B322071F880027CCAE /* PreferencesVC.xib in Resources */,
				979D4BA41E4A797C00F90EFB /* Settings.bundle in Resources */,
				97DEA1B129C7537C0088AC71 /* AcknowledgementCell.xib in Resources */,
				97D0E042220607E500AC74D0 /* DeviceCell.xib in Resources */,
				971ABFDF1CCFA0150086F600 /* SYLaunchScreen.storyboard in Resources */,
			);
			runOnlyForDeploymentPostprocessing = 0;
		};
/* End PBXResourcesBuildPhase section */

/* Begin PBXShellScriptBuildPhase section */
		0CC6C4053412002472A7F1FB /* [CP] Embed Pods Frameworks */ = {
			isa = PBXShellScriptBuildPhase;
			buildActionMask = 2147483647;
			files = (
			);
			inputPaths = (
				"${PODS_ROOT}/Target Support Files/Pods-Backlit/Pods-Backlit-frameworks.sh",
				"${BUILT_PRODUCTS_DIR}/DiffableDataSources/DiffableDataSources.framework",
				"${BUILT_PRODUCTS_DIR}/DifferenceKit/DifferenceKit.framework",
				"${BUILT_PRODUCTS_DIR}/DirectoryWatcher/DirectoryWatcher.framework",
				"${BUILT_PRODUCTS_DIR}/KeychainAccess/KeychainAccess.framework",
				"${BUILT_PRODUCTS_DIR}/LRUCache/LRUCache.framework",
				"${BUILT_PRODUCTS_DIR}/SYEmailHelper/SYEmailHelper.framework",
				"${BUILT_PRODUCTS_DIR}/SYKit/SYKit.framework",
				"${BUILT_PRODUCTS_DIR}/SYOperationQueue/SYOperationQueue.framework",
				"${BUILT_PRODUCTS_DIR}/SYPictureMetadata/SYPictureMetadata.framework",
				"${BUILT_PRODUCTS_DIR}/SnapKit/SnapKit.framework",
				"${BUILT_PRODUCTS_DIR}/SpinKit/SpinKit.framework",
				"${BUILT_PRODUCTS_DIR}/TelemetryClient/TelemetryClient.framework",
			);
			name = "[CP] Embed Pods Frameworks";
			outputPaths = (
				"${TARGET_BUILD_DIR}/${FRAMEWORKS_FOLDER_PATH}/DiffableDataSources.framework",
				"${TARGET_BUILD_DIR}/${FRAMEWORKS_FOLDER_PATH}/DifferenceKit.framework",
				"${TARGET_BUILD_DIR}/${FRAMEWORKS_FOLDER_PATH}/DirectoryWatcher.framework",
				"${TARGET_BUILD_DIR}/${FRAMEWORKS_FOLDER_PATH}/KeychainAccess.framework",
				"${TARGET_BUILD_DIR}/${FRAMEWORKS_FOLDER_PATH}/LRUCache.framework",
				"${TARGET_BUILD_DIR}/${FRAMEWORKS_FOLDER_PATH}/SYEmailHelper.framework",
				"${TARGET_BUILD_DIR}/${FRAMEWORKS_FOLDER_PATH}/SYKit.framework",
				"${TARGET_BUILD_DIR}/${FRAMEWORKS_FOLDER_PATH}/SYOperationQueue.framework",
				"${TARGET_BUILD_DIR}/${FRAMEWORKS_FOLDER_PATH}/SYPictureMetadata.framework",
				"${TARGET_BUILD_DIR}/${FRAMEWORKS_FOLDER_PATH}/SnapKit.framework",
				"${TARGET_BUILD_DIR}/${FRAMEWORKS_FOLDER_PATH}/SpinKit.framework",
				"${TARGET_BUILD_DIR}/${FRAMEWORKS_FOLDER_PATH}/TelemetryClient.framework",
			);
			runOnlyForDeploymentPostprocessing = 0;
			shellPath = /bin/sh;
			shellScript = "\"${PODS_ROOT}/Target Support Files/Pods-Backlit/Pods-Backlit-frameworks.sh\"\n";
			showEnvVarsInLog = 0;
		};
		96AE0F9FA96BA65CE29FA0D6 /* [CP] Check Pods Manifest.lock */ = {
			isa = PBXShellScriptBuildPhase;
			buildActionMask = 2147483647;
			files = (
			);
			inputFileListPaths = (
			);
			inputPaths = (
				"${PODS_PODFILE_DIR_PATH}/Podfile.lock",
				"${PODS_ROOT}/Manifest.lock",
			);
			name = "[CP] Check Pods Manifest.lock";
			outputFileListPaths = (
			);
			outputPaths = (
				"$(DERIVED_FILE_DIR)/Pods-Backlit-checkManifestLockResult.txt",
			);
			runOnlyForDeploymentPostprocessing = 0;
			shellPath = /bin/sh;
			shellScript = "diff \"${PODS_PODFILE_DIR_PATH}/Podfile.lock\" \"${PODS_ROOT}/Manifest.lock\" > /dev/null\nif [ $? != 0 ] ; then\n    # print error to STDERR\n    echo \"error: The sandbox is not in sync with the Podfile.lock. Run 'pod install' or update your CocoaPods installation.\" >&2\n    exit 1\nfi\n# This output is used by Xcode 'outputs' to avoid re-running this script phase.\necho \"SUCCESS\" > \"${SCRIPT_OUTPUT_FILE_0}\"\n";
			showEnvVarsInLog = 0;
		};
		976E5BAC1E3BA4630057B599 /* TRANSLATE */ = {
			isa = PBXShellScriptBuildPhase;
			alwaysOutOfDate = 1;
			buildActionMask = 2147483647;
			files = (
			);
			inputPaths = (
			);
			name = TRANSLATE;
			outputPaths = (
			);
			runOnlyForDeploymentPostprocessing = 0;
			shellPath = /usr/bin/ruby;
			shellScript = "# characters in the list will prevent the @ sign from being considered as a string literal start\ncharacters_to_ignore_before_at = \"%\"\n\n# list all .m and .h files in directory\nDir.glob(\"#{ENV['SRCROOT']}/#{ENV['PROJECT_NAME']}/**/{*.h,*.m}\") do |file|\n\n# iterate through all lines of the given file\nFile.foreach(file).with_index do |line, line_num|\n\n# iterate through all occurences of @\", and check if it represents the beginning of a string literal\nindex = -1\nwhile index = line.index('@\"', index+1)\n\n# if we haven't found the beginning of a literal we go to the next occurence\nnext if index > 0 && characters_to_ignore_before_at.index(line[index-1])\n\n# we find the end of the literal\nindex_end = index + 1\nwhile index_end = line.index('\"', index_end+1)\n# the double-quote character doesn't denote an end if it's escaped\nbreak if line[index_end-1] != '\\\\'\nend\n\n# in case the literal is sprend into multiple lines and we don't find its end on this line\nif index_end == nil\nindex_end = -1\nend\n\n# string literal content\nstring_to_translate = line[index..index_end]\n\n# xcode warning\nputs \"#{file}:#{line_num+1}:#{index+1}: warning: TRANSLATE: #{string_to_translate}\"\nend\nend\nend\n\n";
		};
		97DF1B511E3BA42A00AD8A92 /* TODOs etc */ = {
			isa = PBXShellScriptBuildPhase;
			alwaysOutOfDate = 1;
			buildActionMask = 2147483647;
			files = (
			);
			inputPaths = (
			);
			name = "TODOs etc";
			outputPaths = (
			);
			runOnlyForDeploymentPostprocessing = 0;
			shellPath = /bin/sh;
			shellScript = "declare -a TAGS=(\"TODO:\" \"FIXME:\" \"LATER:\")\necho \"searching ${SRCROOT} for ${TAGS}\"\n\nfor TAG in ${TAGS[@]}; do\nfind \"${SRCROOT}/Backlit\" \\( -name \"*.h\" -or -name \"*.m\" -or -name \"*.swift\" \\) -print0 | xargs -0 egrep --with-filename --line-number --only-matching \"($TAG).*\\$\" | perl -p -e \"s/($TAG)/ warning: \\$1/\"\ndone\n\nfor TAG in ${TAGS[@]}; do\nfind \"${SRCROOT}/BacklitCatalystPlugin\" \\( -name \"*.h\" -or -name \"*.m\" -or -name \"*.swift\" \\) -print0 | xargs -0 egrep --with-filename --line-number --only-matching \"($TAG).*\\$\" | perl -p -e \"s/($TAG)/ warning: \\$1/\"\ndone\n\nfor TAG in ${TAGS[@]}; do\nfind \"${SRCROOT}/BacklitFileProvider\" \\( -name \"*.h\" -or -name \"*.m\" -or -name \"*.swift\" \\) -print0 | xargs -0 egrep --with-filename --line-number --only-matching \"($TAG).*\\$\" | perl -p -e \"s/($TAG)/ warning: \\$1/\"\ndone\n\nfor TAG in ${TAGS[@]}; do\nfind \"${SRCROOT}/SaneSwift\" \\( -name \"*.h\" -or -name \"*.m\" -or -name \"*.swift\" \\) -print0 | xargs -0 egrep --with-filename --line-number --only-matching \"($TAG).*\\$\" | perl -p -e \"s/($TAG)/ warning: \\$1/\"\ndone\n";
		};
		B832791A4E4D5DD89AB18A23 /* [CP] Copy Pods Resources */ = {
			isa = PBXShellScriptBuildPhase;
			buildActionMask = 2147483647;
			files = (
			);
			inputPaths = (
				"${PODS_ROOT}/Target Support Files/Pods-Backlit/Pods-Backlit-resources.sh",
				"${PODS_CONFIGURATION_BUILD_DIR}/Sane/Sane-Translations.bundle",
				"${PODS_CONFIGURATION_BUILD_DIR}/SaneSwift/SaneSwift-Translations.bundle",
			);
			name = "[CP] Copy Pods Resources";
			outputPaths = (
				"${TARGET_BUILD_DIR}/${UNLOCALIZED_RESOURCES_FOLDER_PATH}/Sane-Translations.bundle",
				"${TARGET_BUILD_DIR}/${UNLOCALIZED_RESOURCES_FOLDER_PATH}/SaneSwift-Translations.bundle",
			);
			runOnlyForDeploymentPostprocessing = 0;
			shellPath = /bin/sh;
			shellScript = "\"${PODS_ROOT}/Target Support Files/Pods-Backlit/Pods-Backlit-resources.sh\"\n";
			showEnvVarsInLog = 0;
		};
/* End PBXShellScriptBuildPhase section */

/* Begin PBXSourcesBuildPhase section */
		97A660862AC2F20C0062A79D /* Sources */ = {
			isa = PBXSourcesBuildPhase;
			buildActionMask = 2147483647;
			files = (
				97A660C42AC2F2320062A79D /* XCTestCase+SY.swift in Sources */,
				97A660AE2AC2F2320062A79D /* BacklitUITests.swift in Sources */,
				97A660C52AC2F2320062A79D /* XCUIElement+SY.swift in Sources */,
				97A660C82AC2F2630062A79D /* SnapshotConfig.swift in Sources */,
				97A660CB2AC2F30B0062A79D /* SnapshotHelper.swift in Sources */,
			);
			runOnlyForDeploymentPostprocessing = 0;
		};
		97A9FCDF264090500027F462 /* Sources */ = {
			isa = PBXSourcesBuildPhase;
			buildActionMask = 2147483647;
			files = (
				97A9FCEA2640906F0027F462 /* CatalystPlugin.swift in Sources */,
				97A9FCEC264090960027F462 /* CatalystPluginImplementation.swift in Sources */,
			);
			runOnlyForDeploymentPostprocessing = 0;
		};
		97C11172265C5C8500794994 /* Sources */ = {
			isa = PBXSourcesBuildPhase;
			buildActionMask = 2147483647;
			files = (
				972B78BF29E417A7004FA923 /* Logger.swift in Sources */,
				97C11189265C5E1600794994 /* FileManager+SY.swift in Sources */,
				97C11179265C5C8600794994 /* FileProviderExtension.swift in Sources */,
				97C1117B265C5C8600794994 /* FileProviderItem.swift in Sources */,
				97C1117D265C5C8600794994 /* FileProviderEnumerator.swift in Sources */,
			);
			runOnlyForDeploymentPostprocessing = 0;
		};
		F8CBD2091AF9A58C00B4C221 /* Sources */ = {
			isa = PBXSourcesBuildPhase;
			buildActionMask = 2147483647;
			files = (
				97D5902526377CBE00E84198 /* TooltipView.swift in Sources */,
				97EF42262205FF7900D45FC8 /* HostCell.swift in Sources */,
				97CC34E32205F48B00304345 /* OptionCell.swift in Sources */,
				97FF2A9129EC9CD30096ACFC /* DiffableDataSources+SY.swift in Sources */,
				9736470529E743700089458A /* ConditionallyDismissible.swift in Sources */,
				9730FD9225CF6365009ABCBC /* SaneSwift+SY.swift in Sources */,
				97044903220875D300E13C6A /* DeviceVC.swift in Sources */,
				971584CE222F36C100DC46CA /* SYPictureMetdata+SY.swift in Sources */,
				975277CA264D5C1A00FFAAF4 /* RefreshView.swift in Sources */,
				9704490C2208900700E13C6A /* AppDelegate.swift in Sources */,
				973066C1220C898E0068E8C7 /* GalleryGridLayout.swift in Sources */,
				973646FC29E6DA400089458A /* BouncyLayout.swift in Sources */,
				97F2FB5122230A6B006BD617 /* GalleryImagesVC.swift in Sources */,
				977712D225CCB2F1009EC50D /* SceneDelegate.swift in Sources */,
				97FE556F264556D60036357E /* DeviceOptionControllable.swift in Sources */,
				977C4F5F2648105200856E0E /* TableViewCell.swift in Sources */,
				977C4F5B264739AF00856E0E /* Slider.swift in Sources */,
				973066C7220C951B0068E8C7 /* UIActivityViewController+SY.swift in Sources */,
				972B584729A8F302003A9403 /* SaneBonjour.swift in Sources */,
				97FF2A9329EC9F0B0096ACFC /* GalleryGroup.swift in Sources */,
				97BE12A1220BC493006A2AE8 /* UIScrollView+SY.swift in Sources */,
				9786507D220B5E6400F52DE6 /* PDFGenerator.swift in Sources */,
				97EB32B52207BB740027CCAE /* Preferences.swift in Sources */,
				97DEA1B029C7537C0088AC71 /* AcknowledgementCell.swift in Sources */,
				97F2FB4B222302DE006BD617 /* GalleryGridVC.swift in Sources */,
				971584D0222F445200DC46CA /* UIImage+SY.swift in Sources */,
				9786507F220B645500F52DE6 /* PDFActivity.swift in Sources */,
				97367D6F2A0ADA2F009670AB /* BackgroundKeepAlive.swift in Sources */,
				97DEA1AB29C692AA0088AC71 /* Acknowledgement.swift in Sources */,
				97F2FB5322230A81006BD617 /* GalleryImageVC.swift in Sources */,
				97D0E041220607E500AC74D0 /* DeviceCell.swift in Sources */,
				97D0E04522060C5700AC74D0 /* PreviewCell.swift in Sources */,
				97A3AC2429A7F4CB00F31207 /* UIButton+SY.swift in Sources */,
				97DC2CB229E610E400BAF1AC /* GalleryGridHeader.swift in Sources */,
				9731D89122C548CE008D7525 /* TapInsetsView.swift in Sources */,
				977EA2D729E02F1D00CBD092 /* GalleryImagePreviewVC.swift in Sources */,
				973066B5220C5CD90068E8C7 /* CropMaskView.swift in Sources */,
				97A602762ABCE25E000B1F1B /* Switch.swift in Sources */,
				9771598129C0812C00F61EA9 /* TableView.swift in Sources */,
				975277C8264D48AB00FFAAF4 /* ProgressMaskView.swift in Sources */,
				97EB32B222071F880027CCAE /* PreferencesVC.swift in Sources */,
				973066BB220C82110068E8C7 /* GalleryThumbnailCell.swift in Sources */,
				97A602782ABCE562000B1F1B /* Collection+SY.swift in Sources */,
				972B78C129E417C9004FA923 /* Logger+Sane.swift in Sources */,
				97F2FB55222318D5006BD617 /* GalleryItem.swift in Sources */,
				971B894229C8793C0005785A /* GalleryImageView.swift in Sources */,
				9740C16F2638DC8B00CAC543 /* ScanButton.swift in Sources */,
				9749579D29EF50D400B8F496 /* SnapshotConfig.swift in Sources */,
				978263CB221E253D0095E6ED /* DotsRefreshControl.swift in Sources */,
				97F2FB4F2223084B006BD617 /* GalleryNC.swift in Sources */,
				97C11149265C497900794994 /* Analytics.swift in Sources */,
				97CCA362264F14BD0042F790 /* UIKeyCommand+SY.swift in Sources */,
				97499E5B220862FE006DED20 /* ScanNC.swift in Sources */,
				977C4F612648109D00856E0E /* TableViewHeader.swift in Sources */,
				9757FCF12207112D00AB59F1 /* DevicesVC.swift in Sources */,
				973066B3220C55000068E8C7 /* GalleryThumbsView.swift in Sources */,
				97A9FCED264091500027F462 /* CatalystPlugin.swift in Sources */,
				977712D625CCB376009EC50D /* Context.swift in Sources */,
				97DEA1AD29C74C5F0088AC71 /* AcknowledgementsVC.swift in Sources */,
				97BE129B220BC0AC006A2AE8 /* UIColor+SY.swift in Sources */,
				973066C3220C8C740068E8C7 /* FileManager+SY.swift in Sources */,
				97FDF403222C55EE00B71E4C /* DeviceOptionVC.swift in Sources */,
				97C5B2B929DA4D1300C82735 /* GalleryImageViewTiledLayer.swift in Sources */,
				97F90D952A05C7AD00578F06 /* SaneMockable.swift in Sources */,
				977EA2D929E0331500CBD092 /* UIContextMenuConfiguration+SY.swift in Sources */,
				9796632229F991FF00E28486 /* GalleryItem+UI.swift in Sources */,
				97C5B2BB29DB0E9000C82735 /* GalleryImageViewImageLayer.swift in Sources */,
				977EA2D029DEEF6100CBD092 /* Logger.swift in Sources */,
				975277CC264D5D4400FFAAF4 /* UIBarButtonItem+SY.swift in Sources */,
				977C4F6526484F1500856E0E /* UIAlertController+SY.swift in Sources */,
				97865081220B69AC00F52DE6 /* GalleryManager.swift in Sources */,
				97499E5F220874B3006DED20 /* SplitVC.swift in Sources */,
				97D4CE8A2636EB7800F84150 /* Snapshot.swift in Sources */,
				97D590142637565800E84198 /* DevicePreviewVC.swift in Sources */,
				977F42132A07FE28008D039C /* UITableViewCell+SY.swift in Sources */,
				972DD21B2ABDAB440029E916 /* URL+SY.swift in Sources */,
				97EAF238220B54A700435DE6 /* PreviewView.swift in Sources */,
				97499E5D220872F5006DED20 /* Toolbar.swift in Sources */,
			);
			runOnlyForDeploymentPostprocessing = 0;
		};
/* End PBXSourcesBuildPhase section */

/* Begin PBXTargetDependency section */
		97A660912AC2F20C0062A79D /* PBXTargetDependency */ = {
			isa = PBXTargetDependency;
			target = F8CBD20C1AF9A58C00B4C221 /* Backlit */;
			targetProxy = 97A660902AC2F20C0062A79D /* PBXContainerItemProxy */;
		};
		97A9FCF2264093920027F462 /* PBXTargetDependency */ = {
			isa = PBXTargetDependency;
			platformFilter = maccatalyst;
			target = 97A9FCE2264090500027F462 /* BacklitCatalystPlugin */;
			targetProxy = 97A9FCF1264093920027F462 /* PBXContainerItemProxy */;
		};
		97C11181265C5C8600794994 /* PBXTargetDependency */ = {
			isa = PBXTargetDependency;
			platformFilter = ios;
			target = 97C11175265C5C8500794994 /* BacklitFileProvider */;
			targetProxy = 97C11180265C5C8600794994 /* PBXContainerItemProxy */;
		};
/* End PBXTargetDependency section */

/* Begin PBXVariantGroup section */
		972437902A0AF2C8002C5F6B /* InfoPlist.strings */ = {
			isa = PBXVariantGroup;
			children = (
				9724378F2A0AF2C8002C5F6B /* en */,
				972437912A0AF2C9002C5F6B /* fr */,
			);
			name = InfoPlist.strings;
			sourceTree = "<group>";
		};
		9785C5681E3D247A006CD4F1 /* Localizable.strings */ = {
			isa = PBXVariantGroup;
			children = (
				9785C5671E3D247A006CD4F1 /* en */,
				970A587F1E41665C0033A116 /* fr */,
			);
			name = Localizable.strings;
			sourceTree = "<group>";
		};
/* End PBXVariantGroup section */

/* Begin XCBuildConfiguration section */
		97A660932AC2F20C0062A79D /* Debug */ = {
			isa = XCBuildConfiguration;
			buildSettings = {
				ASSETCATALOG_COMPILER_GENERATE_SWIFT_ASSET_SYMBOL_EXTENSIONS = YES;
				CLANG_ANALYZER_NONNULL = YES;
				CLANG_ANALYZER_NUMBER_OBJECT_CONVERSION = YES_AGGRESSIVE;
				CLANG_CXX_LANGUAGE_STANDARD = "gnu++20";
				CLANG_ENABLE_OBJC_WEAK = YES;
				CLANG_WARN_DOCUMENTATION_COMMENTS = YES;
				CODE_SIGN_STYLE = Automatic;
				CURRENT_PROJECT_VERSION = 23;
				DEBUG_INFORMATION_FORMAT = dwarf;
				DEVELOPMENT_TEAM = 79RY8264V4;
				ENABLE_USER_SCRIPT_SANDBOXING = YES;
				GCC_C_LANGUAGE_STANDARD = gnu17;
				GENERATE_INFOPLIST_FILE = YES;
				LOCALIZATION_PREFERS_STRING_CATALOGS = YES;
				MARKETING_VERSION = 1.0;
				MTL_ENABLE_DEBUG_INFO = INCLUDE_SOURCE;
				MTL_FAST_MATH = YES;
				PRODUCT_BUNDLE_IDENTIFIER = me.syan.BacklitUITests;
				PRODUCT_NAME = "$(TARGET_NAME)";
				SUPPORTED_PLATFORMS = "iphoneos iphonesimulator";
				SUPPORTS_MACCATALYST = YES;
				SUPPORTS_MAC_DESIGNED_FOR_IPHONE_IPAD = NO;
				SWIFT_ACTIVE_COMPILATION_CONDITIONS = "DEBUG $(inherited)";
				SWIFT_EMIT_LOC_STRINGS = NO;
				SWIFT_OPTIMIZATION_LEVEL = "-Onone";
				SWIFT_VERSION = 5.0;
				TARGETED_DEVICE_FAMILY = "1,2";
				TEST_TARGET_NAME = Backlit;
			};
			name = Debug;
		};
		97A660942AC2F20C0062A79D /* Release */ = {
			isa = XCBuildConfiguration;
			buildSettings = {
				ASSETCATALOG_COMPILER_GENERATE_SWIFT_ASSET_SYMBOL_EXTENSIONS = YES;
				CLANG_ANALYZER_NONNULL = YES;
				CLANG_ANALYZER_NUMBER_OBJECT_CONVERSION = YES_AGGRESSIVE;
				CLANG_CXX_LANGUAGE_STANDARD = "gnu++20";
				CLANG_ENABLE_OBJC_WEAK = YES;
				CLANG_WARN_DOCUMENTATION_COMMENTS = YES;
				CODE_SIGN_STYLE = Automatic;
				CURRENT_PROJECT_VERSION = 23;
				DEVELOPMENT_TEAM = 79RY8264V4;
				ENABLE_USER_SCRIPT_SANDBOXING = YES;
				GCC_C_LANGUAGE_STANDARD = gnu17;
				GENERATE_INFOPLIST_FILE = YES;
				LOCALIZATION_PREFERS_STRING_CATALOGS = YES;
				MARKETING_VERSION = 1.0;
				MTL_FAST_MATH = YES;
				PRODUCT_BUNDLE_IDENTIFIER = me.syan.BacklitUITests;
				PRODUCT_NAME = "$(TARGET_NAME)";
				SUPPORTED_PLATFORMS = "iphoneos iphonesimulator";
				SUPPORTS_MACCATALYST = YES;
				SUPPORTS_MAC_DESIGNED_FOR_IPHONE_IPAD = NO;
				SWIFT_EMIT_LOC_STRINGS = NO;
				SWIFT_VERSION = 5.0;
				TARGETED_DEVICE_FAMILY = "1,2";
				TEST_TARGET_NAME = Backlit;
			};
			name = Release;
		};
		97A9FCE7264090500027F462 /* Debug */ = {
			isa = XCBuildConfiguration;
			buildSettings = {
				CLANG_ANALYZER_NONNULL = YES;
				CLANG_ANALYZER_NUMBER_OBJECT_CONVERSION = YES_AGGRESSIVE;
				CLANG_CXX_LANGUAGE_STANDARD = "gnu++14";
				CLANG_ENABLE_MODULES = YES;
				CLANG_ENABLE_OBJC_WEAK = YES;
				CLANG_WARN_DOCUMENTATION_COMMENTS = YES;
				CODE_SIGN_STYLE = Automatic;
				COMBINE_HIDPI_IMAGES = YES;
				DEAD_CODE_STRIPPING = YES;
				DEBUG_INFORMATION_FORMAT = dwarf;
				DEVELOPMENT_TEAM = 79RY8264V4;
				GCC_C_LANGUAGE_STANDARD = gnu11;
				INFOPLIST_FILE = BacklitCatalystPlugin/Info.plist;
				INSTALL_PATH = "$(LOCAL_LIBRARY_DIR)/Bundles";
				LD_RUNPATH_SEARCH_PATHS = (
					"$(inherited)",
					"@executable_path/../Frameworks",
					"@loader_path/../Frameworks",
				);
				MTL_ENABLE_DEBUG_INFO = INCLUDE_SOURCE;
				MTL_FAST_MATH = YES;
				PRODUCT_BUNDLE_IDENTIFIER = "me.syan.SaneScanner-CatalystPlugin";
				PRODUCT_NAME = "$(TARGET_NAME)";
				SDKROOT = macosx;
				SKIP_INSTALL = YES;
				SWIFT_OPTIMIZATION_LEVEL = "-Onone";
				SWIFT_VERSION = 5.0;
				WRAPPER_EXTENSION = bundle;
			};
			name = Debug;
		};
		97A9FCE8264090500027F462 /* Release */ = {
			isa = XCBuildConfiguration;
			buildSettings = {
				CLANG_ANALYZER_NONNULL = YES;
				CLANG_ANALYZER_NUMBER_OBJECT_CONVERSION = YES_AGGRESSIVE;
				CLANG_CXX_LANGUAGE_STANDARD = "gnu++14";
				CLANG_ENABLE_MODULES = YES;
				CLANG_ENABLE_OBJC_WEAK = YES;
				CLANG_WARN_DOCUMENTATION_COMMENTS = YES;
				CODE_SIGN_STYLE = Automatic;
				COMBINE_HIDPI_IMAGES = YES;
				DEAD_CODE_STRIPPING = YES;
				DEVELOPMENT_TEAM = 79RY8264V4;
				GCC_C_LANGUAGE_STANDARD = gnu11;
				INFOPLIST_FILE = BacklitCatalystPlugin/Info.plist;
				INSTALL_PATH = "$(LOCAL_LIBRARY_DIR)/Bundles";
				LD_RUNPATH_SEARCH_PATHS = (
					"$(inherited)",
					"@executable_path/../Frameworks",
					"@loader_path/../Frameworks",
				);
				MTL_FAST_MATH = YES;
				PRODUCT_BUNDLE_IDENTIFIER = "me.syan.SaneScanner-CatalystPlugin";
				PRODUCT_NAME = "$(TARGET_NAME)";
				SDKROOT = macosx;
				SKIP_INSTALL = YES;
				SWIFT_VERSION = 5.0;
				WRAPPER_EXTENSION = bundle;
			};
			name = Release;
		};
		97C11183265C5C8600794994 /* Debug */ = {
			isa = XCBuildConfiguration;
			buildSettings = {
				CLANG_ANALYZER_NONNULL = YES;
				CLANG_ANALYZER_NUMBER_OBJECT_CONVERSION = YES_AGGRESSIVE;
				CLANG_CXX_LANGUAGE_STANDARD = "gnu++14";
				CLANG_ENABLE_OBJC_WEAK = YES;
				CLANG_WARN_DOCUMENTATION_COMMENTS = YES;
				CODE_SIGN_ENTITLEMENTS = BacklitFileProvider/BacklitFileProvider.entitlements;
				CODE_SIGN_IDENTITY = "iPhone Developer";
				"CODE_SIGN_IDENTITY[sdk=iphoneos*]" = "iPhone Developer";
				"CODE_SIGN_IDENTITY[sdk=macosx*]" = "Apple Development";
				CODE_SIGN_STYLE = Manual;
				CURRENT_PROJECT_VERSION = 23;
				DEBUG_INFORMATION_FORMAT = dwarf;
				DEVELOPMENT_TEAM = 79RY8264V4;
				GCC_C_LANGUAGE_STANDARD = gnu11;
				INFOPLIST_FILE = BacklitFileProvider/Info.plist;
				LD_RUNPATH_SEARCH_PATHS = (
					"$(inherited)",
					"@executable_path/Frameworks",
					"@executable_path/../../Frameworks",
				);
				MARKETING_VERSION = 2.0;
				MTL_ENABLE_DEBUG_INFO = INCLUDE_SOURCE;
				MTL_FAST_MATH = YES;
				PRODUCT_BUNDLE_IDENTIFIER = "me.syan.SaneScanner.SaneScanner-FileProvider";
				PRODUCT_NAME = "$(TARGET_NAME)";
				PROVISIONING_PROFILE_SPECIFIER = "me.syan.SaneScanner.SaneScanner-FileProvider Development";
				SKIP_INSTALL = YES;
				SUPPORTED_PLATFORMS = "iphoneos iphonesimulator";
				SUPPORTS_MACCATALYST = NO;
				SUPPORTS_MAC_DESIGNED_FOR_IPHONE_IPAD = NO;
				SWIFT_ACTIVE_COMPILATION_CONDITIONS = DEBUG;
				SWIFT_OPTIMIZATION_LEVEL = "-Onone";
				SWIFT_VERSION = 5.0;
				TARGETED_DEVICE_FAMILY = "1,2";
			};
			name = Debug;
		};
		97C11184265C5C8600794994 /* Release */ = {
			isa = XCBuildConfiguration;
			buildSettings = {
				CLANG_ANALYZER_NONNULL = YES;
				CLANG_ANALYZER_NUMBER_OBJECT_CONVERSION = YES_AGGRESSIVE;
				CLANG_CXX_LANGUAGE_STANDARD = "gnu++14";
				CLANG_ENABLE_OBJC_WEAK = YES;
				CLANG_WARN_DOCUMENTATION_COMMENTS = YES;
				CODE_SIGN_ENTITLEMENTS = BacklitFileProvider/BacklitFileProvider.entitlements;
				CODE_SIGN_IDENTITY = "iPhone Developer";
				"CODE_SIGN_IDENTITY[sdk=iphoneos*]" = "iPhone Developer";
				"CODE_SIGN_IDENTITY[sdk=macosx*]" = "Apple Distribution";
				CODE_SIGN_STYLE = Manual;
				CURRENT_PROJECT_VERSION = 23;
				DEVELOPMENT_TEAM = 79RY8264V4;
				"DEVELOPMENT_TEAM[sdk=iphoneos*]" = 79RY8264V4;
				GCC_C_LANGUAGE_STANDARD = gnu11;
				INFOPLIST_FILE = BacklitFileProvider/Info.plist;
				LD_RUNPATH_SEARCH_PATHS = (
					"$(inherited)",
					"@executable_path/Frameworks",
					"@executable_path/../../Frameworks",
				);
				MARKETING_VERSION = 2.0;
				MTL_FAST_MATH = YES;
				PRODUCT_BUNDLE_IDENTIFIER = "me.syan.SaneScanner.SaneScanner-FileProvider";
				PRODUCT_NAME = "$(TARGET_NAME)";
				PROVISIONING_PROFILE_SPECIFIER = "me.syan.SaneScanner.SaneScanner-FileProvider AdHoc";
				"PROVISIONING_PROFILE_SPECIFIER[sdk=iphoneos*]" = "me.syan.SaneScanner.SaneScanner-FileProvider Development";
				SKIP_INSTALL = YES;
				SUPPORTED_PLATFORMS = "iphoneos iphonesimulator";
				SUPPORTS_MACCATALYST = NO;
				SUPPORTS_MAC_DESIGNED_FOR_IPHONE_IPAD = NO;
				SWIFT_VERSION = 5.0;
				TARGETED_DEVICE_FAMILY = "1,2";
			};
			name = Release;
		};
		F8CBD22E1AF9A58C00B4C221 /* Debug */ = {
			isa = XCBuildConfiguration;
			buildSettings = {
				ALWAYS_SEARCH_USER_PATHS = NO;
				CLANG_ANALYZER_LOCALIZABILITY_NONLOCALIZED = YES;
				CLANG_CXX_LANGUAGE_STANDARD = "gnu++0x";
				CLANG_CXX_LIBRARY = "libc++";
				CLANG_ENABLE_MODULES = YES;
				CLANG_ENABLE_OBJC_ARC = YES;
				CLANG_WARN_BLOCK_CAPTURE_AUTORELEASING = YES;
				CLANG_WARN_BOOL_CONVERSION = YES;
				CLANG_WARN_COMMA = YES;
				CLANG_WARN_CONSTANT_CONVERSION = YES;
				CLANG_WARN_DEPRECATED_OBJC_IMPLEMENTATIONS = YES;
				CLANG_WARN_DIRECT_OBJC_ISA_USAGE = YES_ERROR;
				CLANG_WARN_EMPTY_BODY = YES;
				CLANG_WARN_ENUM_CONVERSION = YES;
				CLANG_WARN_INFINITE_RECURSION = YES;
				CLANG_WARN_INT_CONVERSION = YES;
				CLANG_WARN_NON_LITERAL_NULL_CONVERSION = YES;
				CLANG_WARN_OBJC_IMPLICIT_RETAIN_SELF = YES;
				CLANG_WARN_OBJC_LITERAL_CONVERSION = YES;
				CLANG_WARN_OBJC_ROOT_CLASS = YES_ERROR;
				CLANG_WARN_QUOTED_INCLUDE_IN_FRAMEWORK_HEADER = YES;
				CLANG_WARN_RANGE_LOOP_ANALYSIS = YES;
				CLANG_WARN_STRICT_PROTOTYPES = YES;
				CLANG_WARN_SUSPICIOUS_MOVE = YES;
				CLANG_WARN_UNGUARDED_AVAILABILITY = YES_AGGRESSIVE;
				CLANG_WARN_UNREACHABLE_CODE = YES;
				CLANG_WARN__DUPLICATE_METHOD_MATCH = YES;
				"CODE_SIGN_IDENTITY[sdk=iphoneos*]" = "iPhone Developer";
				COPY_PHASE_STRIP = NO;
				CURRENT_PROJECT_VERSION = 23;
				DEBUG_INFORMATION_FORMAT = "dwarf-with-dsym";
				ENABLE_BITCODE = NO;
				ENABLE_STRICT_OBJC_MSGSEND = YES;
				ENABLE_TESTABILITY = YES;
				GCC_C_LANGUAGE_STANDARD = gnu99;
				GCC_DYNAMIC_NO_PIC = NO;
				GCC_NO_COMMON_BLOCKS = YES;
				GCC_OPTIMIZATION_LEVEL = 0;
				GCC_PREPROCESSOR_DEFINITIONS = (
					"DEBUG=1",
					"$(inherited)",
				);
				GCC_SYMBOLS_PRIVATE_EXTERN = NO;
				GCC_TREAT_INCOMPATIBLE_POINTER_TYPE_WARNINGS_AS_ERRORS = YES;
				GCC_WARN_64_TO_32_BIT_CONVERSION = YES;
				GCC_WARN_ABOUT_RETURN_TYPE = YES_ERROR;
				GCC_WARN_UNDECLARED_SELECTOR = YES;
				GCC_WARN_UNINITIALIZED_AUTOS = YES_AGGRESSIVE;
				GCC_WARN_UNUSED_FUNCTION = YES;
				GCC_WARN_UNUSED_VARIABLE = YES;
				IPHONEOS_DEPLOYMENT_TARGET = 12.0;
				MACOSX_DEPLOYMENT_TARGET = 11.0;
				MARKETING_VERSION = 2.0;
				MTL_ENABLE_DEBUG_INFO = YES;
				ONLY_ACTIVE_ARCH = YES;
				SDKROOT = iphoneos;
				SWIFT_VERSION = 5.0;
				TARGETED_DEVICE_FAMILY = "1,2";
				VERSIONING_SYSTEM = "apple-generic";
			};
			name = Debug;
		};
		F8CBD22F1AF9A58C00B4C221 /* Release */ = {
			isa = XCBuildConfiguration;
			buildSettings = {
				ALWAYS_SEARCH_USER_PATHS = NO;
				CLANG_ANALYZER_LOCALIZABILITY_NONLOCALIZED = YES;
				CLANG_CXX_LANGUAGE_STANDARD = "gnu++0x";
				CLANG_CXX_LIBRARY = "libc++";
				CLANG_ENABLE_MODULES = YES;
				CLANG_ENABLE_OBJC_ARC = YES;
				CLANG_WARN_BLOCK_CAPTURE_AUTORELEASING = YES;
				CLANG_WARN_BOOL_CONVERSION = YES;
				CLANG_WARN_COMMA = YES;
				CLANG_WARN_CONSTANT_CONVERSION = YES;
				CLANG_WARN_DEPRECATED_OBJC_IMPLEMENTATIONS = YES;
				CLANG_WARN_DIRECT_OBJC_ISA_USAGE = YES_ERROR;
				CLANG_WARN_EMPTY_BODY = YES;
				CLANG_WARN_ENUM_CONVERSION = YES;
				CLANG_WARN_INFINITE_RECURSION = YES;
				CLANG_WARN_INT_CONVERSION = YES;
				CLANG_WARN_NON_LITERAL_NULL_CONVERSION = YES;
				CLANG_WARN_OBJC_IMPLICIT_RETAIN_SELF = YES;
				CLANG_WARN_OBJC_LITERAL_CONVERSION = YES;
				CLANG_WARN_OBJC_ROOT_CLASS = YES_ERROR;
				CLANG_WARN_QUOTED_INCLUDE_IN_FRAMEWORK_HEADER = YES;
				CLANG_WARN_RANGE_LOOP_ANALYSIS = YES;
				CLANG_WARN_STRICT_PROTOTYPES = YES;
				CLANG_WARN_SUSPICIOUS_MOVE = YES;
				CLANG_WARN_UNGUARDED_AVAILABILITY = YES_AGGRESSIVE;
				CLANG_WARN_UNREACHABLE_CODE = YES;
				CLANG_WARN__DUPLICATE_METHOD_MATCH = YES;
				"CODE_SIGN_IDENTITY[sdk=iphoneos*]" = "iPhone Developer";
				COPY_PHASE_STRIP = NO;
				CURRENT_PROJECT_VERSION = 23;
				DEBUG_INFORMATION_FORMAT = "dwarf-with-dsym";
				ENABLE_BITCODE = NO;
				ENABLE_NS_ASSERTIONS = NO;
				ENABLE_STRICT_OBJC_MSGSEND = YES;
				GCC_C_LANGUAGE_STANDARD = gnu99;
				GCC_NO_COMMON_BLOCKS = YES;
				GCC_TREAT_INCOMPATIBLE_POINTER_TYPE_WARNINGS_AS_ERRORS = YES;
				GCC_WARN_64_TO_32_BIT_CONVERSION = YES;
				GCC_WARN_ABOUT_RETURN_TYPE = YES_ERROR;
				GCC_WARN_UNDECLARED_SELECTOR = YES;
				GCC_WARN_UNINITIALIZED_AUTOS = YES_AGGRESSIVE;
				GCC_WARN_UNUSED_FUNCTION = YES;
				GCC_WARN_UNUSED_VARIABLE = YES;
				IPHONEOS_DEPLOYMENT_TARGET = 12.0;
				MACOSX_DEPLOYMENT_TARGET = 11.0;
				MARKETING_VERSION = 2.0;
				MTL_ENABLE_DEBUG_INFO = NO;
				SDKROOT = iphoneos;
				SWIFT_COMPILATION_MODE = wholemodule;
				SWIFT_OPTIMIZATION_LEVEL = "-O";
				SWIFT_VERSION = 5.0;
				TARGETED_DEVICE_FAMILY = "1,2";
				VALIDATE_PRODUCT = YES;
				VERSIONING_SYSTEM = "apple-generic";
			};
			name = Release;
		};
		F8CBD2311AF9A58C00B4C221 /* Debug */ = {
			isa = XCBuildConfiguration;
			baseConfigurationReference = D517A84372CDD37AC1E6D5BD /* Pods-Backlit.debug.xcconfig */;
			buildSettings = {
				ASSETCATALOG_COMPILER_APPICON_NAME = AppIcon;
				CLANG_ENABLE_MODULES = YES;
				CODE_SIGN_ENTITLEMENTS = Backlit/Backlit.entitlements;
				CODE_SIGN_IDENTITY = "iPhone Developer";
				"CODE_SIGN_IDENTITY[sdk=iphoneos*]" = "iPhone Developer";
				"CODE_SIGN_IDENTITY[sdk=macosx*]" = "Apple Development";
				CODE_SIGN_STYLE = Manual;
				CURRENT_PROJECT_VERSION = 23;
				DEVELOPMENT_TEAM = 79RY8264V4;
				INFOPLIST_FILE = Backlit/Info.plist;
				LD_RUNPATH_SEARCH_PATHS = (
					"$(inherited)",
					"@executable_path/Frameworks",
				);
				MARKETING_VERSION = 2.0;
				OTHER_SWIFT_FLAGS = "$(inherited) -D COCOAPODS -D DEBUG";
				PRODUCT_BUNDLE_IDENTIFIER = me.syan.SaneScanner;
				PRODUCT_NAME = "$(TARGET_NAME)";
				PROVISIONING_PROFILE = "";
				PROVISIONING_PROFILE_SPECIFIER = "me.syan.SaneScanner Development";
				"PROVISIONING_PROFILE_SPECIFIER[sdk=macosx*]" = "me.syan.SaneScanner Development macOS";
				SUPPORTED_PLATFORMS = "iphoneos iphonesimulator";
				SUPPORTS_MACCATALYST = YES;
				SUPPORTS_MAC_DESIGNED_FOR_IPHONE_IPAD = NO;
				SWIFT_ACTIVE_COMPILATION_CONDITIONS = "";
				SWIFT_OBJC_BRIDGING_HEADER = "Backlit/Backlit-Bridging-Header.h";
				SWIFT_OPTIMIZATION_LEVEL = "-Onone";
				TARGETED_DEVICE_FAMILY = "1,2,6";
			};
			name = Debug;
		};
		F8CBD2321AF9A58C00B4C221 /* Release */ = {
			isa = XCBuildConfiguration;
			baseConfigurationReference = 8C055B2580BBAA99264E93A6 /* Pods-Backlit.release.xcconfig */;
			buildSettings = {
				ASSETCATALOG_COMPILER_APPICON_NAME = AppIcon;
				CLANG_ENABLE_MODULES = YES;
				CODE_SIGN_ENTITLEMENTS = Backlit/Backlit.entitlements;
				CODE_SIGN_IDENTITY = "iPhone Distribution";
				"CODE_SIGN_IDENTITY[sdk=iphoneos*]" = "iPhone Developer";
				"CODE_SIGN_IDENTITY[sdk=macosx*]" = "Developer ID Application";
				CODE_SIGN_STYLE = Manual;
				CURRENT_PROJECT_VERSION = 23;
				DEVELOPMENT_TEAM = 79RY8264V4;
				"DEVELOPMENT_TEAM[sdk=iphoneos*]" = 79RY8264V4;
				INFOPLIST_FILE = Backlit/Info.plist;
				LD_RUNPATH_SEARCH_PATHS = (
					"$(inherited)",
					"@executable_path/Frameworks",
				);
				MARKETING_VERSION = 2.0;
				PRODUCT_BUNDLE_IDENTIFIER = me.syan.SaneScanner;
				PRODUCT_NAME = "$(TARGET_NAME)";
				PROVISIONING_PROFILE = "";
				PROVISIONING_PROFILE_SPECIFIER = "me.syan.SaneScanner AdHoc";
				"PROVISIONING_PROFILE_SPECIFIER[sdk=iphoneos*]" = "me.syan.SaneScanner Development";
				"PROVISIONING_PROFILE_SPECIFIER[sdk=macosx*]" = "me.syan.SaneScanner DeveloperID";
				SUPPORTED_PLATFORMS = "iphoneos iphonesimulator";
				SUPPORTS_MACCATALYST = YES;
				SUPPORTS_MAC_DESIGNED_FOR_IPHONE_IPAD = NO;
				SWIFT_ACTIVE_COMPILATION_CONDITIONS = "";
				SWIFT_OBJC_BRIDGING_HEADER = "Backlit/Backlit-Bridging-Header.h";
				TARGETED_DEVICE_FAMILY = "1,2,6";
			};
			name = Release;
		};
/* End XCBuildConfiguration section */

/* Begin XCConfigurationList section */
		97A660922AC2F20C0062A79D /* Build configuration list for PBXNativeTarget "BacklitUITests" */ = {
			isa = XCConfigurationList;
			buildConfigurations = (
				97A660932AC2F20C0062A79D /* Debug */,
				97A660942AC2F20C0062A79D /* Release */,
			);
			defaultConfigurationIsVisible = 0;
			defaultConfigurationName = Release;
		};
		97A9FCE6264090500027F462 /* Build configuration list for PBXNativeTarget "BacklitCatalystPlugin" */ = {
			isa = XCConfigurationList;
			buildConfigurations = (
				97A9FCE7264090500027F462 /* Debug */,
				97A9FCE8264090500027F462 /* Release */,
			);
			defaultConfigurationIsVisible = 0;
			defaultConfigurationName = Release;
		};
		97C11185265C5C8600794994 /* Build configuration list for PBXNativeTarget "BacklitFileProvider" */ = {
			isa = XCConfigurationList;
			buildConfigurations = (
				97C11183265C5C8600794994 /* Debug */,
				97C11184265C5C8600794994 /* Release */,
			);
			defaultConfigurationIsVisible = 0;
			defaultConfigurationName = Release;
		};
		F8CBD2081AF9A58C00B4C221 /* Build configuration list for PBXProject "Backlit" */ = {
			isa = XCConfigurationList;
			buildConfigurations = (
				F8CBD22E1AF9A58C00B4C221 /* Debug */,
				F8CBD22F1AF9A58C00B4C221 /* Release */,
			);
			defaultConfigurationIsVisible = 0;
			defaultConfigurationName = Release;
		};
		F8CBD2301AF9A58C00B4C221 /* Build configuration list for PBXNativeTarget "Backlit" */ = {
			isa = XCConfigurationList;
			buildConfigurations = (
				F8CBD2311AF9A58C00B4C221 /* Debug */,
				F8CBD2321AF9A58C00B4C221 /* Release */,
			);
			defaultConfigurationIsVisible = 0;
			defaultConfigurationName = Release;
		};
/* End XCConfigurationList section */
	};
	rootObject = F8CBD2051AF9A58C00B4C221 /* Project object */;
}
