{
  "originHash" : "e6a2ed5e76e0bdf77ac14185b05bc0377c5ec6e1efa67838e995bf175fedd142",
  "pins" : [
    {
      "identity" : "diffabledatasources",
      "kind" : "remoteSourceControl",
      "location" : "https://github.com/ra1028/DiffableDataSources",
      "state" : {
        "revision" : "a457cf63456b3aeec2a3626af0230c98b0733927",
        "version" : "0.5.0"
      }
    },
    {
      "identity" : "differencekit",
      "kind" : "remoteSourceControl",
      "location" : "https://github.com/ra1028/DifferenceKit.git",
      "state" : {
        "revision" : "62745d7780deef4a023a792a1f8f763ec7bf9705",
        "version" : "1.2.0"
      }
    },
    {
      "identity" : "directorywatcher",
      "kind" : "remoteSourceControl",
      "location" : "https://github.com/GianniCarlo/DirectoryWatcher",
      "state" : {
        "revision" : "76af69f1d19146b0c5d3e38747bb5eabe547143b",
        "version" : "2.7.3"
      }
    },
    {
      "identity" : "disco",
      "kind" : "remoteSourceControl",
      "location" : "https://github.com/dvkch/Disco.git",
      "state" : {
        "revision" : "cbcb28694cc0af5f19c7f7843c1324f66bbfca1c",
        "version" : "1.2.0"
      }
    },
    {
      "identity" : "keychainaccess",
      "kind" : "remoteSourceControl",
      "location" : "https://github.com/kishikawakatsumi/KeychainAccess.git",
      "state" : {
        "branch" : "master",
        "revision" : "e0c7eebc5a4465a3c4680764f26b7a61f567cdaf"
      }
    },
    {
      "identity" : "licenselist",
      "kind" : "remoteSourceControl",
      "location" : "https://github.com/cybozu/LicenseList",
      "state" : {
        "revision" : "0828b88c1a6130d56ede2cc6c41ec50068a7ebd6",
        "version" : "0.7.0"
      }
    },
    {
      "identity" : "lrucache",
      "kind" : "remoteSourceControl",
      "location" : "https://github.com/nicklockwood/LRUCache.git",
      "state" : {
        "revision" : "542f0449556327415409ededc9c43a4bd0a397dc",
        "version" : "1.0.7"
      }
    },
    {
      "identity" : "snapkit",
      "kind" : "remoteSourceControl",
      "location" : "https://github.com/SnapKit/SnapKit.git",
      "state" : {
        "revision" : "2842e6e84e82eb9a8dac0100ca90d9444b0307f4",
        "version" : "5.7.1"
      }
    },
    {
      "identity" : "swiftclient",
      "kind" : "remoteSourceControl",
      "location" : "https://github.com/TelemetryDeck/SwiftClient",
      "state" : {
        "revision" : "d20ccc4b8266cf739eede58cdfc7e9c6ffb41cda",
        "version" : "1.5.1"
      }
    },
    {
      "identity" : "swiftyping",
      "kind" : "remoteSourceControl",
      "location" : "https://github.com/samiyr/SwiftyPing",
      "state" : {
        "revision" : "05591bc0047e41e0e1d98135c6bc457192a72d39",
        "version" : "1.2.1"
      }
    },
    {
      "identity" : "syemailhelper",
      "kind" : "remoteSourceControl",
      "location" : "https://github.com/dvkch/SYEmailHelper.git",
      "state" : {
        "revision" : "01b8eace2c7e26c1e95b1352a98707170999b730",
        "version" : "2.2.0"
      }
    },
    {
      "identity" : "sykit",
      "kind" : "remoteSourceControl",
      "location" : "https://github.com/dvkch/SYKit.git",
      "state" : {
        "revision" : "945e082a43fff62c106cef5a46b612023ea33f7f",
        "version" : "0.2.30"
      }
    },
    {
      "identity" : "syoperationqueue",
      "kind" : "remoteSourceControl",
      "location" : "https://github.com/dvkch/SYOperationQueue",
      "state" : {
        "revision" : "b8c168c985dc57d40bcb21ed015b425af80316b0",
        "version" : "1.1.0"
      }
    },
    {
      "identity" : "sypicturemetadata",
      "kind" : "remoteSourceControl",
      "location" : "https://github.com/dvkch/SYPictureMetadata/",
      "state" : {
        "revision" : "91b357e95822f291291eb7a3e2924ecd137006f5",
        "version" : "2.2.0"
      }
    }
  ],
  "version" : 3
}
