{
  "originHash" : "42db86d6831c349247ce31ddbbb3bfe06023e75b3eb7eb26e319865d59742809",
  "pins" : [
    {
      "identity" : "directorywatcher",
      "kind" : "remoteSourceControl",
      "location" : "https://github.com/GianniCarlo/DirectoryWatcher",
      "state" : {
        "revision" : "2d5ce5ec1e7d0ea6b21faf3dbd665a148b69bda6",
        "version" : "2.8.6"
      }
    },
    {
      "identity" : "disco",
      "kind" : "remoteSourceControl",
      "location" : "https://github.com/dvkch/Disco.git",
      "state" : {
        "revision" : "eedb27938c34741a9d2b84f35ccfd4e86193107d",
        "version" : "1.3.0"
      }
    },
    {
      "identity" : "keychainaccess",
      "kind" : "remoteSourceControl",
      "location" : "https://github.com/kishikawakatsumi/KeychainAccess.git",
      "state" : {
        "branch" : "master",
        "revision" : "e0c7eebc5a4465a3c4680764f26b7a61f567cdaf"
      }
    },
    {
      "identity" : "licenselist",
      "kind" : "remoteSourceControl",
      "location" : "https://github.com/cybozu/LicenseList.git",
      "state" : {
        "revision" : "0f83f934ee437461b87870b62871108b882a143a",
        "version" : "2.0.3"
      }
    },
    {
      "identity" : "lrucache",
      "kind" : "remoteSourceControl",
      "location" : "https://github.com/nicklockwood/LRUCache.git",
      "state" : {
        "revision" : "0d91406ecd4d6c1c56275866f00508d9aeacc92a",
        "version" : "1.2.0"
      }
    },
    {
      "identity" : "snapkit",
      "kind" : "remoteSourceControl",
      "location" : "https://github.com/SnapKit/SnapKit.git",
      "state" : {
        "revision" : "2842e6e84e82eb9a8dac0100ca90d9444b0307f4",
        "version" : "5.7.1"
      }
    },
    {
      "identity" : "swiftclient",
      "kind" : "remoteSourceControl",
      "location" : "https://github.com/TelemetryDeck/SwiftClient",
      "state" : {
        "revision" : "a7fd1eb469589a3c8fd8cc3abe19b092b5d674dc",
        "version" : "2.9.4"
      }
    },
    {
      "identity" : "swiftyping",
      "kind" : "remoteSourceControl",
      "location" : "https://github.com/samiyr/SwiftyPing",
      "state" : {
        "revision" : "05591bc0047e41e0e1d98135c6bc457192a72d39",
        "version" : "1.2.1"
      }
    },
    {
      "identity" : "syemailhelper",
      "kind" : "remoteSourceControl",
      "location" : "https://github.com/dvkch/SYEmailHelper.git",
      "state" : {
        "revision" : "01b8eace2c7e26c1e95b1352a98707170999b730",
        "version" : "2.2.0"
      }
    },
    {
      "identity" : "sykit",
      "kind" : "remoteSourceControl",
      "location" : "https://github.com/dvkch/SYKit.git",
      "state" : {
        "revision" : "945e082a43fff62c106cef5a46b612023ea33f7f",
        "version" : "0.2.30"
      }
    },
    {
      "identity" : "syoperationqueue",
      "kind" : "remoteSourceControl",
      "location" : "https://github.com/dvkch/SYOperationQueue",
      "state" : {
        "revision" : "8702b0b28e8898c38fc4e3ae584a659da5453683",
        "version" : "1.1.1"
      }
    },
    {
      "identity" : "sypicturemetadata",
      "kind" : "remoteSourceControl",
      "location" : "https://github.com/dvkch/SYPictureMetadata/",
      "state" : {
        "revision" : "8cd8293e9792f3564158991bf0970ff91ca8c9ec",
        "version" : "2.3.0"
      }
    }
  ],
  "version" : 3
}
