// !$*UTF8*$!
{
	archiveVersion = 1;
	classes = {
	};
	objectVersion = 46;
	objects = {

/* Begin PBXBuildFile section */
		97044903220875D300E13C6A /* DeviceVC.swift in Sources */ = {isa = PBXBuildFile; fileRef = 97044901220875D300E13C6A /* DeviceVC.swift */; };
		97044904220875D300E13C6A /* DeviceVC.xib in Resources */ = {isa = PBXBuildFile; fileRef = 97044902220875D300E13C6A /* DeviceVC.xib */; };
		9704490C2208900700E13C6A /* AppDelegate.swift in Sources */ = {isa = PBXBuildFile; fileRef = 9704490B2208900700E13C6A /* AppDelegate.swift */; };
		971584CE222F36C100DC46CA /* SYPictureMetdata+SY.swift in Sources */ = {isa = PBXBuildFile; fileRef = 971584CD222F36C100DC46CA /* SYPictureMetdata+SY.swift */; };
		971584D0222F445200DC46CA /* UIImage+SY.swift in Sources */ = {isa = PBXBuildFile; fileRef = 971584CF222F445200DC46CA /* UIImage+SY.swift */; };
		971ABFDF1CCFA0150086F600 /* SYLaunchScreen.storyboard in Resources */ = {isa = PBXBuildFile; fileRef = 971ABFDE1CCFA0150086F600 /* SYLaunchScreen.storyboard */; };
		973066B3220C55000068E8C7 /* GalleryThumbsView.swift in Sources */ = {isa = PBXBuildFile; fileRef = 973066B2220C55000068E8C7 /* GalleryThumbsView.swift */; };
		973066B5220C5CD90068E8C7 /* CropMaskView.swift in Sources */ = {isa = PBXBuildFile; fileRef = 973066B4220C5CD90068E8C7 /* CropMaskView.swift */; };
		973066B7220C73D40068E8C7 /* CoreGraphics+SY.swift in Sources */ = {isa = PBXBuildFile; fileRef = 973066B6220C73D40068E8C7 /* CoreGraphics+SY.swift */; };
		973066BB220C82110068E8C7 /* GalleryThumbnailCell.swift in Sources */ = {isa = PBXBuildFile; fileRef = 973066BA220C82110068E8C7 /* GalleryThumbnailCell.swift */; };
		973066C1220C898E0068E8C7 /* GalleryGridLayout.swift in Sources */ = {isa = PBXBuildFile; fileRef = 973066C0220C898E0068E8C7 /* GalleryGridLayout.swift */; };
		973066C3220C8C740068E8C7 /* FileManager+SY.swift in Sources */ = {isa = PBXBuildFile; fileRef = 973066C2220C8C740068E8C7 /* FileManager+SY.swift */; };
		973066C7220C951B0068E8C7 /* UIActivityViewController+SY.swift in Sources */ = {isa = PBXBuildFile; fileRef = 973066C6220C951B0068E8C7 /* UIActivityViewController+SY.swift */; };
		9730FD9225CF6365009ABCBC /* DeviceAuthentication+SY.swift in Sources */ = {isa = PBXBuildFile; fileRef = 9730FD9125CF6365009ABCBC /* DeviceAuthentication+SY.swift */; };
		9730FDA825D07D57009ABCBC /* DeviceScanPreviewVC.swift in Sources */ = {isa = PBXBuildFile; fileRef = 9730FDA725D07D57009ABCBC /* DeviceScanPreviewVC.swift */; };
		9731D89122C548CE008D7525 /* TapInsetsView.swift in Sources */ = {isa = PBXBuildFile; fileRef = 9731D89022C548CE008D7525 /* TapInsetsView.swift */; };
		9740C16F2638DC8B00CAC543 /* ScanButton.swift in Sources */ = {isa = PBXBuildFile; fileRef = 9740C16E2638DC8B00CAC543 /* ScanButton.swift */; };
		9747AF101E5257080090E6B2 /* test_scan_image.png in Resources */ = {isa = PBXBuildFile; fileRef = 9747AF0F1E5257080090E6B2 /* test_scan_image.png */; };
		97499E5B220862FE006DED20 /* ScanNC.swift in Sources */ = {isa = PBXBuildFile; fileRef = 97499E5A220862FE006DED20 /* ScanNC.swift */; };
		97499E5D220872F5006DED20 /* Toolbar.swift in Sources */ = {isa = PBXBuildFile; fileRef = 97499E5C220872F5006DED20 /* Toolbar.swift */; };
		97499E5F220874B3006DED20 /* SplitVC.swift in Sources */ = {isa = PBXBuildFile; fileRef = 97499E5E220874B3006DED20 /* SplitVC.swift */; };
		9755651625CB712800FDAD07 /* UISceneView+SY.swift in Sources */ = {isa = PBXBuildFile; fileRef = 9755651525CB712800FDAD07 /* UISceneView+SY.swift */; };
		9757FCF12207112D00AB59F1 /* DevicesVC.swift in Sources */ = {isa = PBXBuildFile; fileRef = 9757FCEF2207112D00AB59F1 /* DevicesVC.swift */; };
		9757FCF22207112D00AB59F1 /* DevicesVC.xib in Resources */ = {isa = PBXBuildFile; fileRef = 9757FCF02207112D00AB59F1 /* DevicesVC.xib */; };
		977712D225CCB2F1009EC50D /* SceneDelegate.swift in Sources */ = {isa = PBXBuildFile; fileRef = 977712D125CCB2F1009EC50D /* SceneDelegate.swift */; };
		977712D625CCB376009EC50D /* Context.swift in Sources */ = {isa = PBXBuildFile; fileRef = 977712D525CCB376009EC50D /* Context.swift */; };
		978263CB221E253D0095E6ED /* DotsRefreshControl.swift in Sources */ = {isa = PBXBuildFile; fileRef = 978263CA221E253D0095E6ED /* DotsRefreshControl.swift */; };
		9785C5661E3D247A006CD4F1 /* Localizable.strings in Resources */ = {isa = PBXBuildFile; fileRef = 9785C5681E3D247A006CD4F1 /* Localizable.strings */; };
		9786507D220B5E6400F52DE6 /* PDFGenerator.swift in Sources */ = {isa = PBXBuildFile; fileRef = 9786507C220B5E6400F52DE6 /* PDFGenerator.swift */; };
		9786507F220B645500F52DE6 /* PDFActivity.swift in Sources */ = {isa = PBXBuildFile; fileRef = 9786507E220B645500F52DE6 /* PDFActivity.swift */; };
		97865081220B69AC00F52DE6 /* GalleryManager.swift in Sources */ = {isa = PBXBuildFile; fileRef = 97865080220B69AC00F52DE6 /* GalleryManager.swift */; };
		9787F2411E49FBCF00C8E93A /* SnapshotHelper.swift in Sources */ = {isa = PBXBuildFile; fileRef = 9787F2401E49FBCF00C8E93A /* SnapshotHelper.swift */; };
		9787F2421E4A094A00C8E93A /* Localizable.strings in Resources */ = {isa = PBXBuildFile; fileRef = 9785C5681E3D247A006CD4F1 /* Localizable.strings */; };
		979576AB223022C400680A80 /* UILabel+SY.swift in Sources */ = {isa = PBXBuildFile; fileRef = 979576AA223022C400680A80 /* UILabel+SY.swift */; };
		979D4BA41E4A797C00F90EFB /* Settings.bundle in Resources */ = {isa = PBXBuildFile; fileRef = 979D4BA31E4A797C00F90EFB /* Settings.bundle */; };
		979FCEF925D811FB00DD9E0E /* UIContentSizeCategory+SY.swift in Sources */ = {isa = PBXBuildFile; fileRef = 979FCEF825D811FB00DD9E0E /* UIContentSizeCategory+SY.swift */; };
		97BE129B220BC0AC006A2AE8 /* UIColor+SY.swift in Sources */ = {isa = PBXBuildFile; fileRef = 97BE129A220BC0AC006A2AE8 /* UIColor+SY.swift */; };
		97BE129D220BC1A1006A2AE8 /* SVProgressHUD+SY.swift in Sources */ = {isa = PBXBuildFile; fileRef = 97BE129C220BC1A1006A2AE8 /* SVProgressHUD+SY.swift */; };
		97BE12A1220BC493006A2AE8 /* UIScrollView+SY.swift in Sources */ = {isa = PBXBuildFile; fileRef = 97BE12A0220BC493006A2AE8 /* UIScrollView+SY.swift */; };
		97CC34E32205F48B00304345 /* OptionCell.swift in Sources */ = {isa = PBXBuildFile; fileRef = 97CC34E12205F48B00304345 /* OptionCell.swift */; };
		97CC34E42205F48B00304345 /* OptionCell.xib in Resources */ = {isa = PBXBuildFile; fileRef = 97CC34E22205F48B00304345 /* OptionCell.xib */; };
		97D0E041220607E500AC74D0 /* DeviceCell.swift in Sources */ = {isa = PBXBuildFile; fileRef = 97D0E03F220607E500AC74D0 /* DeviceCell.swift */; };
		97D0E042220607E500AC74D0 /* DeviceCell.xib in Resources */ = {isa = PBXBuildFile; fileRef = 97D0E040220607E500AC74D0 /* DeviceCell.xib */; };
		97D0E04522060C5700AC74D0 /* PreviewCell.swift in Sources */ = {isa = PBXBuildFile; fileRef = 97D0E04322060C5700AC74D0 /* PreviewCell.swift */; };
		97D0E04622060C5700AC74D0 /* PreviewCell.xib in Resources */ = {isa = PBXBuildFile; fileRef = 97D0E04422060C5700AC74D0 /* PreviewCell.xib */; };
		97D4CE8A2636EB7800F84150 /* SnapshotKind.swift in Sources */ = {isa = PBXBuildFile; fileRef = 97D4CE892636EB7800F84150 /* SnapshotKind.swift */; };
		97D590142637565800E84198 /* DevicePreviewVC.swift in Sources */ = {isa = PBXBuildFile; fileRef = 97D590122637565800E84198 /* DevicePreviewVC.swift */; };
		97D590152637565800E84198 /* DevicePreviewVC.xib in Resources */ = {isa = PBXBuildFile; fileRef = 97D590132637565800E84198 /* DevicePreviewVC.xib */; };
		97D5902526377CBE00E84198 /* TooltipView.swift in Sources */ = {isa = PBXBuildFile; fileRef = 97D5902426377CBE00E84198 /* TooltipView.swift */; };
		97EAF238220B54A700435DE6 /* SanePreviewView.swift in Sources */ = {isa = PBXBuildFile; fileRef = 97EAF237220B54A700435DE6 /* SanePreviewView.swift */; };
		97EB32B222071F880027CCAE /* PreferencesVC.swift in Sources */ = {isa = PBXBuildFile; fileRef = 97EB32B022071F880027CCAE /* PreferencesVC.swift */; };
		97EB32B322071F880027CCAE /* PreferencesVC.xib in Resources */ = {isa = PBXBuildFile; fileRef = 97EB32B122071F880027CCAE /* PreferencesVC.xib */; };
		97EB32B52207BB740027CCAE /* Preferences.swift in Sources */ = {isa = PBXBuildFile; fileRef = 97EB32B42207BB740027CCAE /* Preferences.swift */; };
		97EDB9191E4924D40012CB7E /* SaneScannerUITests.swift in Sources */ = {isa = PBXBuildFile; fileRef = 97EDB9181E4924D40012CB7E /* SaneScannerUITests.swift */; };
		97EF42262205FF7900D45FC8 /* HostCell.swift in Sources */ = {isa = PBXBuildFile; fileRef = 97EF42242205FF7900D45FC8 /* HostCell.swift */; };
		97EF42272205FF7900D45FC8 /* HostCell.xib in Resources */ = {isa = PBXBuildFile; fileRef = 97EF42252205FF7900D45FC8 /* HostCell.xib */; };
		97F0A2651E52687F008C4690 /* Images.xcassets in Resources */ = {isa = PBXBuildFile; fileRef = F8CBD21D1AF9A58C00B4C221 /* Images.xcassets */; };
		97F2FB4B222302DE006BD617 /* GalleryGridVC.swift in Sources */ = {isa = PBXBuildFile; fileRef = 97F2FB4A222302DE006BD617 /* GalleryGridVC.swift */; };
		97F2FB4D22230325006BD617 /* GalleryGridVC.xib in Resources */ = {isa = PBXBuildFile; fileRef = 97F2FB4C22230325006BD617 /* GalleryGridVC.xib */; };
		97F2FB4F2223084B006BD617 /* GalleryNC.swift in Sources */ = {isa = PBXBuildFile; fileRef = 97F2FB4E2223084B006BD617 /* GalleryNC.swift */; };
		97F2FB5122230A6B006BD617 /* GalleryImagesVC.swift in Sources */ = {isa = PBXBuildFile; fileRef = 97F2FB5022230A6B006BD617 /* GalleryImagesVC.swift */; };
		97F2FB5322230A81006BD617 /* GalleryImageVC.swift in Sources */ = {isa = PBXBuildFile; fileRef = 97F2FB5222230A81006BD617 /* GalleryImageVC.swift */; };
		97F2FB55222318D5006BD617 /* GalleryItem.swift in Sources */ = {isa = PBXBuildFile; fileRef = 97F2FB54222318D5006BD617 /* GalleryItem.swift */; };
		97FDF403222C55EE00B71E4C /* DeviceOptionVC.swift in Sources */ = {isa = PBXBuildFile; fileRef = 97FDF401222C55EE00B71E4C /* DeviceOptionVC.swift */; };
		E380CA5C5F90A86D8A42FE99 /* Pods_SaneScanner.framework in Frameworks */ = {isa = PBXBuildFile; fileRef = 23020D7DAE006AF3741F1127 /* Pods_SaneScanner.framework */; };
/* End PBXBuildFile section */

/* Begin PBXContainerItemProxy section */
		97EDB91B1E4924D40012CB7E /* PBXContainerItemProxy */ = {
			isa = PBXContainerItemProxy;
			containerPortal = F8CBD2051AF9A58C00B4C221 /* Project object */;
			proxyType = 1;
			remoteGlobalIDString = F8CBD20C1AF9A58C00B4C221;
			remoteInfo = SaneScanner;
		};
/* End PBXContainerItemProxy section */

/* Begin PBXFileReference section */
		23020D7DAE006AF3741F1127 /* Pods_SaneScanner.framework */ = {isa = PBXFileReference; explicitFileType = wrapper.framework; includeInIndex = 0; path = Pods_SaneScanner.framework; sourceTree = BUILT_PRODUCTS_DIR; };
		685F44FB0583297FC8951521 /* Pods-SaneScanner.release.xcconfig */ = {isa = PBXFileReference; includeInIndex = 1; lastKnownFileType = text.xcconfig; name = "Pods-SaneScanner.release.xcconfig"; path = "Pods/Target Support Files/Pods-SaneScanner/Pods-SaneScanner.release.xcconfig"; sourceTree = "<group>"; };
		767334121290C07CE121D5C0 /* Pods-SaneScanner.debug.xcconfig */ = {isa = PBXFileReference; includeInIndex = 1; lastKnownFileType = text.xcconfig; name = "Pods-SaneScanner.debug.xcconfig"; path = "Pods/Target Support Files/Pods-SaneScanner/Pods-SaneScanner.debug.xcconfig"; sourceTree = "<group>"; };
		97044901220875D300E13C6A /* DeviceVC.swift */ = {isa = PBXFileReference; lastKnownFileType = sourcecode.swift; path = DeviceVC.swift; sourceTree = "<group>"; };
		97044902220875D300E13C6A /* DeviceVC.xib */ = {isa = PBXFileReference; lastKnownFileType = file.xib; path = DeviceVC.xib; sourceTree = "<group>"; };
		9704490B2208900700E13C6A /* AppDelegate.swift */ = {isa = PBXFileReference; lastKnownFileType = sourcecode.swift; path = AppDelegate.swift; sourceTree = "<group>"; };
		970A587F1E41665C0033A116 /* fr */ = {isa = PBXFileReference; lastKnownFileType = text.plist.strings; name = fr; path = fr.lproj/Localizable.strings; sourceTree = "<group>"; };
		971584CD222F36C100DC46CA /* SYPictureMetdata+SY.swift */ = {isa = PBXFileReference; lastKnownFileType = sourcecode.swift; path = "SYPictureMetdata+SY.swift"; sourceTree = "<group>"; };
		971584CF222F445200DC46CA /* UIImage+SY.swift */ = {isa = PBXFileReference; lastKnownFileType = sourcecode.swift; path = "UIImage+SY.swift"; sourceTree = "<group>"; };
		971ABFDE1CCFA0150086F600 /* SYLaunchScreen.storyboard */ = {isa = PBXFileReference; fileEncoding = 4; lastKnownFileType = file.storyboard; path = SYLaunchScreen.storyboard; sourceTree = "<group>"; };
		973066B2220C55000068E8C7 /* GalleryThumbsView.swift */ = {isa = PBXFileReference; lastKnownFileType = sourcecode.swift; path = GalleryThumbsView.swift; sourceTree = "<group>"; };
		973066B4220C5CD90068E8C7 /* CropMaskView.swift */ = {isa = PBXFileReference; lastKnownFileType = sourcecode.swift; path = CropMaskView.swift; sourceTree = "<group>"; };
		973066B6220C73D40068E8C7 /* CoreGraphics+SY.swift */ = {isa = PBXFileReference; lastKnownFileType = sourcecode.swift; path = "CoreGraphics+SY.swift"; sourceTree = "<group>"; };
		973066BA220C82110068E8C7 /* GalleryThumbnailCell.swift */ = {isa = PBXFileReference; lastKnownFileType = sourcecode.swift; path = GalleryThumbnailCell.swift; sourceTree = "<group>"; };
		973066C0220C898E0068E8C7 /* GalleryGridLayout.swift */ = {isa = PBXFileReference; lastKnownFileType = sourcecode.swift; path = GalleryGridLayout.swift; sourceTree = "<group>"; };
		973066C2220C8C740068E8C7 /* FileManager+SY.swift */ = {isa = PBXFileReference; lastKnownFileType = sourcecode.swift; path = "FileManager+SY.swift"; sourceTree = "<group>"; };
		973066C6220C951B0068E8C7 /* UIActivityViewController+SY.swift */ = {isa = PBXFileReference; lastKnownFileType = sourcecode.swift; path = "UIActivityViewController+SY.swift"; sourceTree = "<group>"; };
		9730FD9125CF6365009ABCBC /* DeviceAuthentication+SY.swift */ = {isa = PBXFileReference; lastKnownFileType = sourcecode.swift; path = "DeviceAuthentication+SY.swift"; sourceTree = "<group>"; };
		9730FDA725D07D57009ABCBC /* DeviceScanPreviewVC.swift */ = {isa = PBXFileReference; lastKnownFileType = sourcecode.swift; path = DeviceScanPreviewVC.swift; sourceTree = "<group>"; };
		9731D89022C548CE008D7525 /* TapInsetsView.swift */ = {isa = PBXFileReference; lastKnownFileType = sourcecode.swift; path = TapInsetsView.swift; sourceTree = "<group>"; };
		9740C16E2638DC8B00CAC543 /* ScanButton.swift */ = {isa = PBXFileReference; lastKnownFileType = sourcecode.swift; path = ScanButton.swift; sourceTree = "<group>"; };
		9747AF0F1E5257080090E6B2 /* test_scan_image.png */ = {isa = PBXFileReference; lastKnownFileType = image.png; path = test_scan_image.png; sourceTree = "<group>"; };
		97499E5A220862FE006DED20 /* ScanNC.swift */ = {isa = PBXFileReference; lastKnownFileType = sourcecode.swift; path = ScanNC.swift; sourceTree = "<group>"; };
		97499E5C220872F5006DED20 /* Toolbar.swift */ = {isa = PBXFileReference; lastKnownFileType = sourcecode.swift; path = Toolbar.swift; sourceTree = "<group>"; };
		97499E5E220874B3006DED20 /* SplitVC.swift */ = {isa = PBXFileReference; lastKnownFileType = sourcecode.swift; path = SplitVC.swift; sourceTree = "<group>"; };
		9755651525CB712800FDAD07 /* UISceneView+SY.swift */ = {isa = PBXFileReference; lastKnownFileType = sourcecode.swift; path = "UISceneView+SY.swift"; sourceTree = "<group>"; };
		9757FCEF2207112D00AB59F1 /* DevicesVC.swift */ = {isa = PBXFileReference; lastKnownFileType = sourcecode.swift; path = DevicesVC.swift; sourceTree = "<group>"; };
		9757FCF02207112D00AB59F1 /* DevicesVC.xib */ = {isa = PBXFileReference; lastKnownFileType = file.xib; path = DevicesVC.xib; sourceTree = "<group>"; };
		976E423D23D2158100FFEFD0 /* SaneScanner.entitlements */ = {isa = PBXFileReference; lastKnownFileType = text.plist.entitlements; path = SaneScanner.entitlements; sourceTree = "<group>"; };
		977712D125CCB2F1009EC50D /* SceneDelegate.swift */ = {isa = PBXFileReference; lastKnownFileType = sourcecode.swift; path = SceneDelegate.swift; sourceTree = "<group>"; };
		977712D525CCB376009EC50D /* Context.swift */ = {isa = PBXFileReference; lastKnownFileType = sourcecode.swift; path = Context.swift; sourceTree = "<group>"; };
		978263CA221E253D0095E6ED /* DotsRefreshControl.swift */ = {isa = PBXFileReference; lastKnownFileType = sourcecode.swift; path = DotsRefreshControl.swift; sourceTree = "<group>"; };
		9785C5671E3D247A006CD4F1 /* en */ = {isa = PBXFileReference; lastKnownFileType = text.plist.strings; name = en; path = en.lproj/Localizable.strings; sourceTree = "<group>"; };
		9786507C220B5E6400F52DE6 /* PDFGenerator.swift */ = {isa = PBXFileReference; lastKnownFileType = sourcecode.swift; path = PDFGenerator.swift; sourceTree = "<group>"; };
		9786507E220B645500F52DE6 /* PDFActivity.swift */ = {isa = PBXFileReference; lastKnownFileType = sourcecode.swift; path = PDFActivity.swift; sourceTree = "<group>"; };
		97865080220B69AC00F52DE6 /* GalleryManager.swift */ = {isa = PBXFileReference; lastKnownFileType = sourcecode.swift; path = GalleryManager.swift; sourceTree = "<group>"; };
		9787F2401E49FBCF00C8E93A /* SnapshotHelper.swift */ = {isa = PBXFileReference; fileEncoding = 4; lastKnownFileType = sourcecode.swift; name = SnapshotHelper.swift; path = fastlane/SnapshotHelper.swift; sourceTree = SOURCE_ROOT; };
		979576AA223022C400680A80 /* UILabel+SY.swift */ = {isa = PBXFileReference; lastKnownFileType = sourcecode.swift; path = "UILabel+SY.swift"; sourceTree = "<group>"; };
		979D4BA31E4A797C00F90EFB /* Settings.bundle */ = {isa = PBXFileReference; lastKnownFileType = "wrapper.plug-in"; path = Settings.bundle; sourceTree = "<group>"; };
		979FCEF825D811FB00DD9E0E /* UIContentSizeCategory+SY.swift */ = {isa = PBXFileReference; lastKnownFileType = sourcecode.swift; path = "UIContentSizeCategory+SY.swift"; sourceTree = "<group>"; };
		97BE129A220BC0AC006A2AE8 /* UIColor+SY.swift */ = {isa = PBXFileReference; lastKnownFileType = sourcecode.swift; path = "UIColor+SY.swift"; sourceTree = "<group>"; };
		97BE129C220BC1A1006A2AE8 /* SVProgressHUD+SY.swift */ = {isa = PBXFileReference; lastKnownFileType = sourcecode.swift; path = "SVProgressHUD+SY.swift"; sourceTree = "<group>"; };
		97BE12A0220BC493006A2AE8 /* UIScrollView+SY.swift */ = {isa = PBXFileReference; lastKnownFileType = sourcecode.swift; path = "UIScrollView+SY.swift"; sourceTree = "<group>"; };
		97CC34E02205F48B00304345 /* SaneScanner-Bridging-Header.h */ = {isa = PBXFileReference; lastKnownFileType = sourcecode.c.h; path = "SaneScanner-Bridging-Header.h"; sourceTree = "<group>"; };
		97CC34E12205F48B00304345 /* OptionCell.swift */ = {isa = PBXFileReference; lastKnownFileType = sourcecode.swift; path = OptionCell.swift; sourceTree = "<group>"; };
		97CC34E22205F48B00304345 /* OptionCell.xib */ = {isa = PBXFileReference; lastKnownFileType = file.xib; path = OptionCell.xib; sourceTree = "<group>"; };
		97D0E03F220607E500AC74D0 /* DeviceCell.swift */ = {isa = PBXFileReference; lastKnownFileType = sourcecode.swift; path = DeviceCell.swift; sourceTree = "<group>"; };
		97D0E040220607E500AC74D0 /* DeviceCell.xib */ = {isa = PBXFileReference; lastKnownFileType = file.xib; path = DeviceCell.xib; sourceTree = "<group>"; };
		97D0E04322060C5700AC74D0 /* PreviewCell.swift */ = {isa = PBXFileReference; lastKnownFileType = sourcecode.swift; path = PreviewCell.swift; sourceTree = "<group>"; };
		97D0E04422060C5700AC74D0 /* PreviewCell.xib */ = {isa = PBXFileReference; lastKnownFileType = file.xib; path = PreviewCell.xib; sourceTree = "<group>"; };
		97D4CE892636EB7800F84150 /* SnapshotKind.swift */ = {isa = PBXFileReference; lastKnownFileType = sourcecode.swift; path = SnapshotKind.swift; sourceTree = "<group>"; };
		97D590122637565800E84198 /* DevicePreviewVC.swift */ = {isa = PBXFileReference; lastKnownFileType = sourcecode.swift; path = DevicePreviewVC.swift; sourceTree = "<group>"; };
		97D590132637565800E84198 /* DevicePreviewVC.xib */ = {isa = PBXFileReference; lastKnownFileType = file.xib; path = DevicePreviewVC.xib; sourceTree = "<group>"; };
		97D5902426377CBE00E84198 /* TooltipView.swift */ = {isa = PBXFileReference; lastKnownFileType = sourcecode.swift; path = TooltipView.swift; sourceTree = "<group>"; };
		97EAF237220B54A700435DE6 /* SanePreviewView.swift */ = {isa = PBXFileReference; lastKnownFileType = sourcecode.swift; path = SanePreviewView.swift; sourceTree = "<group>"; };
		97EB32B022071F880027CCAE /* PreferencesVC.swift */ = {isa = PBXFileReference; lastKnownFileType = sourcecode.swift; path = PreferencesVC.swift; sourceTree = "<group>"; };
		97EB32B122071F880027CCAE /* PreferencesVC.xib */ = {isa = PBXFileReference; lastKnownFileType = file.xib; path = PreferencesVC.xib; sourceTree = "<group>"; };
		97EB32B42207BB740027CCAE /* Preferences.swift */ = {isa = PBXFileReference; lastKnownFileType = sourcecode.swift; path = Preferences.swift; sourceTree = "<group>"; };
		97EDB9161E4924D40012CB7E /* SaneScannerUITests.xctest */ = {isa = PBXFileReference; explicitFileType = wrapper.cfbundle; includeInIndex = 0; path = SaneScannerUITests.xctest; sourceTree = BUILT_PRODUCTS_DIR; };
		97EDB9181E4924D40012CB7E /* SaneScannerUITests.swift */ = {isa = PBXFileReference; lastKnownFileType = sourcecode.swift; path = SaneScannerUITests.swift; sourceTree = "<group>"; };
		97EDB91A1E4924D40012CB7E /* Info.plist */ = {isa = PBXFileReference; lastKnownFileType = text.plist.xml; path = Info.plist; sourceTree = "<group>"; };
		97EF42242205FF7900D45FC8 /* HostCell.swift */ = {isa = PBXFileReference; lastKnownFileType = sourcecode.swift; path = HostCell.swift; sourceTree = "<group>"; };
		97EF42252205FF7900D45FC8 /* HostCell.xib */ = {isa = PBXFileReference; lastKnownFileType = file.xib; path = HostCell.xib; sourceTree = "<group>"; };
		97F2FB4A222302DE006BD617 /* GalleryGridVC.swift */ = {isa = PBXFileReference; lastKnownFileType = sourcecode.swift; path = GalleryGridVC.swift; sourceTree = "<group>"; };
		97F2FB4C22230325006BD617 /* GalleryGridVC.xib */ = {isa = PBXFileReference; lastKnownFileType = file.xib; path = GalleryGridVC.xib; sourceTree = "<group>"; };
		97F2FB4E2223084B006BD617 /* GalleryNC.swift */ = {isa = PBXFileReference; lastKnownFileType = sourcecode.swift; path = GalleryNC.swift; sourceTree = "<group>"; };
		97F2FB5022230A6B006BD617 /* GalleryImagesVC.swift */ = {isa = PBXFileReference; lastKnownFileType = sourcecode.swift; path = GalleryImagesVC.swift; sourceTree = "<group>"; };
		97F2FB5222230A81006BD617 /* GalleryImageVC.swift */ = {isa = PBXFileReference; lastKnownFileType = sourcecode.swift; path = GalleryImageVC.swift; sourceTree = "<group>"; };
		97F2FB54222318D5006BD617 /* GalleryItem.swift */ = {isa = PBXFileReference; lastKnownFileType = sourcecode.swift; path = GalleryItem.swift; sourceTree = "<group>"; };
		97FDF401222C55EE00B71E4C /* DeviceOptionVC.swift */ = {isa = PBXFileReference; lastKnownFileType = sourcecode.swift; path = DeviceOptionVC.swift; sourceTree = "<group>"; };
		E4150E772CE5FCDA9956F3BE /* Pods-SaneScanner.macos.xcconfig */ = {isa = PBXFileReference; includeInIndex = 1; lastKnownFileType = text.xcconfig; name = "Pods-SaneScanner.macos.xcconfig"; path = "Pods/Target Support Files/Pods-SaneScanner/Pods-SaneScanner.macos.xcconfig"; sourceTree = "<group>"; };
		F8CBD20D1AF9A58C00B4C221 /* SaneScanner.app */ = {isa = PBXFileReference; explicitFileType = wrapper.application; includeInIndex = 0; path = SaneScanner.app; sourceTree = BUILT_PRODUCTS_DIR; };
		F8CBD2111AF9A58C00B4C221 /* Info.plist */ = {isa = PBXFileReference; lastKnownFileType = text.plist.xml; path = Info.plist; sourceTree = "<group>"; };
		F8CBD21D1AF9A58C00B4C221 /* Images.xcassets */ = {isa = PBXFileReference; lastKnownFileType = folder.assetcatalog; path = Images.xcassets; sourceTree = "<group>"; };
/* End PBXFileReference section */

/* Begin PBXFrameworksBuildPhase section */
		97EDB9131E4924D40012CB7E /* Frameworks */ = {
			isa = PBXFrameworksBuildPhase;
			buildActionMask = 2147483647;
			files = (
			);
			runOnlyForDeploymentPostprocessing = 0;
		};
		F8CBD20A1AF9A58C00B4C221 /* Frameworks */ = {
			isa = PBXFrameworksBuildPhase;
			buildActionMask = 2147483647;
			files = (
				E380CA5C5F90A86D8A42FE99 /* Pods_SaneScanner.framework in Frameworks */,
			);
			runOnlyForDeploymentPostprocessing = 0;
		};
/* End PBXFrameworksBuildPhase section */

/* Begin PBXGroup section */
		06F2387C18FBB76B71AD189B /* Frameworks */ = {
			isa = PBXGroup;
			children = (
				23020D7DAE006AF3741F1127 /* Pods_SaneScanner.framework */,
			);
			name = Frameworks;
			sourceTree = "<group>";
		};
		1D470155F708E88FADB3A792 /* Pods */ = {
			isa = PBXGroup;
			children = (
				767334121290C07CE121D5C0 /* Pods-SaneScanner.debug.xcconfig */,
				685F44FB0583297FC8951521 /* Pods-SaneScanner.release.xcconfig */,
				E4150E772CE5FCDA9956F3BE /* Pods-SaneScanner.macos.xcconfig */,
			);
			name = Pods;
			sourceTree = "<group>";
		};
		97CD8488263AC581006DD44B /* Views */ = {
			isa = PBXGroup;
			children = (
				973066B4220C5CD90068E8C7 /* CropMaskView.swift */,
				978263CA221E253D0095E6ED /* DotsRefreshControl.swift */,
				973066B2220C55000068E8C7 /* GalleryThumbsView.swift */,
				97EAF237220B54A700435DE6 /* SanePreviewView.swift */,
				9740C16E2638DC8B00CAC543 /* ScanButton.swift */,
				9731D89022C548CE008D7525 /* TapInsetsView.swift */,
				97499E5C220872F5006DED20 /* Toolbar.swift */,
				97D5902426377CBE00E84198 /* TooltipView.swift */,
			);
			path = Views;
			sourceTree = "<group>";
		};
		97CD8489263AC599006DD44B /* Cells */ = {
			isa = PBXGroup;
			children = (
				97D0E03F220607E500AC74D0 /* DeviceCell.swift */,
				97D0E040220607E500AC74D0 /* DeviceCell.xib */,
				97EF42242205FF7900D45FC8 /* HostCell.swift */,
				97EF42252205FF7900D45FC8 /* HostCell.xib */,
				97CC34E12205F48B00304345 /* OptionCell.swift */,
				97CC34E22205F48B00304345 /* OptionCell.xib */,
				97D0E04322060C5700AC74D0 /* PreviewCell.swift */,
				97D0E04422060C5700AC74D0 /* PreviewCell.xib */,
			);
			path = Cells;
			sourceTree = "<group>";
		};
		97CD848A263AC5B4006DD44B /* Gallery */ = {
			isa = PBXGroup;
			children = (
				973066C0220C898E0068E8C7 /* GalleryGridLayout.swift */,
				97F2FB4A222302DE006BD617 /* GalleryGridVC.swift */,
				97F2FB4C22230325006BD617 /* GalleryGridVC.xib */,
				97F2FB5022230A6B006BD617 /* GalleryImagesVC.swift */,
				97F2FB5222230A81006BD617 /* GalleryImageVC.swift */,
				97F2FB4E2223084B006BD617 /* GalleryNC.swift */,
				973066BA220C82110068E8C7 /* GalleryThumbnailCell.swift */,
			);
			path = Gallery;
			sourceTree = "<group>";
		};
		97CD848B263AC5CA006DD44B /* Controllers */ = {
			isa = PBXGroup;
			children = (
				97865080220B69AC00F52DE6 /* GalleryManager.swift */,
				9786507E220B645500F52DE6 /* PDFActivity.swift */,
				9786507C220B5E6400F52DE6 /* PDFGenerator.swift */,
				97EB32B42207BB740027CCAE /* Preferences.swift */,
			);
			path = Controllers;
			sourceTree = "<group>";
		};
		97CD848C263AC5DE006DD44B /* Models */ = {
			isa = PBXGroup;
			children = (
				97F2FB54222318D5006BD617 /* GalleryItem.swift */,
				97D4CE892636EB7800F84150 /* SnapshotKind.swift */,
			);
			path = Models;
			sourceTree = "<group>";
		};
		97CD848D263AC5ED006DD44B /* Extensions */ = {
			isa = PBXGroup;
			children = (
				973066B6220C73D40068E8C7 /* CoreGraphics+SY.swift */,
				9730FD9125CF6365009ABCBC /* DeviceAuthentication+SY.swift */,
				973066C2220C8C740068E8C7 /* FileManager+SY.swift */,
				97BE129C220BC1A1006A2AE8 /* SVProgressHUD+SY.swift */,
				971584CD222F36C100DC46CA /* SYPictureMetdata+SY.swift */,
				973066C6220C951B0068E8C7 /* UIActivityViewController+SY.swift */,
				97BE129A220BC0AC006A2AE8 /* UIColor+SY.swift */,
				979FCEF825D811FB00DD9E0E /* UIContentSizeCategory+SY.swift */,
				971584CF222F445200DC46CA /* UIImage+SY.swift */,
				979576AA223022C400680A80 /* UILabel+SY.swift */,
				9755651525CB712800FDAD07 /* UISceneView+SY.swift */,
				97BE12A0220BC493006A2AE8 /* UIScrollView+SY.swift */,
			);
			path = Extensions;
			sourceTree = "<group>";
		};
		97CD848E263AC606006DD44B /* VCs */ = {
			isa = PBXGroup;
			children = (
				97499E5E220874B3006DED20 /* SplitVC.swift */,
				97499E5A220862FE006DED20 /* ScanNC.swift */,
				9757FCEF2207112D00AB59F1 /* DevicesVC.swift */,
				9757FCF02207112D00AB59F1 /* DevicesVC.xib */,
				97044901220875D300E13C6A /* DeviceVC.swift */,
				97044902220875D300E13C6A /* DeviceVC.xib */,
				97D590122637565800E84198 /* DevicePreviewVC.swift */,
				97D590132637565800E84198 /* DevicePreviewVC.xib */,
				97FDF401222C55EE00B71E4C /* DeviceOptionVC.swift */,
				9730FDA725D07D57009ABCBC /* DeviceScanPreviewVC.swift */,
				97EB32B022071F880027CCAE /* PreferencesVC.swift */,
				97EB32B122071F880027CCAE /* PreferencesVC.xib */,
			);
			path = VCs;
			sourceTree = "<group>";
		};
		97EDB9171E4924D40012CB7E /* SaneScannerUITests */ = {
			isa = PBXGroup;
			children = (
				9747AF0F1E5257080090E6B2 /* test_scan_image.png */,
				9787F2401E49FBCF00C8E93A /* SnapshotHelper.swift */,
				97EDB9181E4924D40012CB7E /* SaneScannerUITests.swift */,
				97EDB91A1E4924D40012CB7E /* Info.plist */,
			);
			path = SaneScannerUITests;
			sourceTree = "<group>";
		};
		F8CBD2041AF9A58C00B4C221 = {
			isa = PBXGroup;
			children = (
				F8CBD20F1AF9A58C00B4C221 /* SaneScanner */,
				97EDB9171E4924D40012CB7E /* SaneScannerUITests */,
				F8CBD20E1AF9A58C00B4C221 /* Products */,
				1D470155F708E88FADB3A792 /* Pods */,
				06F2387C18FBB76B71AD189B /* Frameworks */,
			);
			sourceTree = "<group>";
		};
		F8CBD20E1AF9A58C00B4C221 /* Products */ = {
			isa = PBXGroup;
			children = (
				F8CBD20D1AF9A58C00B4C221 /* SaneScanner.app */,
				97EDB9161E4924D40012CB7E /* SaneScannerUITests.xctest */,
			);
			name = Products;
			sourceTree = "<group>";
		};
		F8CBD20F1AF9A58C00B4C221 /* SaneScanner */ = {
			isa = PBXGroup;
			children = (
				976E423D23D2158100FFEFD0 /* SaneScanner.entitlements */,
				97CD848D263AC5ED006DD44B /* Extensions */,
				97CD848C263AC5DE006DD44B /* Models */,
				97CD848B263AC5CA006DD44B /* Controllers */,
				97CD848A263AC5B4006DD44B /* Gallery */,
				97CD8489263AC599006DD44B /* Cells */,
				97CD8488263AC581006DD44B /* Views */,
				97CD848E263AC606006DD44B /* VCs */,
				9704490B2208900700E13C6A /* AppDelegate.swift */,
				977712D125CCB2F1009EC50D /* SceneDelegate.swift */,
				977712D525CCB376009EC50D /* Context.swift */,
				97CC34E02205F48B00304345 /* SaneScanner-Bridging-Header.h */,
				971ABFDE1CCFA0150086F600 /* SYLaunchScreen.storyboard */,
				9785C5681E3D247A006CD4F1 /* Localizable.strings */,
				F8CBD21D1AF9A58C00B4C221 /* Images.xcassets */,
				F8CBD2101AF9A58C00B4C221 /* Supporting Files */,
			);
			path = SaneScanner;
			sourceTree = "<group>";
		};
		F8CBD2101AF9A58C00B4C221 /* Supporting Files */ = {
			isa = PBXGroup;
			children = (
				F8CBD2111AF9A58C00B4C221 /* Info.plist */,
				979D4BA31E4A797C00F90EFB /* Settings.bundle */,
			);
			name = "Supporting Files";
			sourceTree = "<group>";
		};
/* End PBXGroup section */

/* Begin PBXNativeTarget section */
		97EDB9151E4924D40012CB7E /* SaneScannerUITests */ = {
			isa = PBXNativeTarget;
			buildConfigurationList = 97EDB91F1E4924D40012CB7E /* Build configuration list for PBXNativeTarget "SaneScannerUITests" */;
			buildPhases = (
				97EDB9121E4924D40012CB7E /* Sources */,
				97EDB9131E4924D40012CB7E /* Frameworks */,
				97EDB9141E4924D40012CB7E /* Resources */,
			);
			buildRules = (
			);
			dependencies = (
				97EDB91C1E4924D40012CB7E /* PBXTargetDependency */,
			);
			name = SaneScannerUITests;
			productName = SaneScannerUITests;
			productReference = 97EDB9161E4924D40012CB7E /* SaneScannerUITests.xctest */;
			productType = "com.apple.product-type.bundle.ui-testing";
		};
		F8CBD20C1AF9A58C00B4C221 /* SaneScanner */ = {
			isa = PBXNativeTarget;
			buildConfigurationList = F8CBD2301AF9A58C00B4C221 /* Build configuration list for PBXNativeTarget "SaneScanner" */;
			buildPhases = (
				DCF69B669EC8701B2D500461 /* [CP] Check Pods Manifest.lock */,
				97DF1B511E3BA42A00AD8A92 /* TODOs etc */,
				976E5BAC1E3BA4630057B599 /* TRANSLATE */,
				F8CBD2091AF9A58C00B4C221 /* Sources */,
				F8CBD20A1AF9A58C00B4C221 /* Frameworks */,
				F8CBD20B1AF9A58C00B4C221 /* Resources */,
				93CC2C1AFE9AE5B01609E587 /* [CP] Embed Pods Frameworks */,
				DF8C95BF7C90F9CC0FDAFD6D /* [CP] Copy Pods Resources */,
			);
			buildRules = (
			);
			dependencies = (
			);
			name = SaneScanner;
			productName = SaneScanner;
			productReference = F8CBD20D1AF9A58C00B4C221 /* SaneScanner.app */;
			productType = "com.apple.product-type.application";
		};
/* End PBXNativeTarget section */

/* Begin PBXProject section */
		F8CBD2051AF9A58C00B4C221 /* Project object */ = {
			isa = PBXProject;
			attributes = {
				CLASSPREFIX = SY;
				LastSwiftUpdateCheck = 0820;
				LastUpgradeCheck = 1250;
				ORGANIZATIONNAME = Syan;
				TargetAttributes = {
					97EDB9151E4924D40012CB7E = {
						CreatedOnToolsVersion = 8.2;
						DevelopmentTeam = 79RY8264V4;
						LastSwiftMigration = 1000;
						ProvisioningStyle = Automatic;
						TestTargetID = F8CBD20C1AF9A58C00B4C221;
					};
					F8CBD20C1AF9A58C00B4C221 = {
						CreatedOnToolsVersion = 6.3.1;
						DevelopmentTeam = 79RY8264V4;
						LastSwiftMigration = 1010;
						ProvisioningStyle = Manual;
					};
				};
			};
			buildConfigurationList = F8CBD2081AF9A58C00B4C221 /* Build configuration list for PBXProject "SaneScanner" */;
			compatibilityVersion = "Xcode 3.2";
			developmentRegion = en;
			hasScannedForEncodings = 0;
			knownRegions = (
				en,
				fr,
				Base,
			);
			mainGroup = F8CBD2041AF9A58C00B4C221;
			productRefGroup = F8CBD20E1AF9A58C00B4C221 /* Products */;
			projectDirPath = "";
			projectRoot = "";
			targets = (
				F8CBD20C1AF9A58C00B4C221 /* SaneScanner */,
				97EDB9151E4924D40012CB7E /* SaneScannerUITests */,
			);
		};
/* End PBXProject section */

/* Begin PBXResourcesBuildPhase section */
		97EDB9141E4924D40012CB7E /* Resources */ = {
			isa = PBXResourcesBuildPhase;
			buildActionMask = 2147483647;
			files = (
				9787F2421E4A094A00C8E93A /* Localizable.strings in Resources */,
				9747AF101E5257080090E6B2 /* test_scan_image.png in Resources */,
			);
			runOnlyForDeploymentPostprocessing = 0;
		};
		F8CBD20B1AF9A58C00B4C221 /* Resources */ = {
			isa = PBXResourcesBuildPhase;
			buildActionMask = 2147483647;
			files = (
				97D590152637565800E84198 /* DevicePreviewVC.xib in Resources */,
				9785C5661E3D247A006CD4F1 /* Localizable.strings in Resources */,
				97EF42272205FF7900D45FC8 /* HostCell.xib in Resources */,
				97D0E04622060C5700AC74D0 /* PreviewCell.xib in Resources */,
				97F0A2651E52687F008C4690 /* Images.xcassets in Resources */,
				97F2FB4D22230325006BD617 /* GalleryGridVC.xib in Resources */,
				97CC34E42205F48B00304345 /* OptionCell.xib in Resources */,
				97EB32B322071F880027CCAE /* PreferencesVC.xib in Resources */,
				9757FCF22207112D00AB59F1 /* DevicesVC.xib in Resources */,
				979D4BA41E4A797C00F90EFB /* Settings.bundle in Resources */,
				97D0E042220607E500AC74D0 /* DeviceCell.xib in Resources */,
				97044904220875D300E13C6A /* DeviceVC.xib in Resources */,
				971ABFDF1CCFA0150086F600 /* SYLaunchScreen.storyboard in Resources */,
			);
			runOnlyForDeploymentPostprocessing = 0;
		};
/* End PBXResourcesBuildPhase section */

/* Begin PBXShellScriptBuildPhase section */
		93CC2C1AFE9AE5B01609E587 /* [CP] Embed Pods Frameworks */ = {
			isa = PBXShellScriptBuildPhase;
			buildActionMask = 2147483647;
			files = (
			);
			inputPaths = (
				"${PODS_ROOT}/Target Support Files/Pods-SaneScanner/Pods-SaneScanner-frameworks.sh",
				"${BUILT_PRODUCTS_DIR}/DirectoryWatcher/DirectoryWatcher.framework",
				"${BUILT_PRODUCTS_DIR}/KeychainAccess/KeychainAccess.framework",
				"${BUILT_PRODUCTS_DIR}/SVProgressHUD/SVProgressHUD.framework",
				"${BUILT_PRODUCTS_DIR}/SYEmailHelper/SYEmailHelper.framework",
				"${BUILT_PRODUCTS_DIR}/SYKit/SYKit.framework",
				"${BUILT_PRODUCTS_DIR}/SYOperationQueue/SYOperationQueue.framework",
				"${BUILT_PRODUCTS_DIR}/SYPictureMetadata/SYPictureMetadata.framework",
				"${BUILT_PRODUCTS_DIR}/SnapKit/SnapKit.framework",
				"${BUILT_PRODUCTS_DIR}/SpinKit/SpinKit.framework",
			);
			name = "[CP] Embed Pods Frameworks";
			outputPaths = (
				"${TARGET_BUILD_DIR}/${FRAMEWORKS_FOLDER_PATH}/DirectoryWatcher.framework",
				"${TARGET_BUILD_DIR}/${FRAMEWORKS_FOLDER_PATH}/KeychainAccess.framework",
				"${TARGET_BUILD_DIR}/${FRAMEWORKS_FOLDER_PATH}/SVProgressHUD.framework",
				"${TARGET_BUILD_DIR}/${FRAMEWORKS_FOLDER_PATH}/SYEmailHelper.framework",
				"${TARGET_BUILD_DIR}/${FRAMEWORKS_FOLDER_PATH}/SYKit.framework",
				"${TARGET_BUILD_DIR}/${FRAMEWORKS_FOLDER_PATH}/SYOperationQueue.framework",
				"${TARGET_BUILD_DIR}/${FRAMEWORKS_FOLDER_PATH}/SYPictureMetadata.framework",
				"${TARGET_BUILD_DIR}/${FRAMEWORKS_FOLDER_PATH}/SnapKit.framework",
				"${TARGET_BUILD_DIR}/${FRAMEWORKS_FOLDER_PATH}/SpinKit.framework",
			);
			runOnlyForDeploymentPostprocessing = 0;
			shellPath = /bin/sh;
			shellScript = "\"${PODS_ROOT}/Target Support Files/Pods-SaneScanner/Pods-SaneScanner-frameworks.sh\"\n";
			showEnvVarsInLog = 0;
		};
		976E5BAC1E3BA4630057B599 /* TRANSLATE */ = {
			isa = PBXShellScriptBuildPhase;
			buildActionMask = 2147483647;
			files = (
			);
			inputPaths = (
			);
			name = TRANSLATE;
			outputPaths = (
			);
			runOnlyForDeploymentPostprocessing = 0;
			shellPath = /usr/bin/ruby;
			shellScript = "# characters in the list will prevent the @ sign from being considered as a string literal start\ncharacters_to_ignore_before_at = \"%\"\n\n# list all .m and .h files in directory\nDir.glob(\"#{ENV['SRCROOT']}/#{ENV['PROJECT_NAME']}/**/{*.h,*.m}\") do |file|\n\n# iterate through all lines of the given file\nFile.foreach(file).with_index do |line, line_num|\n\n# iterate through all occurences of @\", and check if it represents the beginning of a string literal\nindex = -1\nwhile index = line.index('@\"', index+1)\n\n# if we haven't found the beginning of a literal we go to the next occurence\nnext if index > 0 && characters_to_ignore_before_at.index(line[index-1])\n\n# we find the end of the literal\nindex_end = index + 1\nwhile index_end = line.index('\"', index_end+1)\n# the double-quote character doesn't denote an end if it's escaped\nbreak if line[index_end-1] != '\\\\'\nend\n\n# in case the literal is sprend into multiple lines and we don't find its end on this line\nif index_end == nil\nindex_end = -1\nend\n\n# string literal content\nstring_to_translate = line[index..index_end]\n\n# xcode warning\nputs \"#{file}:#{line_num+1}:#{index+1}: warning: TRANSLATE: #{string_to_translate}\"\nend\nend\nend\n\n";
		};
		97DF1B511E3BA42A00AD8A92 /* TODOs etc */ = {
			isa = PBXShellScriptBuildPhase;
			buildActionMask = 2147483647;
			files = (
			);
			inputPaths = (
			);
			name = "TODOs etc";
			outputPaths = (
			);
			runOnlyForDeploymentPostprocessing = 0;
			shellPath = /bin/sh;
			shellScript = "declare -a TAGS=(\"TODO:\" \"FIXME:\" \"LATER:\")\necho \"searching ${SRCROOT} for ${TAGS}\"\n\nfor TAG in ${TAGS[@]}; do\nfind \"${SRCROOT}/${PROJECT_NAME}\" \\( -name \"*.h\" -or -name \"*.m\" -or -name \"*.swift\" \\) -print0 | xargs -0 egrep --with-filename --line-number --only-matching \"($TAG).*\\$\" | perl -p -e \"s/($TAG)/ warning: \\$1/\"\ndone\n\nfor TAG in ${TAGS[@]}; do\nfind \"${SRCROOT}/SaneSwift\" \\( -name \"*.h\" -or -name \"*.m\" -or -name \"*.swift\" \\) -print0 | xargs -0 egrep --with-filename --line-number --only-matching \"($TAG).*\\$\" | perl -p -e \"s/($TAG)/ warning: \\$1/\"\ndone\n";
		};
		DCF69B669EC8701B2D500461 /* [CP] Check Pods Manifest.lock */ = {
			isa = PBXShellScriptBuildPhase;
			buildActionMask = 2147483647;
			files = (
			);
			inputPaths = (
				"${PODS_PODFILE_DIR_PATH}/Podfile.lock",
				"${PODS_ROOT}/Manifest.lock",
			);
			name = "[CP] Check Pods Manifest.lock";
			outputPaths = (
				"$(DERIVED_FILE_DIR)/Pods-SaneScanner-checkManifestLockResult.txt",
			);
			runOnlyForDeploymentPostprocessing = 0;
			shellPath = /bin/sh;
			shellScript = "diff \"${PODS_PODFILE_DIR_PATH}/Podfile.lock\" \"${PODS_ROOT}/Manifest.lock\" > /dev/null\nif [ $? != 0 ] ; then\n    # print error to STDERR\n    echo \"error: The sandbox is not in sync with the Podfile.lock. Run 'pod install' or update your CocoaPods installation.\" >&2\n    exit 1\nfi\n# This output is used by Xcode 'outputs' to avoid re-running this script phase.\necho \"SUCCESS\" > \"${SCRIPT_OUTPUT_FILE_0}\"\n";
			showEnvVarsInLog = 0;
		};
		DF8C95BF7C90F9CC0FDAFD6D /* [CP] Copy Pods Resources */ = {
			isa = PBXShellScriptBuildPhase;
			buildActionMask = 2147483647;
			files = (
			);
			inputPaths = (
				"${PODS_ROOT}/Target Support Files/Pods-SaneScanner/Pods-SaneScanner-resources.sh",
				"${PODS_CONFIGURATION_BUILD_DIR}/Sane/Sane-Translations.bundle",
				"${PODS_CONFIGURATION_BUILD_DIR}/SaneSwift/SaneSwift-Translations.bundle",
			);
			name = "[CP] Copy Pods Resources";
			outputPaths = (
				"${TARGET_BUILD_DIR}/${UNLOCALIZED_RESOURCES_FOLDER_PATH}/Sane-Translations.bundle",
				"${TARGET_BUILD_DIR}/${UNLOCALIZED_RESOURCES_FOLDER_PATH}/SaneSwift-Translations.bundle",
			);
			runOnlyForDeploymentPostprocessing = 0;
			shellPath = /bin/sh;
			shellScript = "\"${PODS_ROOT}/Target Support Files/Pods-SaneScanner/Pods-SaneScanner-resources.sh\"\n";
			showEnvVarsInLog = 0;
		};
/* End PBXShellScriptBuildPhase section */

/* Begin PBXSourcesBuildPhase section */
		97EDB9121E4924D40012CB7E /* Sources */ = {
			isa = PBXSourcesBuildPhase;
			buildActionMask = 2147483647;
			files = (
				97EDB9191E4924D40012CB7E /* SaneScannerUITests.swift in Sources */,
				9787F2411E49FBCF00C8E93A /* SnapshotHelper.swift in Sources */,
			);
			runOnlyForDeploymentPostprocessing = 0;
		};
		F8CBD2091AF9A58C00B4C221 /* Sources */ = {
			isa = PBXSourcesBuildPhase;
			buildActionMask = 2147483647;
			files = (
				97D5902526377CBE00E84198 /* TooltipView.swift in Sources */,
				97EF42262205FF7900D45FC8 /* HostCell.swift in Sources */,
				9755651625CB712800FDAD07 /* UISceneView+SY.swift in Sources */,
				97CC34E32205F48B00304345 /* OptionCell.swift in Sources */,
				9730FD9225CF6365009ABCBC /* DeviceAuthentication+SY.swift in Sources */,
				97044903220875D300E13C6A /* DeviceVC.swift in Sources */,
				971584CE222F36C100DC46CA /* SYPictureMetdata+SY.swift in Sources */,
				979FCEF925D811FB00DD9E0E /* UIContentSizeCategory+SY.swift in Sources */,
				9704490C2208900700E13C6A /* AppDelegate.swift in Sources */,
				973066C1220C898E0068E8C7 /* GalleryGridLayout.swift in Sources */,
				97F2FB5122230A6B006BD617 /* GalleryImagesVC.swift in Sources */,
				977712D225CCB2F1009EC50D /* SceneDelegate.swift in Sources */,
				973066C7220C951B0068E8C7 /* UIActivityViewController+SY.swift in Sources */,
				97BE12A1220BC493006A2AE8 /* UIScrollView+SY.swift in Sources */,
				9786507D220B5E6400F52DE6 /* PDFGenerator.swift in Sources */,
				97EB32B52207BB740027CCAE /* Preferences.swift in Sources */,
				97F2FB4B222302DE006BD617 /* GalleryGridVC.swift in Sources */,
				971584D0222F445200DC46CA /* UIImage+SY.swift in Sources */,
				9786507F220B645500F52DE6 /* PDFActivity.swift in Sources */,
				97F2FB5322230A81006BD617 /* GalleryImageVC.swift in Sources */,
				97D0E041220607E500AC74D0 /* DeviceCell.swift in Sources */,
				97D0E04522060C5700AC74D0 /* PreviewCell.swift in Sources */,
				9731D89122C548CE008D7525 /* TapInsetsView.swift in Sources */,
				973066B5220C5CD90068E8C7 /* CropMaskView.swift in Sources */,
				97EB32B222071F880027CCAE /* PreferencesVC.swift in Sources */,
				973066BB220C82110068E8C7 /* GalleryThumbnailCell.swift in Sources */,
				97F2FB55222318D5006BD617 /* GalleryItem.swift in Sources */,
				9740C16F2638DC8B00CAC543 /* ScanButton.swift in Sources */,
				97BE129D220BC1A1006A2AE8 /* SVProgressHUD+SY.swift in Sources */,
				978263CB221E253D0095E6ED /* DotsRefreshControl.swift in Sources */,
				973066B7220C73D40068E8C7 /* CoreGraphics+SY.swift in Sources */,
				97F2FB4F2223084B006BD617 /* GalleryNC.swift in Sources */,
				97499E5B220862FE006DED20 /* ScanNC.swift in Sources */,
				9757FCF12207112D00AB59F1 /* DevicesVC.swift in Sources */,
				973066B3220C55000068E8C7 /* GalleryThumbsView.swift in Sources */,
				977712D625CCB376009EC50D /* Context.swift in Sources */,
				979576AB223022C400680A80 /* UILabel+SY.swift in Sources */,
				97BE129B220BC0AC006A2AE8 /* UIColor+SY.swift in Sources */,
				973066C3220C8C740068E8C7 /* FileManager+SY.swift in Sources */,
				97FDF403222C55EE00B71E4C /* DeviceOptionVC.swift in Sources */,
				9730FDA825D07D57009ABCBC /* DeviceScanPreviewVC.swift in Sources */,
				97865081220B69AC00F52DE6 /* GalleryManager.swift in Sources */,
				97499E5F220874B3006DED20 /* SplitVC.swift in Sources */,
				97D4CE8A2636EB7800F84150 /* SnapshotKind.swift in Sources */,
				97D590142637565800E84198 /* DevicePreviewVC.swift in Sources */,
				97EAF238220B54A700435DE6 /* SanePreviewView.swift in Sources */,
				97499E5D220872F5006DED20 /* Toolbar.swift in Sources */,
			);
			runOnlyForDeploymentPostprocessing = 0;
		};
/* End PBXSourcesBuildPhase section */

/* Begin PBXTargetDependency section */
		97EDB91C1E4924D40012CB7E /* PBXTargetDependency */ = {
			isa = PBXTargetDependency;
			target = F8CBD20C1AF9A58C00B4C221 /* SaneScanner */;
			targetProxy = 97EDB91B1E4924D40012CB7E /* PBXContainerItemProxy */;
		};
/* End PBXTargetDependency section */

/* Begin PBXVariantGroup section */
		9785C5681E3D247A006CD4F1 /* Localizable.strings */ = {
			isa = PBXVariantGroup;
			children = (
				9785C5671E3D247A006CD4F1 /* en */,
				970A587F1E41665C0033A116 /* fr */,
			);
			name = Localizable.strings;
			sourceTree = "<group>";
		};
/* End PBXVariantGroup section */

/* Begin XCBuildConfiguration section */
		97EDB91D1E4924D40012CB7E /* Debug */ = {
			isa = XCBuildConfiguration;
			buildSettings = {
				ALWAYS_EMBED_SWIFT_STANDARD_LIBRARIES = YES;
				CLANG_ANALYZER_NONNULL = YES;
				CLANG_WARN_DOCUMENTATION_COMMENTS = YES;
				DEBUG_INFORMATION_FORMAT = dwarf;
				DEVELOPMENT_TEAM = 79RY8264V4;
				INFOPLIST_FILE = SaneScannerUITests/Info.plist;
				IPHONEOS_DEPLOYMENT_TARGET = 10.2;
				LD_RUNPATH_SEARCH_PATHS = "$(inherited) @executable_path/Frameworks @loader_path/Frameworks";
				PRODUCT_BUNDLE_IDENTIFIER = me.syan.SaneScannerUITests;
				PRODUCT_NAME = "$(TARGET_NAME)";
				SWIFT_ACTIVE_COMPILATION_CONDITIONS = DEBUG;
				SWIFT_OPTIMIZATION_LEVEL = "-Onone";
				TEST_TARGET_NAME = SaneScanner;
			};
			name = Debug;
		};
		97EDB91E1E4924D40012CB7E /* Release */ = {
			isa = XCBuildConfiguration;
			buildSettings = {
				ALWAYS_EMBED_SWIFT_STANDARD_LIBRARIES = YES;
				CLANG_ANALYZER_NONNULL = YES;
				CLANG_WARN_DOCUMENTATION_COMMENTS = YES;
				DEVELOPMENT_TEAM = 79RY8264V4;
				INFOPLIST_FILE = SaneScannerUITests/Info.plist;
				IPHONEOS_DEPLOYMENT_TARGET = 10.2;
				LD_RUNPATH_SEARCH_PATHS = "$(inherited) @executable_path/Frameworks @loader_path/Frameworks";
				PRODUCT_BUNDLE_IDENTIFIER = me.syan.SaneScannerUITests;
				PRODUCT_NAME = "$(TARGET_NAME)";
				SWIFT_OPTIMIZATION_LEVEL = "-Owholemodule";
				TEST_TARGET_NAME = SaneScanner;
			};
			name = Release;
		};
		F8CBD22E1AF9A58C00B4C221 /* Debug */ = {
			isa = XCBuildConfiguration;
			buildSettings = {
				ALWAYS_SEARCH_USER_PATHS = NO;
				CLANG_ANALYZER_LOCALIZABILITY_NONLOCALIZED = YES;
				CLANG_CXX_LANGUAGE_STANDARD = "gnu++0x";
				CLANG_CXX_LIBRARY = "libc++";
				CLANG_ENABLE_MODULES = YES;
				CLANG_ENABLE_OBJC_ARC = YES;
				CLANG_WARN_BLOCK_CAPTURE_AUTORELEASING = YES;
				CLANG_WARN_BOOL_CONVERSION = YES;
				CLANG_WARN_COMMA = YES;
				CLANG_WARN_CONSTANT_CONVERSION = YES;
				CLANG_WARN_DEPRECATED_OBJC_IMPLEMENTATIONS = YES;
				CLANG_WARN_DIRECT_OBJC_ISA_USAGE = YES_ERROR;
				CLANG_WARN_EMPTY_BODY = YES;
				CLANG_WARN_ENUM_CONVERSION = YES;
				CLANG_WARN_INFINITE_RECURSION = YES;
				CLANG_WARN_INT_CONVERSION = YES;
				CLANG_WARN_NON_LITERAL_NULL_CONVERSION = YES;
				CLANG_WARN_OBJC_IMPLICIT_RETAIN_SELF = YES;
				CLANG_WARN_OBJC_LITERAL_CONVERSION = YES;
				CLANG_WARN_OBJC_ROOT_CLASS = YES_ERROR;
				CLANG_WARN_QUOTED_INCLUDE_IN_FRAMEWORK_HEADER = YES;
				CLANG_WARN_RANGE_LOOP_ANALYSIS = YES;
				CLANG_WARN_STRICT_PROTOTYPES = YES;
				CLANG_WARN_SUSPICIOUS_MOVE = YES;
				CLANG_WARN_UNGUARDED_AVAILABILITY = YES_AGGRESSIVE;
				CLANG_WARN_UNREACHABLE_CODE = YES;
				CLANG_WARN__DUPLICATE_METHOD_MATCH = YES;
				"CODE_SIGN_IDENTITY[sdk=iphoneos*]" = "iPhone Developer";
				COPY_PHASE_STRIP = NO;
				CURRENT_PROJECT_VERSION = 19;
				DEBUG_INFORMATION_FORMAT = "dwarf-with-dsym";
				ENABLE_BITCODE = NO;
				ENABLE_STRICT_OBJC_MSGSEND = YES;
				ENABLE_TESTABILITY = YES;
				GCC_C_LANGUAGE_STANDARD = gnu99;
				GCC_DYNAMIC_NO_PIC = NO;
				GCC_NO_COMMON_BLOCKS = YES;
				GCC_OPTIMIZATION_LEVEL = 0;
				GCC_PREPROCESSOR_DEFINITIONS = (
					"DEBUG=1",
					"$(inherited)",
				);
				GCC_SYMBOLS_PRIVATE_EXTERN = NO;
				GCC_TREAT_INCOMPATIBLE_POINTER_TYPE_WARNINGS_AS_ERRORS = YES;
				GCC_WARN_64_TO_32_BIT_CONVERSION = YES;
				GCC_WARN_ABOUT_RETURN_TYPE = YES_ERROR;
				GCC_WARN_UNDECLARED_SELECTOR = YES;
				GCC_WARN_UNINITIALIZED_AUTOS = YES_AGGRESSIVE;
				GCC_WARN_UNUSED_FUNCTION = YES;
				GCC_WARN_UNUSED_VARIABLE = YES;
				IPHONEOS_DEPLOYMENT_TARGET = 10.0;
				MTL_ENABLE_DEBUG_INFO = YES;
				ONLY_ACTIVE_ARCH = YES;
				SDKROOT = iphoneos;
				SWIFT_VERSION = 5.0;
				TARGETED_DEVICE_FAMILY = "1,2";
				VERSIONING_SYSTEM = "apple-generic";
			};
			name = Debug;
		};
		F8CBD22F1AF9A58C00B4C221 /* Release */ = {
			isa = XCBuildConfiguration;
			buildSettings = {
				ALWAYS_SEARCH_USER_PATHS = NO;
				CLANG_ANALYZER_LOCALIZABILITY_NONLOCALIZED = YES;
				CLANG_CXX_LANGUAGE_STANDARD = "gnu++0x";
				CLANG_CXX_LIBRARY = "libc++";
				CLANG_ENABLE_MODULES = YES;
				CLANG_ENABLE_OBJC_ARC = YES;
				CLANG_WARN_BLOCK_CAPTURE_AUTORELEASING = YES;
				CLANG_WARN_BOOL_CONVERSION = YES;
				CLANG_WARN_COMMA = YES;
				CLANG_WARN_CONSTANT_CONVERSION = YES;
				CLANG_WARN_DEPRECATED_OBJC_IMPLEMENTATIONS = YES;
				CLANG_WARN_DIRECT_OBJC_ISA_USAGE = YES_ERROR;
				CLANG_WARN_EMPTY_BODY = YES;
				CLANG_WARN_ENUM_CONVERSION = YES;
				CLANG_WARN_INFINITE_RECURSION = YES;
				CLANG_WARN_INT_CONVERSION = YES;
				CLANG_WARN_NON_LITERAL_NULL_CONVERSION = YES;
				CLANG_WARN_OBJC_IMPLICIT_RETAIN_SELF = YES;
				CLANG_WARN_OBJC_LITERAL_CONVERSION = YES;
				CLANG_WARN_OBJC_ROOT_CLASS = YES_ERROR;
				CLANG_WARN_QUOTED_INCLUDE_IN_FRAMEWORK_HEADER = YES;
				CLANG_WARN_RANGE_LOOP_ANALYSIS = YES;
				CLANG_WARN_STRICT_PROTOTYPES = YES;
				CLANG_WARN_SUSPICIOUS_MOVE = YES;
				CLANG_WARN_UNGUARDED_AVAILABILITY = YES_AGGRESSIVE;
				CLANG_WARN_UNREACHABLE_CODE = YES;
				CLANG_WARN__DUPLICATE_METHOD_MATCH = YES;
				"CODE_SIGN_IDENTITY[sdk=iphoneos*]" = "iPhone Developer";
				COPY_PHASE_STRIP = NO;
				CURRENT_PROJECT_VERSION = 19;
				DEBUG_INFORMATION_FORMAT = "dwarf-with-dsym";
				ENABLE_BITCODE = NO;
				ENABLE_NS_ASSERTIONS = NO;
				ENABLE_STRICT_OBJC_MSGSEND = YES;
				GCC_C_LANGUAGE_STANDARD = gnu99;
				GCC_NO_COMMON_BLOCKS = YES;
				GCC_TREAT_INCOMPATIBLE_POINTER_TYPE_WARNINGS_AS_ERRORS = YES;
				GCC_WARN_64_TO_32_BIT_CONVERSION = YES;
				GCC_WARN_ABOUT_RETURN_TYPE = YES_ERROR;
				GCC_WARN_UNDECLARED_SELECTOR = YES;
				GCC_WARN_UNINITIALIZED_AUTOS = YES_AGGRESSIVE;
				GCC_WARN_UNUSED_FUNCTION = YES;
				GCC_WARN_UNUSED_VARIABLE = YES;
				IPHONEOS_DEPLOYMENT_TARGET = 10.0;
				MTL_ENABLE_DEBUG_INFO = NO;
				SDKROOT = iphoneos;
				SWIFT_OPTIMIZATION_LEVEL = "-Owholemodule";
				SWIFT_VERSION = 5.0;
				TARGETED_DEVICE_FAMILY = "1,2";
				VALIDATE_PRODUCT = YES;
				VERSIONING_SYSTEM = "apple-generic";
			};
			name = Release;
		};
		F8CBD2311AF9A58C00B4C221 /* Debug */ = {
			isa = XCBuildConfiguration;
			baseConfigurationReference = 767334121290C07CE121D5C0 /* Pods-SaneScanner.debug.xcconfig */;
			buildSettings = {
				ASSETCATALOG_COMPILER_APPICON_NAME = AppIcon;
				CLANG_ENABLE_MODULES = YES;
				CODE_SIGN_ENTITLEMENTS = SaneScanner/SaneScanner.entitlements;
				CODE_SIGN_IDENTITY = "iPhone Developer";
				"CODE_SIGN_IDENTITY[sdk=iphoneos*]" = "iPhone Developer";
				"CODE_SIGN_IDENTITY[sdk=macosx*]" = "Apple Development";
				CODE_SIGN_STYLE = Manual;
				CURRENT_PROJECT_VERSION = 20;
				DEVELOPMENT_TEAM = 79RY8264V4;
				INFOPLIST_FILE = SaneScanner/Info.plist;
				LD_RUNPATH_SEARCH_PATHS = "$(inherited) @executable_path/Frameworks";
				MARKETING_VERSION = 2.0;
				OTHER_SWIFT_FLAGS = "$(inherited) -D COCOAPODS -D DEBUG";
				PRODUCT_BUNDLE_IDENTIFIER = me.syan.SaneScanner;
				PRODUCT_NAME = "$(TARGET_NAME)";
				PROVISIONING_PROFILE = "";
				PROVISIONING_PROFILE_SPECIFIER = "me.syan.SaneScanner Development";
				"PROVISIONING_PROFILE_SPECIFIER[sdk=macosx*]" = "me.syan.SaneScanner macOS Development";
				SUPPORTS_MACCATALYST = YES;
				SWIFT_ACTIVE_COMPILATION_CONDITIONS = "";
				SWIFT_OBJC_BRIDGING_HEADER = "SaneScanner/SaneScanner-Bridging-Header.h";
				SWIFT_OPTIMIZATION_LEVEL = "-Onone";
			};
			name = Debug;
		};
		F8CBD2321AF9A58C00B4C221 /* Release */ = {
			isa = XCBuildConfiguration;
			baseConfigurationReference = 685F44FB0583297FC8951521 /* Pods-SaneScanner.release.xcconfig */;
			buildSettings = {
				ASSETCATALOG_COMPILER_APPICON_NAME = AppIcon;
				CLANG_ENABLE_MODULES = YES;
				CODE_SIGN_ENTITLEMENTS = SaneScanner/SaneScanner.entitlements;
				CODE_SIGN_IDENTITY = "iPhone Distribution";
				"CODE_SIGN_IDENTITY[sdk=iphoneos*]" = "iPhone Distribution";
				"CODE_SIGN_IDENTITY[sdk=macosx*]" = "Apple Distribution";
				CODE_SIGN_STYLE = Manual;
				CURRENT_PROJECT_VERSION = 20;
				DEVELOPMENT_TEAM = 79RY8264V4;
				INFOPLIST_FILE = SaneScanner/Info.plist;
				LD_RUNPATH_SEARCH_PATHS = "$(inherited) @executable_path/Frameworks";
				MARKETING_VERSION = 2.0;
				PRODUCT_BUNDLE_IDENTIFIER = me.syan.SaneScanner;
				PRODUCT_NAME = "$(TARGET_NAME)";
				PROVISIONING_PROFILE = "";
				PROVISIONING_PROFILE_SPECIFIER = "me.syan.SaneScanner AppStore";
				"PROVISIONING_PROFILE_SPECIFIER[sdk=macosx*]" = "me.syan.SaneScanner macOS AppStore";
				SUPPORTS_MACCATALYST = YES;
				SWIFT_ACTIVE_COMPILATION_CONDITIONS = "";
				SWIFT_OBJC_BRIDGING_HEADER = "SaneScanner/SaneScanner-Bridging-Header.h";
			};
			name = Release;
		};
/* End XCBuildConfiguration section */

/* Begin XCConfigurationList section */
		97EDB91F1E4924D40012CB7E /* Build configuration list for PBXNativeTarget "SaneScannerUITests" */ = {
			isa = XCConfigurationList;
			buildConfigurations = (
				97EDB91D1E4924D40012CB7E /* Debug */,
				97EDB91E1E4924D40012CB7E /* Release */,
			);
			defaultConfigurationIsVisible = 0;
			defaultConfigurationName = Release;
		};
		F8CBD2081AF9A58C00B4C221 /* Build configuration list for PBXProject "SaneScanner" */ = {
			isa = XCConfigurationList;
			buildConfigurations = (
				F8CBD22E1AF9A58C00B4C221 /* Debug */,
				F8CBD22F1AF9A58C00B4C221 /* Release */,
			);
			defaultConfigurationIsVisible = 0;
			defaultConfigurationName = Release;
		};
		F8CBD2301AF9A58C00B4C221 /* Build configuration list for PBXNativeTarget "SaneScanner" */ = {
			isa = XCConfigurationList;
			buildConfigurations = (
				F8CBD2311AF9A58C00B4C221 /* Debug */,
				F8CBD2321AF9A58C00B4C221 /* Release */,
			);
			defaultConfigurationIsVisible = 0;
			defaultConfigurationName = Release;
		};
/* End XCConfigurationList section */
	};
	rootObject = F8CBD2051AF9A58C00B4C221 /* Project object */;
}
